{
  "version": 4,
  "terraform_version": "1.3.3",
  "serial": 53,
  "lineage": "a846f8da-d804-95b3-2fc5-5607d1ebd99c",
  "outputs": {
    "acc_user_ids": {
      "value": {
        "abbas@bhlab.local": "abbas@bhlab.local",
        "alivia@bhlab.local": "alivia@bhlab.local",
        "alvin@bhlab.local": "alvin@bhlab.local",
        "ana@bhlab.local": "ana@bhlab.local",
        "arnold@bhlab.local": "arnold@bhlab.local",
        "ben@bhlab.local": "ben@bhlab.local",
        "billy@bhlab.local": "billy@bhlab.local",
        "cleo@bhlab.local": "cleo@bhlab.local",
        "dean@bhlab.local": "dean@bhlab.local",
        "elin@bhlab.local": "elin@bhlab.local",
        "elisha@bhlab.local": "elisha@bhlab.local",
        "ella-louise@bhlab.local": "ella-louise@bhlab.local",
        "emily@bhlab.local": "emily@bhlab.local",
        "flora@bhlab.local": "flora@bhlab.local",
        "gavin@bhlab.local": "gavin@bhlab.local",
        "gerard@bhlab.local": "gerard@bhlab.local",
        "gertrude@bhlab.local": "gertrude@bhlab.local",
        "hazel@bhlab.local": "hazel@bhlab.local",
        "ibrahim@bhlab.local": "ibrahim@bhlab.local",
        "isobel@bhlab.local": "isobel@bhlab.local",
        "jaydon@bhlab.local": "jaydon@bhlab.local",
        "jeremy@bhlab.local": "jeremy@bhlab.local",
        "juanita@bhlab.local": "juanita@bhlab.local",
        "kristen@bhlab.local": "kristen@bhlab.local",
        "levi@bhlab.local": "levi@bhlab.local",
        "maia@bhlab.local": "maia@bhlab.local",
        "marcel@bhlab.local": "marcel@bhlab.local",
        "marcus@bhlab.local": "marcus@bhlab.local",
        "milly@bhlab.local": "milly@bhlab.local",
        "muhammed@bhlab.local": "muhammed@bhlab.local",
        "nabil@bhlab.local": "nabil@bhlab.local",
        "norma@bhlab.local": "norma@bhlab.local",
        "otto@bhlab.local": "otto@bhlab.local",
        "pamela@bhlab.local": "pamela@bhlab.local",
        "robert@bhlab.local": "robert@bhlab.local",
        "rohan@bhlab.local": "rohan@bhlab.local",
        "roxanne@bhlab.local": "roxanne@bhlab.local",
        "ruben@bhlab.local": "ruben@bhlab.local",
        "saad@bhlab.local": "saad@bhlab.local",
        "sadia@bhlab.local": "sadia@bhlab.local",
        "samuel@bhlab.local": "samuel@bhlab.local",
        "shannon@bhlab.local": "shannon@bhlab.local",
        "sydney@bhlab.local": "sydney@bhlab.local",
        "szymon@bhlab.local": "szymon@bhlab.local",
        "tasneem@bhlab.local": "tasneem@bhlab.local",
        "taya@bhlab.local": "taya@bhlab.local",
        "tegan@bhlab.local": "tegan@bhlab.local",
        "theo@bhlab.local": "theo@bhlab.local",
        "trey@bhlab.local": "trey@bhlab.local",
        "zakariya@bhlab.local": "zakariya@bhlab.local"
      },
      "type": [
        "map",
        "string"
      ]
    }
  },
  "resources": [
    {
      "mode": "managed",
      "type": "prismacloud_user_profile",
      "name": "example",
      "provider": "provider[\"registry.terraform.io/paloaltonetworks/prismacloud\"]",
      "instances": [
        {
          "index_key": "abbas@bhlab.local",
          "schema_version": 0,
          "attributes": {
            "access_key_expiration": null,
            "access_key_id": "",
            "access_key_name": null,
            "access_keys_allowed": false,
            "access_keys_count": 0,
            "account_type": "USER_ACCOUNT",
            "default_role_id": "62a6c554-1b0d-4147-9643-e72e2500cff6",
            "display_name": "Abbas Waters",
            "email": "abbas@bhlab.local",
            "enable_key_expiration": false,
            "enabled": true,
            "first_name": "Abbas",
            "id": "abbas@bhlab.local",
            "last_login_ts": -1,
            "last_modified_by": "bhlab-api-test",
            "last_modified_ts": 1674930385324,
            "last_name": "Waters",
            "profile_id": "abbas@bhlab.local",
            "role_ids": [
              "62a6c554-1b0d-4147-9643-e72e2500cff6"
            ],
            "roles": [
              {
                "name": "role_abbas",
                "only_allow_ci_access": false,
                "only_allow_compute_access": false,
                "only_allow_read_access": true,
                "role_id": "62a6c554-1b0d-4147-9643-e72e2500cff6",
                "role_type": "Account Group Read Only"
              }
            ],
            "secret_key": "",
            "time_zone": "America/Los_Angeles",
            "username": "abbas@bhlab.local"
          },
          "sensitive_attributes": [],
          "private": "bnVsbA=="
        },
        {
          "index_key": "alivia@bhlab.local",
          "schema_version": 0,
          "attributes": {
            "access_key_expiration": null,
            "access_key_id": "",
            "access_key_name": null,
            "access_keys_allowed": false,
            "access_keys_count": 0,
            "account_type": "USER_ACCOUNT",
            "default_role_id": "320ed251-1371-4129-a18f-9248f4390c59",
            "display_name": "Alivia Haney",
            "email": "alivia@bhlab.local",
            "enable_key_expiration": false,
            "enabled": true,
            "first_name": "Alivia",
            "id": "alivia@bhlab.local",
            "last_login_ts": -1,
            "last_modified_by": "bhlab-api-test",
            "last_modified_ts": 1674930399967,
            "last_name": "Haney",
            "profile_id": "alivia@bhlab.local",
            "role_ids": [
              "320ed251-1371-4129-a18f-9248f4390c59"
            ],
            "roles": [
              {
                "name": "role_alivia",
                "only_allow_ci_access": false,
                "only_allow_compute_access": false,
                "only_allow_read_access": true,
                "role_id": "320ed251-1371-4129-a18f-9248f4390c59",
                "role_type": "Account Group Read Only"
              }
            ],
            "secret_key": "",
            "time_zone": "America/Los_Angeles",
            "username": "alivia@bhlab.local"
          },
          "sensitive_attributes": [],
          "private": "bnVsbA=="
        },
        {
          "index_key": "alvin@bhlab.local",
          "schema_version": 0,
          "attributes": {
            "access_key_expiration": null,
            "access_key_id": "",
            "access_key_name": null,
            "access_keys_allowed": false,
            "access_keys_count": 0,
            "account_type": "USER_ACCOUNT",
            "default_role_id": "bf00f024-e7d5-443b-a00b-2c333dc739fa",
            "display_name": "Alvin Walls",
            "email": "alvin@bhlab.local",
            "enable_key_expiration": false,
            "enabled": true,
            "first_name": "Alvin",
            "id": "alvin@bhlab.local",
            "last_login_ts": -1,
            "last_modified_by": "bhlab-api-test",
            "last_modified_ts": 1674930386934,
            "last_name": "Walls",
            "profile_id": "alvin@bhlab.local",
            "role_ids": [
              "bf00f024-e7d5-443b-a00b-2c333dc739fa"
            ],
            "roles": [
              {
                "name": "role_alvin",
                "only_allow_ci_access": false,
                "only_allow_compute_access": false,
                "only_allow_read_access": true,
                "role_id": "bf00f024-e7d5-443b-a00b-2c333dc739fa",
                "role_type": "Account Group Read Only"
              }
            ],
            "secret_key": "",
            "time_zone": "America/Los_Angeles",
            "username": "alvin@bhlab.local"
          },
          "sensitive_attributes": [],
          "private": "bnVsbA=="
        },
        {
          "index_key": "ana@bhlab.local",
          "schema_version": 0,
          "attributes": {
            "access_key_expiration": null,
            "access_key_id": "",
            "access_key_name": null,
            "access_keys_allowed": false,
            "access_keys_count": 0,
            "account_type": "USER_ACCOUNT",
            "default_role_id": "cb179e15-1835-4ab1-b786-e451d7dad708",
            "display_name": "Ana Fitzgerald",
            "email": "ana@bhlab.local",
            "enable_key_expiration": false,
            "enabled": true,
            "first_name": "Ana",
            "id": "ana@bhlab.local",
            "last_login_ts": -1,
            "last_modified_by": "bhlab-api-test",
            "last_modified_ts": 1674930399035,
            "last_name": "Fitzgerald",
            "profile_id": "ana@bhlab.local",
            "role_ids": [
              "cb179e15-1835-4ab1-b786-e451d7dad708"
            ],
            "roles": [
              {
                "name": "role_ana",
                "only_allow_ci_access": false,
                "only_allow_compute_access": false,
                "only_allow_read_access": true,
                "role_id": "cb179e15-1835-4ab1-b786-e451d7dad708",
                "role_type": "Account Group Read Only"
              }
            ],
            "secret_key": "",
            "time_zone": "America/Los_Angeles",
            "username": "ana@bhlab.local"
          },
          "sensitive_attributes": [],
          "private": "bnVsbA=="
        },
        {
          "index_key": "arnold@bhlab.local",
          "schema_version": 0,
          "attributes": {
            "access_key_expiration": null,
            "access_key_id": "",
            "access_key_name": null,
            "access_keys_allowed": false,
            "access_keys_count": 0,
            "account_type": "USER_ACCOUNT",
            "default_role_id": "6ed92966-0e1e-450d-8536-363c22a54ebf",
            "display_name": "Arnold Burke",
            "email": "arnold@bhlab.local",
            "enable_key_expiration": false,
            "enabled": true,
            "first_name": "Arnold",
            "id": "arnold@bhlab.local",
            "last_login_ts": -1,
            "last_modified_by": "bhlab-api-test",
            "last_modified_ts": 1674930395558,
            "last_name": "Burke",
            "profile_id": "arnold@bhlab.local",
            "role_ids": [
              "6ed92966-0e1e-450d-8536-363c22a54ebf"
            ],
            "roles": [
              {
                "name": "role_arnold",
                "only_allow_ci_access": false,
                "only_allow_compute_access": false,
                "only_allow_read_access": true,
                "role_id": "6ed92966-0e1e-450d-8536-363c22a54ebf",
                "role_type": "Account Group Read Only"
              }
            ],
            "secret_key": "",
            "time_zone": "America/Los_Angeles",
            "username": "arnold@bhlab.local"
          },
          "sensitive_attributes": [],
          "private": "bnVsbA=="
        },
        {
          "index_key": "ben@bhlab.local",
          "schema_version": 0,
          "attributes": {
            "access_key_expiration": null,
            "access_key_id": "",
            "access_key_name": null,
            "access_keys_allowed": false,
            "access_keys_count": 0,
            "account_type": "USER_ACCOUNT",
            "default_role_id": "6aee3023-6ba2-408d-afec-0d8ac95d78e4",
            "display_name": "Ben Bonilla",
            "email": "ben@bhlab.local",
            "enable_key_expiration": false,
            "enabled": true,
            "first_name": "Ben",
            "id": "ben@bhlab.local",
            "last_login_ts": -1,
            "last_modified_by": "bhlab-api-test",
            "last_modified_ts": 1674930386767,
            "last_name": "Bonilla",
            "profile_id": "ben@bhlab.local",
            "role_ids": [
              "6aee3023-6ba2-408d-afec-0d8ac95d78e4"
            ],
            "roles": [
              {
                "name": "role_ben",
                "only_allow_ci_access": false,
                "only_allow_compute_access": false,
                "only_allow_read_access": true,
                "role_id": "6aee3023-6ba2-408d-afec-0d8ac95d78e4",
                "role_type": "Account Group Read Only"
              }
            ],
            "secret_key": "",
            "time_zone": "America/Los_Angeles",
            "username": "ben@bhlab.local"
          },
          "sensitive_attributes": [],
          "private": "bnVsbA=="
        },
        {
          "index_key": "billy@bhlab.local",
          "schema_version": 0,
          "attributes": {
            "access_key_expiration": null,
            "access_key_id": "",
            "access_key_name": null,
            "access_keys_allowed": false,
            "access_keys_count": 0,
            "account_type": "USER_ACCOUNT",
            "default_role_id": "a28582ee-c3e1-4474-95aa-bdd7317f6d7e",
            "display_name": "Billy Stone",
            "email": "billy@bhlab.local",
            "enable_key_expiration": false,
            "enabled": true,
            "first_name": "Billy",
            "id": "billy@bhlab.local",
            "last_login_ts": -1,
            "last_modified_by": "bhlab-api-test",
            "last_modified_ts": 1674930391808,
            "last_name": "Stone",
            "profile_id": "billy@bhlab.local",
            "role_ids": [
              "a28582ee-c3e1-4474-95aa-bdd7317f6d7e"
            ],
            "roles": [
              {
                "name": "role_billy",
                "only_allow_ci_access": false,
                "only_allow_compute_access": false,
                "only_allow_read_access": true,
                "role_id": "a28582ee-c3e1-4474-95aa-bdd7317f6d7e",
                "role_type": "Account Group Read Only"
              }
            ],
            "secret_key": "",
            "time_zone": "America/Los_Angeles",
            "username": "billy@bhlab.local"
          },
          "sensitive_attributes": [],
          "private": "bnVsbA=="
        },
        {
          "index_key": "cleo@bhlab.local",
          "schema_version": 0,
          "attributes": {
            "access_key_expiration": null,
            "access_key_id": "",
            "access_key_name": null,
            "access_keys_allowed": false,
            "access_keys_count": 0,
            "account_type": "USER_ACCOUNT",
            "default_role_id": "8dad4564-6c63-4227-8e50-be1594997d02",
            "display_name": "Cleo Phillips",
            "email": "cleo@bhlab.local",
            "enable_key_expiration": false,
            "enabled": true,
            "first_name": "Cleo",
            "id": "cleo@bhlab.local",
            "last_login_ts": -1,
            "last_modified_by": "bhlab-api-test",
            "last_modified_ts": 1674930389176,
            "last_name": "Phillips",
            "profile_id": "cleo@bhlab.local",
            "role_ids": [
              "8dad4564-6c63-4227-8e50-be1594997d02"
            ],
            "roles": [
              {
                "name": "role_cleo",
                "only_allow_ci_access": false,
                "only_allow_compute_access": false,
                "only_allow_read_access": true,
                "role_id": "8dad4564-6c63-4227-8e50-be1594997d02",
                "role_type": "Account Group Read Only"
              }
            ],
            "secret_key": "",
            "time_zone": "America/Los_Angeles",
            "username": "cleo@bhlab.local"
          },
          "sensitive_attributes": [],
          "private": "bnVsbA=="
        },
        {
          "index_key": "dean@bhlab.local",
          "schema_version": 0,
          "attributes": {
            "access_key_expiration": null,
            "access_key_id": "",
            "access_key_name": null,
            "access_keys_allowed": false,
            "access_keys_count": 0,
            "account_type": "USER_ACCOUNT",
            "default_role_id": "871c5f89-cf79-4f2a-931f-15baae7ac694",
            "display_name": "Dean Anthony",
            "email": "dean@bhlab.local",
            "enable_key_expiration": false,
            "enabled": true,
            "first_name": "Dean",
            "id": "dean@bhlab.local",
            "last_login_ts": -1,
            "last_modified_by": "bhlab-api-test",
            "last_modified_ts": 1674930384929,
            "last_name": "Anthony",
            "profile_id": "dean@bhlab.local",
            "role_ids": [
              "871c5f89-cf79-4f2a-931f-15baae7ac694"
            ],
            "roles": [
              {
                "name": "role_dean",
                "only_allow_ci_access": false,
                "only_allow_compute_access": false,
                "only_allow_read_access": true,
                "role_id": "871c5f89-cf79-4f2a-931f-15baae7ac694",
                "role_type": "Account Group Read Only"
              }
            ],
            "secret_key": "",
            "time_zone": "America/Los_Angeles",
            "username": "dean@bhlab.local"
          },
          "sensitive_attributes": [],
          "private": "bnVsbA=="
        },
        {
          "index_key": "elin@bhlab.local",
          "schema_version": 0,
          "attributes": {
            "access_key_expiration": null,
            "access_key_id": "",
            "access_key_name": null,
            "access_keys_allowed": false,
            "access_keys_count": 0,
            "account_type": "USER_ACCOUNT",
            "default_role_id": "6c5834ac-2a41-433a-aa3d-74a4c4a18389",
            "display_name": "Elin Black",
            "email": "elin@bhlab.local",
            "enable_key_expiration": false,
            "enabled": true,
            "first_name": "Elin",
            "id": "elin@bhlab.local",
            "last_login_ts": -1,
            "last_modified_by": "bhlab-api-test",
            "last_modified_ts": 1674930377651,
            "last_name": "Black",
            "profile_id": "elin@bhlab.local",
            "role_ids": [
              "6c5834ac-2a41-433a-aa3d-74a4c4a18389"
            ],
            "roles": [
              {
                "name": "role_elin",
                "only_allow_ci_access": false,
                "only_allow_compute_access": false,
                "only_allow_read_access": true,
                "role_id": "6c5834ac-2a41-433a-aa3d-74a4c4a18389",
                "role_type": "Account Group Read Only"
              }
            ],
            "secret_key": "",
            "time_zone": "America/Los_Angeles",
            "username": "elin@bhlab.local"
          },
          "sensitive_attributes": [],
          "private": "bnVsbA=="
        },
        {
          "index_key": "elisha@bhlab.local",
          "schema_version": 0,
          "attributes": {
            "access_key_expiration": null,
            "access_key_id": "",
            "access_key_name": null,
            "access_keys_allowed": false,
            "access_keys_count": 0,
            "account_type": "USER_ACCOUNT",
            "default_role_id": "44fa9513-88e3-437f-8e6b-e2e592b3607a",
            "display_name": "Elisha Mcdonald",
            "email": "elisha@bhlab.local",
            "enable_key_expiration": false,
            "enabled": true,
            "first_name": "Elisha",
            "id": "elisha@bhlab.local",
            "last_login_ts": -1,
            "last_modified_by": "bhlab-api-test",
            "last_modified_ts": 1674930402544,
            "last_name": "Mcdonald",
            "profile_id": "elisha@bhlab.local",
            "role_ids": [
              "44fa9513-88e3-437f-8e6b-e2e592b3607a"
            ],
            "roles": [
              {
                "name": "role_elisha",
                "only_allow_ci_access": false,
                "only_allow_compute_access": false,
                "only_allow_read_access": true,
                "role_id": "44fa9513-88e3-437f-8e6b-e2e592b3607a",
                "role_type": "Account Group Read Only"
              }
            ],
            "secret_key": "",
            "time_zone": "America/Los_Angeles",
            "username": "elisha@bhlab.local"
          },
          "sensitive_attributes": [],
          "private": "bnVsbA=="
        },
        {
          "index_key": "ella-louise@bhlab.local",
          "schema_version": 0,
          "attributes": {
            "access_key_expiration": null,
            "access_key_id": "",
            "access_key_name": null,
            "access_keys_allowed": false,
            "access_keys_count": 0,
            "account_type": "USER_ACCOUNT",
            "default_role_id": "86ec89d8-dd01-4ee1-b6a5-7236f6249e0f",
            "display_name": "Ella-Louise Hawkins",
            "email": "ella-louise@bhlab.local",
            "enable_key_expiration": false,
            "enabled": true,
            "first_name": "Ella-Louise",
            "id": "ella-louise@bhlab.local",
            "last_login_ts": -1,
            "last_modified_by": "bhlab-api-test",
            "last_modified_ts": 1674930402024,
            "last_name": "Hawkins",
            "profile_id": "ella-louise@bhlab.local",
            "role_ids": [
              "86ec89d8-dd01-4ee1-b6a5-7236f6249e0f"
            ],
            "roles": [
              {
                "name": "role_ella_louise",
                "only_allow_ci_access": false,
                "only_allow_compute_access": false,
                "only_allow_read_access": true,
                "role_id": "86ec89d8-dd01-4ee1-b6a5-7236f6249e0f",
                "role_type": "Account Group Read Only"
              }
            ],
            "secret_key": "",
            "time_zone": "America/Los_Angeles",
            "username": "ella-louise@bhlab.local"
          },
          "sensitive_attributes": [],
          "private": "bnVsbA=="
        },
        {
          "index_key": "emily@bhlab.local",
          "schema_version": 0,
          "attributes": {
            "access_key_expiration": null,
            "access_key_id": "",
            "access_key_name": null,
            "access_keys_allowed": false,
            "access_keys_count": 0,
            "account_type": "USER_ACCOUNT",
            "default_role_id": "eba062f7-b6a5-469e-b48b-b6da0558f3a9",
            "display_name": "Emily Crane",
            "email": "emily@bhlab.local",
            "enable_key_expiration": false,
            "enabled": true,
            "first_name": "Emily",
            "id": "emily@bhlab.local",
            "last_login_ts": -1,
            "last_modified_by": "bhlab-api-test",
            "last_modified_ts": 1674930402859,
            "last_name": "Crane",
            "profile_id": "emily@bhlab.local",
            "role_ids": [
              "eba062f7-b6a5-469e-b48b-b6da0558f3a9"
            ],
            "roles": [
              {
                "name": "role_emily",
                "only_allow_ci_access": false,
                "only_allow_compute_access": false,
                "only_allow_read_access": true,
                "role_id": "eba062f7-b6a5-469e-b48b-b6da0558f3a9",
                "role_type": "Account Group Read Only"
              }
            ],
            "secret_key": "",
            "time_zone": "America/Los_Angeles",
            "username": "emily@bhlab.local"
          },
          "sensitive_attributes": [],
          "private": "bnVsbA=="
        },
        {
          "index_key": "flora@bhlab.local",
          "schema_version": 0,
          "attributes": {
            "access_key_expiration": null,
            "access_key_id": "",
            "access_key_name": null,
            "access_keys_allowed": false,
            "access_keys_count": 0,
            "account_type": "USER_ACCOUNT",
            "default_role_id": "f8c78a1b-81a1-471d-9f05-da519ff970d5",
            "display_name": "Flora Raymond",
            "email": "flora@bhlab.local",
            "enable_key_expiration": false,
            "enabled": true,
            "first_name": "Flora",
            "id": "flora@bhlab.local",
            "last_login_ts": -1,
            "last_modified_by": "bhlab-api-test",
            "last_modified_ts": 1674930377697,
            "last_name": "Raymond",
            "profile_id": "flora@bhlab.local",
            "role_ids": [
              "f8c78a1b-81a1-471d-9f05-da519ff970d5"
            ],
            "roles": [
              {
                "name": "role_flora",
                "only_allow_ci_access": false,
                "only_allow_compute_access": false,
                "only_allow_read_access": true,
                "role_id": "f8c78a1b-81a1-471d-9f05-da519ff970d5",
                "role_type": "Account Group Read Only"
              }
            ],
            "secret_key": "",
            "time_zone": "America/Los_Angeles",
            "username": "flora@bhlab.local"
          },
          "sensitive_attributes": [],
          "private": "bnVsbA=="
        },
        {
          "index_key": "gavin@bhlab.local",
          "schema_version": 0,
          "attributes": {
            "access_key_expiration": null,
            "access_key_id": "",
            "access_key_name": null,
            "access_keys_allowed": false,
            "access_keys_count": 0,
            "account_type": "USER_ACCOUNT",
            "default_role_id": "464c3ba7-8a7a-4d2d-a512-5e94704dd268",
            "display_name": "Gavin Crosby",
            "email": "gavin@bhlab.local",
            "enable_key_expiration": false,
            "enabled": true,
            "first_name": "Gavin",
            "id": "gavin@bhlab.local",
            "last_login_ts": -1,
            "last_modified_by": "bhlab-api-test",
            "last_modified_ts": 1674930396384,
            "last_name": "Crosby",
            "profile_id": "gavin@bhlab.local",
            "role_ids": [
              "464c3ba7-8a7a-4d2d-a512-5e94704dd268"
            ],
            "roles": [
              {
                "name": "role_gavin",
                "only_allow_ci_access": false,
                "only_allow_compute_access": false,
                "only_allow_read_access": true,
                "role_id": "464c3ba7-8a7a-4d2d-a512-5e94704dd268",
                "role_type": "Account Group Read Only"
              }
            ],
            "secret_key": "",
            "time_zone": "America/Los_Angeles",
            "username": "gavin@bhlab.local"
          },
          "sensitive_attributes": [],
          "private": "bnVsbA=="
        },
        {
          "index_key": "gerard@bhlab.local",
          "schema_version": 0,
          "attributes": {
            "access_key_expiration": null,
            "access_key_id": "",
            "access_key_name": null,
            "access_keys_allowed": false,
            "access_keys_count": 0,
            "account_type": "USER_ACCOUNT",
            "default_role_id": "5d238852-9700-41a0-9ddc-3a8f4c622cd3",
            "display_name": "Gerard Hickman",
            "email": "gerard@bhlab.local",
            "enable_key_expiration": false,
            "enabled": true,
            "first_name": "Gerard",
            "id": "gerard@bhlab.local",
            "last_login_ts": -1,
            "last_modified_by": "bhlab-api-test",
            "last_modified_ts": 1674930389123,
            "last_name": "Hickman",
            "profile_id": "gerard@bhlab.local",
            "role_ids": [
              "5d238852-9700-41a0-9ddc-3a8f4c622cd3"
            ],
            "roles": [
              {
                "name": "role_gerard",
                "only_allow_ci_access": false,
                "only_allow_compute_access": false,
                "only_allow_read_access": true,
                "role_id": "5d238852-9700-41a0-9ddc-3a8f4c622cd3",
                "role_type": "Account Group Read Only"
              }
            ],
            "secret_key": "",
            "time_zone": "America/Los_Angeles",
            "username": "gerard@bhlab.local"
          },
          "sensitive_attributes": [],
          "private": "bnVsbA=="
        },
        {
          "index_key": "gertrude@bhlab.local",
          "schema_version": 0,
          "attributes": {
            "access_key_expiration": null,
            "access_key_id": "",
            "access_key_name": null,
            "access_keys_allowed": false,
            "access_keys_count": 0,
            "account_type": "USER_ACCOUNT",
            "default_role_id": "289dcab2-aa19-4315-8d3d-d6342278e21b",
            "display_name": "Gertrude Houston",
            "email": "gertrude@bhlab.local",
            "enable_key_expiration": false,
            "enabled": true,
            "first_name": "Gertrude",
            "id": "gertrude@bhlab.local",
            "last_login_ts": -1,
            "last_modified_by": "bhlab-api-test",
            "last_modified_ts": 1674930377737,
            "last_name": "Houston",
            "profile_id": "gertrude@bhlab.local",
            "role_ids": [
              "289dcab2-aa19-4315-8d3d-d6342278e21b"
            ],
            "roles": [
              {
                "name": "role_gertrude",
                "only_allow_ci_access": false,
                "only_allow_compute_access": false,
                "only_allow_read_access": true,
                "role_id": "289dcab2-aa19-4315-8d3d-d6342278e21b",
                "role_type": "Account Group Read Only"
              }
            ],
            "secret_key": "",
            "time_zone": "America/Los_Angeles",
            "username": "gertrude@bhlab.local"
          },
          "sensitive_attributes": [],
          "private": "bnVsbA=="
        },
        {
          "index_key": "hazel@bhlab.local",
          "schema_version": 0,
          "attributes": {
            "access_key_expiration": null,
            "access_key_id": "",
            "access_key_name": null,
            "access_keys_allowed": false,
            "access_keys_count": 0,
            "account_type": "USER_ACCOUNT",
            "default_role_id": "b27e54a8-ec47-4e8a-97c6-c073d1c77166",
            "display_name": "Hazel Bentley",
            "email": "hazel@bhlab.local",
            "enable_key_expiration": false,
            "enabled": true,
            "first_name": "Hazel",
            "id": "hazel@bhlab.local",
            "last_login_ts": -1,
            "last_modified_by": "bhlab-api-test",
            "last_modified_ts": 1674930376963,
            "last_name": "Bentley",
            "profile_id": "hazel@bhlab.local",
            "role_ids": [
              "b27e54a8-ec47-4e8a-97c6-c073d1c77166"
            ],
            "roles": [
              {
                "name": "role_hazel",
                "only_allow_ci_access": false,
                "only_allow_compute_access": false,
                "only_allow_read_access": true,
                "role_id": "b27e54a8-ec47-4e8a-97c6-c073d1c77166",
                "role_type": "Account Group Read Only"
              }
            ],
            "secret_key": "",
            "time_zone": "America/Los_Angeles",
            "username": "hazel@bhlab.local"
          },
          "sensitive_attributes": [],
          "private": "bnVsbA=="
        },
        {
          "index_key": "ibrahim@bhlab.local",
          "schema_version": 0,
          "attributes": {
            "access_key_expiration": null,
            "access_key_id": "",
            "access_key_name": null,
            "access_keys_allowed": false,
            "access_keys_count": 0,
            "account_type": "USER_ACCOUNT",
            "default_role_id": "9e5e0671-b6c4-412a-932c-8146d4540730",
            "display_name": "Ibrahim John",
            "email": "ibrahim@bhlab.local",
            "enable_key_expiration": false,
            "enabled": true,
            "first_name": "Ibrahim",
            "id": "ibrahim@bhlab.local",
            "last_login_ts": -1,
            "last_modified_by": "bhlab-api-test",
            "last_modified_ts": 1674930386961,
            "last_name": "John",
            "profile_id": "ibrahim@bhlab.local",
            "role_ids": [
              "9e5e0671-b6c4-412a-932c-8146d4540730"
            ],
            "roles": [
              {
                "name": "role_ibrahim",
                "only_allow_ci_access": false,
                "only_allow_compute_access": false,
                "only_allow_read_access": true,
                "role_id": "9e5e0671-b6c4-412a-932c-8146d4540730",
                "role_type": "Account Group Read Only"
              }
            ],
            "secret_key": "",
            "time_zone": "America/Los_Angeles",
            "username": "ibrahim@bhlab.local"
          },
          "sensitive_attributes": [],
          "private": "bnVsbA=="
        },
        {
          "index_key": "isobel@bhlab.local",
          "schema_version": 0,
          "attributes": {
            "access_key_expiration": null,
            "access_key_id": "",
            "access_key_name": null,
            "access_keys_allowed": false,
            "access_keys_count": 0,
            "account_type": "USER_ACCOUNT",
            "default_role_id": "c8c515ec-f981-4775-8263-13111bff7b7d",
            "display_name": "Isobel Franco",
            "email": "isobel@bhlab.local",
            "enable_key_expiration": false,
            "enabled": true,
            "first_name": "Isobel",
            "id": "isobel@bhlab.local",
            "last_login_ts": -1,
            "last_modified_by": "bhlab-api-test",
            "last_modified_ts": 1674930389702,
            "last_name": "Franco",
            "profile_id": "isobel@bhlab.local",
            "role_ids": [
              "c8c515ec-f981-4775-8263-13111bff7b7d"
            ],
            "roles": [
              {
                "name": "role_isobel",
                "only_allow_ci_access": false,
                "only_allow_compute_access": false,
                "only_allow_read_access": true,
                "role_id": "c8c515ec-f981-4775-8263-13111bff7b7d",
                "role_type": "Account Group Read Only"
              }
            ],
            "secret_key": "",
            "time_zone": "America/Los_Angeles",
            "username": "isobel@bhlab.local"
          },
          "sensitive_attributes": [],
          "private": "bnVsbA=="
        },
        {
          "index_key": "jaydon@bhlab.local",
          "schema_version": 0,
          "attributes": {
            "access_key_expiration": null,
            "access_key_id": "",
            "access_key_name": null,
            "access_keys_allowed": false,
            "access_keys_count": 0,
            "account_type": "USER_ACCOUNT",
            "default_role_id": "be5ba3f5-27ec-429e-ae4d-db1fa09b305e",
            "display_name": "Jaydon Joseph",
            "email": "jaydon@bhlab.local",
            "enable_key_expiration": false,
            "enabled": true,
            "first_name": "Jaydon",
            "id": "jaydon@bhlab.local",
            "last_login_ts": -1,
            "last_modified_by": "bhlab-api-test",
            "last_modified_ts": 1674930392446,
            "last_name": "Joseph",
            "profile_id": "jaydon@bhlab.local",
            "role_ids": [
              "be5ba3f5-27ec-429e-ae4d-db1fa09b305e"
            ],
            "roles": [
              {
                "name": "role_jaydon",
                "only_allow_ci_access": false,
                "only_allow_compute_access": false,
                "only_allow_read_access": true,
                "role_id": "be5ba3f5-27ec-429e-ae4d-db1fa09b305e",
                "role_type": "Account Group Read Only"
              }
            ],
            "secret_key": "",
            "time_zone": "America/Los_Angeles",
            "username": "jaydon@bhlab.local"
          },
          "sensitive_attributes": [],
          "private": "bnVsbA=="
        },
        {
          "index_key": "jeremy@bhlab.local",
          "schema_version": 0,
          "attributes": {
            "access_key_expiration": null,
            "access_key_id": "",
            "access_key_name": null,
            "access_keys_allowed": false,
            "access_keys_count": 0,
            "account_type": "USER_ACCOUNT",
            "default_role_id": "dfebb852-9ef2-4829-837c-b29d92e652d5",
            "display_name": "Jeremy Collier",
            "email": "jeremy@bhlab.local",
            "enable_key_expiration": false,
            "enabled": true,
            "first_name": "Jeremy",
            "id": "jeremy@bhlab.local",
            "last_login_ts": -1,
            "last_modified_by": "bhlab-api-test",
            "last_modified_ts": 1674930394626,
            "last_name": "Collier",
            "profile_id": "jeremy@bhlab.local",
            "role_ids": [
              "dfebb852-9ef2-4829-837c-b29d92e652d5"
            ],
            "roles": [
              {
                "name": "role_jeremy",
                "only_allow_ci_access": false,
                "only_allow_compute_access": false,
                "only_allow_read_access": true,
                "role_id": "dfebb852-9ef2-4829-837c-b29d92e652d5",
                "role_type": "Account Group Read Only"
              }
            ],
            "secret_key": "",
            "time_zone": "America/Los_Angeles",
            "username": "jeremy@bhlab.local"
          },
          "sensitive_attributes": [],
          "private": "bnVsbA=="
        },
        {
          "index_key": "juanita@bhlab.local",
          "schema_version": 0,
          "attributes": {
            "access_key_expiration": null,
            "access_key_id": "",
            "access_key_name": null,
            "access_keys_allowed": false,
            "access_keys_count": 0,
            "account_type": "USER_ACCOUNT",
            "default_role_id": "2517f253-03be-4505-a09e-2e483f2c86e6",
            "display_name": "Juanita Cardenas",
            "email": "juanita@bhlab.local",
            "enable_key_expiration": false,
            "enabled": true,
            "first_name": "Juanita",
            "id": "juanita@bhlab.local",
            "last_login_ts": -1,
            "last_modified_by": "bhlab-api-test",
            "last_modified_ts": 1674930384386,
            "last_name": "Cardenas",
            "profile_id": "juanita@bhlab.local",
            "role_ids": [
              "2517f253-03be-4505-a09e-2e483f2c86e6"
            ],
            "roles": [
              {
                "name": "role_juanita",
                "only_allow_ci_access": false,
                "only_allow_compute_access": false,
                "only_allow_read_access": true,
                "role_id": "2517f253-03be-4505-a09e-2e483f2c86e6",
                "role_type": "Account Group Read Only"
              }
            ],
            "secret_key": "",
            "time_zone": "America/Los_Angeles",
            "username": "juanita@bhlab.local"
          },
          "sensitive_attributes": [],
          "private": "bnVsbA=="
        },
        {
          "index_key": "kristen@bhlab.local",
          "schema_version": 0,
          "attributes": {
            "access_key_expiration": null,
            "access_key_id": "",
            "access_key_name": null,
            "access_keys_allowed": false,
            "access_keys_count": 0,
            "account_type": "USER_ACCOUNT",
            "default_role_id": "ca94dfeb-1a22-42d2-a6cf-871064d4670f",
            "display_name": "Kristen Levine",
            "email": "kristen@bhlab.local",
            "enable_key_expiration": false,
            "enabled": true,
            "first_name": "Kristen",
            "id": "kristen@bhlab.local",
            "last_login_ts": -1,
            "last_modified_by": "bhlab-api-test",
            "last_modified_ts": 1674930393894,
            "last_name": "Levine",
            "profile_id": "kristen@bhlab.local",
            "role_ids": [
              "ca94dfeb-1a22-42d2-a6cf-871064d4670f"
            ],
            "roles": [
              {
                "name": "role_kristen",
                "only_allow_ci_access": false,
                "only_allow_compute_access": false,
                "only_allow_read_access": true,
                "role_id": "ca94dfeb-1a22-42d2-a6cf-871064d4670f",
                "role_type": "Account Group Read Only"
              }
            ],
            "secret_key": "",
            "time_zone": "America/Los_Angeles",
            "username": "kristen@bhlab.local"
          },
          "sensitive_attributes": [],
          "private": "bnVsbA=="
        },
        {
          "index_key": "levi@bhlab.local",
          "schema_version": 0,
          "attributes": {
            "access_key_expiration": null,
            "access_key_id": "",
            "access_key_name": null,
            "access_keys_allowed": false,
            "access_keys_count": 0,
            "account_type": "USER_ACCOUNT",
            "default_role_id": "9f5f61e0-99f2-4beb-9f6a-c5c65c18d3ba",
            "display_name": "Levi Bloggs",
            "email": "levi@bhlab.local",
            "enable_key_expiration": false,
            "enabled": true,
            "first_name": "Levi",
            "id": "levi@bhlab.local",
            "last_login_ts": -1,
            "last_modified_by": "bhlab-api-test",
            "last_modified_ts": 1674930401792,
            "last_name": "Bloggs",
            "profile_id": "levi@bhlab.local",
            "role_ids": [
              "9f5f61e0-99f2-4beb-9f6a-c5c65c18d3ba"
            ],
            "roles": [
              {
                "name": "role_levi",
                "only_allow_ci_access": false,
                "only_allow_compute_access": false,
                "only_allow_read_access": true,
                "role_id": "9f5f61e0-99f2-4beb-9f6a-c5c65c18d3ba",
                "role_type": "Account Group Read Only"
              }
            ],
            "secret_key": "",
            "time_zone": "America/Los_Angeles",
            "username": "levi@bhlab.local"
          },
          "sensitive_attributes": [],
          "private": "bnVsbA=="
        },
        {
          "index_key": "maia@bhlab.local",
          "schema_version": 0,
          "attributes": {
            "access_key_expiration": null,
            "access_key_id": "",
            "access_key_name": null,
            "access_keys_allowed": false,
            "access_keys_count": 0,
            "account_type": "USER_ACCOUNT",
            "default_role_id": "215f0ebe-d215-42bc-91d3-4951e3f029b8",
            "display_name": "Maia Klein",
            "email": "maia@bhlab.local",
            "enable_key_expiration": false,
            "enabled": true,
            "first_name": "Maia",
            "id": "maia@bhlab.local",
            "last_login_ts": -1,
            "last_modified_by": "bhlab-api-test",
            "last_modified_ts": 1674930377666,
            "last_name": "Klein",
            "profile_id": "maia@bhlab.local",
            "role_ids": [
              "215f0ebe-d215-42bc-91d3-4951e3f029b8"
            ],
            "roles": [
              {
                "name": "role_maia",
                "only_allow_ci_access": false,
                "only_allow_compute_access": false,
                "only_allow_read_access": true,
                "role_id": "215f0ebe-d215-42bc-91d3-4951e3f029b8",
                "role_type": "Account Group Read Only"
              }
            ],
            "secret_key": "",
            "time_zone": "America/Los_Angeles",
            "username": "maia@bhlab.local"
          },
          "sensitive_attributes": [],
          "private": "bnVsbA=="
        },
        {
          "index_key": "marcel@bhlab.local",
          "schema_version": 0,
          "attributes": {
            "access_key_expiration": null,
            "access_key_id": "",
            "access_key_name": null,
            "access_keys_allowed": false,
            "access_keys_count": 0,
            "account_type": "USER_ACCOUNT",
            "default_role_id": "1d88d85d-17f2-4af2-807a-890b5e98506d",
            "display_name": "Marcel Mccarty",
            "email": "marcel@bhlab.local",
            "enable_key_expiration": false,
            "enabled": true,
            "first_name": "Marcel",
            "id": "marcel@bhlab.local",
            "last_login_ts": -1,
            "last_modified_by": "bhlab-api-test",
            "last_modified_ts": 1674930396745,
            "last_name": "Mccarty",
            "profile_id": "marcel@bhlab.local",
            "role_ids": [
              "1d88d85d-17f2-4af2-807a-890b5e98506d"
            ],
            "roles": [
              {
                "name": "role_marcel",
                "only_allow_ci_access": false,
                "only_allow_compute_access": false,
                "only_allow_read_access": true,
                "role_id": "1d88d85d-17f2-4af2-807a-890b5e98506d",
                "role_type": "Account Group Read Only"
              }
            ],
            "secret_key": "",
            "time_zone": "America/Los_Angeles",
            "username": "marcel@bhlab.local"
          },
          "sensitive_attributes": [],
          "private": "bnVsbA=="
        },
        {
          "index_key": "marcus@bhlab.local",
          "schema_version": 0,
          "attributes": {
            "access_key_expiration": null,
            "access_key_id": "",
            "access_key_name": null,
            "access_keys_allowed": false,
            "access_keys_count": 0,
            "account_type": "USER_ACCOUNT",
            "default_role_id": "9efe1b90-d9e1-4527-90d6-3c28cfee4407",
            "display_name": "Marcus Gonzalez",
            "email": "marcus@bhlab.local",
            "enable_key_expiration": false,
            "enabled": true,
            "first_name": "Marcus",
            "id": "marcus@bhlab.local",
            "last_login_ts": -1,
            "last_modified_by": "bhlab-api-test",
            "last_modified_ts": 1674930382642,
            "last_name": "Gonzalez",
            "profile_id": "marcus@bhlab.local",
            "role_ids": [
              "9efe1b90-d9e1-4527-90d6-3c28cfee4407"
            ],
            "roles": [
              {
                "name": "role_marcus",
                "only_allow_ci_access": false,
                "only_allow_compute_access": false,
                "only_allow_read_access": true,
                "role_id": "9efe1b90-d9e1-4527-90d6-3c28cfee4407",
                "role_type": "Account Group Read Only"
              }
            ],
            "secret_key": "",
            "time_zone": "America/Los_Angeles",
            "username": "marcus@bhlab.local"
          },
          "sensitive_attributes": [],
          "private": "bnVsbA=="
        },
        {
          "index_key": "milly@bhlab.local",
          "schema_version": 0,
          "attributes": {
            "access_key_expiration": null,
            "access_key_id": "",
            "access_key_name": null,
            "access_keys_allowed": false,
            "access_keys_count": 0,
            "account_type": "USER_ACCOUNT",
            "default_role_id": "1090f9ad-4c50-40bc-b8c8-6a615755127c",
            "display_name": "Milly Osborne",
            "email": "milly@bhlab.local",
            "enable_key_expiration": false,
            "enabled": true,
            "first_name": "Milly",
            "id": "milly@bhlab.local",
            "last_login_ts": -1,
            "last_modified_by": "bhlab-api-test",
            "last_modified_ts": 1674930402557,
            "last_name": "Osborne",
            "profile_id": "milly@bhlab.local",
            "role_ids": [
              "1090f9ad-4c50-40bc-b8c8-6a615755127c"
            ],
            "roles": [
              {
                "name": "role_milly",
                "only_allow_ci_access": false,
                "only_allow_compute_access": false,
                "only_allow_read_access": true,
                "role_id": "1090f9ad-4c50-40bc-b8c8-6a615755127c",
                "role_type": "Account Group Read Only"
              }
            ],
            "secret_key": "",
            "time_zone": "America/Los_Angeles",
            "username": "milly@bhlab.local"
          },
          "sensitive_attributes": [],
          "private": "bnVsbA=="
        },
        {
          "index_key": "muhammed@bhlab.local",
          "schema_version": 0,
          "attributes": {
            "access_key_expiration": null,
            "access_key_id": "",
            "access_key_name": null,
            "access_keys_allowed": false,
            "access_keys_count": 0,
            "account_type": "USER_ACCOUNT",
            "default_role_id": "85abf4aa-b3ef-4628-a8f2-863622411457",
            "display_name": "Muhammed Hooper",
            "email": "muhammed@bhlab.local",
            "enable_key_expiration": false,
            "enabled": true,
            "first_name": "Muhammed",
            "id": "muhammed@bhlab.local",
            "last_login_ts": -1,
            "last_modified_by": "bhlab-api-test",
            "last_modified_ts": 1674930399962,
            "last_name": "Hooper",
            "profile_id": "muhammed@bhlab.local",
            "role_ids": [
              "85abf4aa-b3ef-4628-a8f2-863622411457"
            ],
            "roles": [
              {
                "name": "role_muhammed",
                "only_allow_ci_access": false,
                "only_allow_compute_access": false,
                "only_allow_read_access": true,
                "role_id": "85abf4aa-b3ef-4628-a8f2-863622411457",
                "role_type": "Account Group Read Only"
              }
            ],
            "secret_key": "",
            "time_zone": "America/Los_Angeles",
            "username": "muhammed@bhlab.local"
          },
          "sensitive_attributes": [],
          "private": "bnVsbA=="
        },
        {
          "index_key": "nabil@bhlab.local",
          "schema_version": 0,
          "attributes": {
            "access_key_expiration": null,
            "access_key_id": "",
            "access_key_name": null,
            "access_keys_allowed": false,
            "access_keys_count": 0,
            "account_type": "USER_ACCOUNT",
            "default_role_id": "50b6d2a8-e75b-4d3b-9dff-c901560be976",
            "display_name": "Nabil Hansen",
            "email": "nabil@bhlab.local",
            "enable_key_expiration": false,
            "enabled": true,
            "first_name": "Nabil",
            "id": "nabil@bhlab.local",
            "last_login_ts": -1,
            "last_modified_by": "bhlab-api-test",
            "last_modified_ts": 1674930389128,
            "last_name": "Hansen",
            "profile_id": "nabil@bhlab.local",
            "role_ids": [
              "50b6d2a8-e75b-4d3b-9dff-c901560be976"
            ],
            "roles": [
              {
                "name": "role_nabil",
                "only_allow_ci_access": false,
                "only_allow_compute_access": false,
                "only_allow_read_access": true,
                "role_id": "50b6d2a8-e75b-4d3b-9dff-c901560be976",
                "role_type": "Account Group Read Only"
              }
            ],
            "secret_key": "",
            "time_zone": "America/Los_Angeles",
            "username": "nabil@bhlab.local"
          },
          "sensitive_attributes": [],
          "private": "bnVsbA=="
        },
        {
          "index_key": "norma@bhlab.local",
          "schema_version": 0,
          "attributes": {
            "access_key_expiration": null,
            "access_key_id": "",
            "access_key_name": null,
            "access_keys_allowed": false,
            "access_keys_count": 0,
            "account_type": "USER_ACCOUNT",
            "default_role_id": "1372b8d3-941c-467f-ac62-d914d7f88156",
            "display_name": "Norma Craig",
            "email": "norma@bhlab.local",
            "enable_key_expiration": false,
            "enabled": true,
            "first_name": "Norma",
            "id": "norma@bhlab.local",
            "last_login_ts": -1,
            "last_modified_by": "bhlab-api-test",
            "last_modified_ts": 1674930398118,
            "last_name": "Craig",
            "profile_id": "norma@bhlab.local",
            "role_ids": [
              "1372b8d3-941c-467f-ac62-d914d7f88156"
            ],
            "roles": [
              {
                "name": "role_norma",
                "only_allow_ci_access": false,
                "only_allow_compute_access": false,
                "only_allow_read_access": true,
                "role_id": "1372b8d3-941c-467f-ac62-d914d7f88156",
                "role_type": "Account Group Read Only"
              }
            ],
            "secret_key": "",
            "time_zone": "America/Los_Angeles",
            "username": "norma@bhlab.local"
          },
          "sensitive_attributes": [],
          "private": "bnVsbA=="
        },
        {
          "index_key": "otto@bhlab.local",
          "schema_version": 0,
          "attributes": {
            "access_key_expiration": null,
            "access_key_id": "",
            "access_key_name": null,
            "access_keys_allowed": false,
            "access_keys_count": 0,
            "account_type": "USER_ACCOUNT",
            "default_role_id": "ced8ee4b-0f80-4d3b-a537-0074aab9f868",
            "display_name": "Otto Bradley",
            "email": "otto@bhlab.local",
            "enable_key_expiration": false,
            "enabled": true,
            "first_name": "Otto",
            "id": "otto@bhlab.local",
            "last_login_ts": -1,
            "last_modified_by": "bhlab-api-test",
            "last_modified_ts": 1674930385575,
            "last_name": "Bradley",
            "profile_id": "otto@bhlab.local",
            "role_ids": [
              "ced8ee4b-0f80-4d3b-a537-0074aab9f868"
            ],
            "roles": [
              {
                "name": "role_otto",
                "only_allow_ci_access": false,
                "only_allow_compute_access": false,
                "only_allow_read_access": true,
                "role_id": "ced8ee4b-0f80-4d3b-a537-0074aab9f868",
                "role_type": "Account Group Read Only"
              }
            ],
            "secret_key": "",
            "time_zone": "America/Los_Angeles",
            "username": "otto@bhlab.local"
          },
          "sensitive_attributes": [],
          "private": "bnVsbA=="
        },
        {
          "index_key": "pamela@bhlab.local",
          "schema_version": 0,
          "attributes": {
            "access_key_expiration": null,
            "access_key_id": "",
            "access_key_name": null,
            "access_keys_allowed": false,
            "access_keys_count": 0,
            "account_type": "USER_ACCOUNT",
            "default_role_id": "473c430f-8b2f-4a22-86b2-e5e4c8772129",
            "display_name": "Pamela Blaese",
            "email": "pamela@bhlab.local",
            "enable_key_expiration": false,
            "enabled": true,
            "first_name": "Pamela",
            "id": "pamela@bhlab.local",
            "last_login_ts": -1,
            "last_modified_by": "bhlab-api-test",
            "last_modified_ts": 1674930390600,
            "last_name": "Blaese",
            "profile_id": "pamela@bhlab.local",
            "role_ids": [
              "473c430f-8b2f-4a22-86b2-e5e4c8772129"
            ],
            "roles": [
              {
                "name": "role_pamela",
                "only_allow_ci_access": false,
                "only_allow_compute_access": false,
                "only_allow_read_access": true,
                "role_id": "473c430f-8b2f-4a22-86b2-e5e4c8772129",
                "role_type": "Account Group Read Only"
              }
            ],
            "secret_key": "",
            "time_zone": "America/Los_Angeles",
            "username": "pamela@bhlab.local"
          },
          "sensitive_attributes": [],
          "private": "bnVsbA=="
        },
        {
          "index_key": "robert@bhlab.local",
          "schema_version": 0,
          "attributes": {
            "access_key_expiration": null,
            "access_key_id": "",
            "access_key_name": null,
            "access_keys_allowed": false,
            "access_keys_count": 0,
            "account_type": "USER_ACCOUNT",
            "default_role_id": "0b23f179-4881-4f37-b0f0-ad3aa6c56dd2",
            "display_name": "Robert Reed",
            "email": "robert@bhlab.local",
            "enable_key_expiration": false,
            "enabled": true,
            "first_name": "Robert",
            "id": "robert@bhlab.local",
            "last_login_ts": -1,
            "last_modified_by": "bhlab-api-test",
            "last_modified_ts": 1674930382983,
            "last_name": "Reed",
            "profile_id": "robert@bhlab.local",
            "role_ids": [
              "0b23f179-4881-4f37-b0f0-ad3aa6c56dd2"
            ],
            "roles": [
              {
                "name": "role_robert",
                "only_allow_ci_access": false,
                "only_allow_compute_access": false,
                "only_allow_read_access": true,
                "role_id": "0b23f179-4881-4f37-b0f0-ad3aa6c56dd2",
                "role_type": "Account Group Read Only"
              }
            ],
            "secret_key": "",
            "time_zone": "America/Los_Angeles",
            "username": "robert@bhlab.local"
          },
          "sensitive_attributes": [],
          "private": "bnVsbA=="
        },
        {
          "index_key": "rohan@bhlab.local",
          "schema_version": 0,
          "attributes": {
            "access_key_expiration": null,
            "access_key_id": "",
            "access_key_name": null,
            "access_keys_allowed": false,
            "access_keys_count": 0,
            "account_type": "USER_ACCOUNT",
            "default_role_id": "7ee074cb-ba98-45fb-a0db-77220a4fcd94",
            "display_name": "Rohan Roberson",
            "email": "rohan@bhlab.local",
            "enable_key_expiration": false,
            "enabled": true,
            "first_name": "Rohan",
            "id": "rohan@bhlab.local",
            "last_login_ts": -1,
            "last_modified_by": "bhlab-api-test",
            "last_modified_ts": 1674930377707,
            "last_name": "Roberson",
            "profile_id": "rohan@bhlab.local",
            "role_ids": [
              "7ee074cb-ba98-45fb-a0db-77220a4fcd94"
            ],
            "roles": [
              {
                "name": "role_rohan",
                "only_allow_ci_access": false,
                "only_allow_compute_access": false,
                "only_allow_read_access": true,
                "role_id": "7ee074cb-ba98-45fb-a0db-77220a4fcd94",
                "role_type": "Account Group Read Only"
              }
            ],
            "secret_key": "",
            "time_zone": "America/Los_Angeles",
            "username": "rohan@bhlab.local"
          },
          "sensitive_attributes": [],
          "private": "bnVsbA=="
        },
        {
          "index_key": "roxanne@bhlab.local",
          "schema_version": 0,
          "attributes": {
            "access_key_expiration": null,
            "access_key_id": "",
            "access_key_name": null,
            "access_keys_allowed": false,
            "access_keys_count": 0,
            "account_type": "USER_ACCOUNT",
            "default_role_id": "0ae4ef27-814e-49b6-a28c-f0638bbcbee4",
            "display_name": "Roxanne Schultz",
            "email": "roxanne@bhlab.local",
            "enable_key_expiration": false,
            "enabled": true,
            "first_name": "Roxanne",
            "id": "roxanne@bhlab.local",
            "last_login_ts": -1,
            "last_modified_by": "bhlab-api-test",
            "last_modified_ts": 1674930401041,
            "last_name": "Schultz",
            "profile_id": "roxanne@bhlab.local",
            "role_ids": [
              "0ae4ef27-814e-49b6-a28c-f0638bbcbee4"
            ],
            "roles": [
              {
                "name": "role_roxanne",
                "only_allow_ci_access": false,
                "only_allow_compute_access": false,
                "only_allow_read_access": true,
                "role_id": "0ae4ef27-814e-49b6-a28c-f0638bbcbee4",
                "role_type": "Account Group Read Only"
              }
            ],
            "secret_key": "",
            "time_zone": "America/Los_Angeles",
            "username": "roxanne@bhlab.local"
          },
          "sensitive_attributes": [],
          "private": "bnVsbA=="
        },
        {
          "index_key": "ruben@bhlab.local",
          "schema_version": 0,
          "attributes": {
            "access_key_expiration": null,
            "access_key_id": "",
            "access_key_name": null,
            "access_keys_allowed": false,
            "access_keys_count": 0,
            "account_type": "USER_ACCOUNT",
            "default_role_id": "d53c7f0c-faa7-4dff-8eea-29083914ce7a",
            "display_name": "Ruben Berg",
            "email": "ruben@bhlab.local",
            "enable_key_expiration": false,
            "enabled": true,
            "first_name": "Ruben",
            "id": "ruben@bhlab.local",
            "last_login_ts": -1,
            "last_modified_by": "bhlab-api-test",
            "last_modified_ts": 1674930384991,
            "last_name": "Berg",
            "profile_id": "ruben@bhlab.local",
            "role_ids": [
              "d53c7f0c-faa7-4dff-8eea-29083914ce7a"
            ],
            "roles": [
              {
                "name": "role_ruben",
                "only_allow_ci_access": false,
                "only_allow_compute_access": false,
                "only_allow_read_access": true,
                "role_id": "d53c7f0c-faa7-4dff-8eea-29083914ce7a",
                "role_type": "Account Group Read Only"
              }
            ],
            "secret_key": "",
            "time_zone": "America/Los_Angeles",
            "username": "ruben@bhlab.local"
          },
          "sensitive_attributes": [],
          "private": "bnVsbA=="
        },
        {
          "index_key": "saad@bhlab.local",
          "schema_version": 0,
          "attributes": {
            "access_key_expiration": null,
            "access_key_id": "",
            "access_key_name": null,
            "access_keys_allowed": false,
            "access_keys_count": 0,
            "account_type": "USER_ACCOUNT",
            "default_role_id": "6aee34ed-1257-43a5-985c-f28d39122d48",
            "display_name": "Saad Santana",
            "email": "saad@bhlab.local",
            "enable_key_expiration": false,
            "enabled": true,
            "first_name": "Saad",
            "id": "saad@bhlab.local",
            "last_login_ts": -1,
            "last_modified_by": "bhlab-api-test",
            "last_modified_ts": 1674930382508,
            "last_name": "Santana",
            "profile_id": "saad@bhlab.local",
            "role_ids": [
              "6aee34ed-1257-43a5-985c-f28d39122d48"
            ],
            "roles": [
              {
                "name": "role_saad",
                "only_allow_ci_access": false,
                "only_allow_compute_access": false,
                "only_allow_read_access": true,
                "role_id": "6aee34ed-1257-43a5-985c-f28d39122d48",
                "role_type": "Account Group Read Only"
              }
            ],
            "secret_key": "",
            "time_zone": "America/Los_Angeles",
            "username": "saad@bhlab.local"
          },
          "sensitive_attributes": [],
          "private": "bnVsbA=="
        },
        {
          "index_key": "sadia@bhlab.local",
          "schema_version": 0,
          "attributes": {
            "access_key_expiration": null,
            "access_key_id": "",
            "access_key_name": null,
            "access_keys_allowed": false,
            "access_keys_count": 0,
            "account_type": "USER_ACCOUNT",
            "default_role_id": "0ef66e84-0074-4271-a714-f8db36b0afb3",
            "display_name": "Sadia Aguirre",
            "email": "sadia@bhlab.local",
            "enable_key_expiration": false,
            "enabled": true,
            "first_name": "Sadia",
            "id": "sadia@bhlab.local",
            "last_login_ts": -1,
            "last_modified_by": "bhlab-api-test",
            "last_modified_ts": 1674930405084,
            "last_name": "Aguirre",
            "profile_id": "sadia@bhlab.local",
            "role_ids": [
              "0ef66e84-0074-4271-a714-f8db36b0afb3"
            ],
            "roles": [
              {
                "name": "role_sadia",
                "only_allow_ci_access": false,
                "only_allow_compute_access": false,
                "only_allow_read_access": true,
                "role_id": "0ef66e84-0074-4271-a714-f8db36b0afb3",
                "role_type": "Account Group Read Only"
              }
            ],
            "secret_key": "",
            "time_zone": "America/Los_Angeles",
            "username": "sadia@bhlab.local"
          },
          "sensitive_attributes": [],
          "private": "bnVsbA=="
        },
        {
          "index_key": "samuel@bhlab.local",
          "schema_version": 0,
          "attributes": {
            "access_key_expiration": null,
            "access_key_id": "",
            "access_key_name": null,
            "access_keys_allowed": false,
            "access_keys_count": 0,
            "account_type": "USER_ACCOUNT",
            "default_role_id": "341f4af9-e4e3-4c7b-8cac-fb057eb18f76",
            "display_name": "Samuel Buck",
            "email": "samuel@bhlab.local",
            "enable_key_expiration": false,
            "enabled": true,
            "first_name": "Samuel",
            "id": "samuel@bhlab.local",
            "last_login_ts": -1,
            "last_modified_by": "bhlab-api-test",
            "last_modified_ts": 1674930395440,
            "last_name": "Buck",
            "profile_id": "samuel@bhlab.local",
            "role_ids": [
              "341f4af9-e4e3-4c7b-8cac-fb057eb18f76"
            ],
            "roles": [
              {
                "name": "role_samuel",
                "only_allow_ci_access": false,
                "only_allow_compute_access": false,
                "only_allow_read_access": true,
                "role_id": "341f4af9-e4e3-4c7b-8cac-fb057eb18f76",
                "role_type": "Account Group Read Only"
              }
            ],
            "secret_key": "",
            "time_zone": "America/Los_Angeles",
            "username": "samuel@bhlab.local"
          },
          "sensitive_attributes": [],
          "private": "bnVsbA=="
        },
        {
          "index_key": "shannon@bhlab.local",
          "schema_version": 0,
          "attributes": {
            "access_key_expiration": null,
            "access_key_id": "",
            "access_key_name": null,
            "access_keys_allowed": false,
            "access_keys_count": 0,
            "account_type": "USER_ACCOUNT",
            "default_role_id": "174c2403-ebb8-4f83-bf3d-2e85f89bfd41",
            "display_name": "Shannon Hendricks",
            "email": "shannon@bhlab.local",
            "enable_key_expiration": false,
            "enabled": true,
            "first_name": "Shannon",
            "id": "shannon@bhlab.local",
            "last_login_ts": -1,
            "last_modified_by": "bhlab-api-test",
            "last_modified_ts": 1674930392199,
            "last_name": "Hendricks",
            "profile_id": "shannon@bhlab.local",
            "role_ids": [
              "174c2403-ebb8-4f83-bf3d-2e85f89bfd41"
            ],
            "roles": [
              {
                "name": "role_shannon",
                "only_allow_ci_access": false,
                "only_allow_compute_access": false,
                "only_allow_read_access": true,
                "role_id": "174c2403-ebb8-4f83-bf3d-2e85f89bfd41",
                "role_type": "Account Group Read Only"
              }
            ],
            "secret_key": "",
            "time_zone": "America/Los_Angeles",
            "username": "shannon@bhlab.local"
          },
          "sensitive_attributes": [],
          "private": "bnVsbA=="
        },
        {
          "index_key": "sydney@bhlab.local",
          "schema_version": 0,
          "attributes": {
            "access_key_expiration": null,
            "access_key_id": "",
            "access_key_name": null,
            "access_keys_allowed": false,
            "access_keys_count": 0,
            "account_type": "USER_ACCOUNT",
            "default_role_id": "4c513336-d7c4-4909-865a-c3768bc04f2a",
            "display_name": "Sydney Wiggins",
            "email": "sydney@bhlab.local",
            "enable_key_expiration": false,
            "enabled": true,
            "first_name": "Sydney",
            "id": "sydney@bhlab.local",
            "last_login_ts": -1,
            "last_modified_by": "bhlab-api-test",
            "last_modified_ts": 1674930377688,
            "last_name": "Wiggins",
            "profile_id": "sydney@bhlab.local",
            "role_ids": [
              "4c513336-d7c4-4909-865a-c3768bc04f2a"
            ],
            "roles": [
              {
                "name": "role_sydney",
                "only_allow_ci_access": false,
                "only_allow_compute_access": false,
                "only_allow_read_access": true,
                "role_id": "4c513336-d7c4-4909-865a-c3768bc04f2a",
                "role_type": "Account Group Read Only"
              }
            ],
            "secret_key": "",
            "time_zone": "America/Los_Angeles",
            "username": "sydney@bhlab.local"
          },
          "sensitive_attributes": [],
          "private": "bnVsbA=="
        },
        {
          "index_key": "szymon@bhlab.local",
          "schema_version": 0,
          "attributes": {
            "access_key_expiration": null,
            "access_key_id": "",
            "access_key_name": null,
            "access_keys_allowed": false,
            "access_keys_count": 0,
            "account_type": "USER_ACCOUNT",
            "default_role_id": "7b6aa3ae-78a0-4305-9645-15b7e2ce9d08",
            "display_name": "Szymon Grimes",
            "email": "szymon@bhlab.local",
            "enable_key_expiration": false,
            "enabled": true,
            "first_name": "Szymon",
            "id": "szymon@bhlab.local",
            "last_login_ts": -1,
            "last_modified_by": "bhlab-api-test",
            "last_modified_ts": 1674930377631,
            "last_name": "Grimes",
            "profile_id": "szymon@bhlab.local",
            "role_ids": [
              "7b6aa3ae-78a0-4305-9645-15b7e2ce9d08"
            ],
            "roles": [
              {
                "name": "role_szymon",
                "only_allow_ci_access": false,
                "only_allow_compute_access": false,
                "only_allow_read_access": true,
                "role_id": "7b6aa3ae-78a0-4305-9645-15b7e2ce9d08",
                "role_type": "Account Group Read Only"
              }
            ],
            "secret_key": "",
            "time_zone": "America/Los_Angeles",
            "username": "szymon@bhlab.local"
          },
          "sensitive_attributes": [],
          "private": "bnVsbA=="
        },
        {
          "index_key": "tasneem@bhlab.local",
          "schema_version": 0,
          "attributes": {
            "access_key_expiration": null,
            "access_key_id": "",
            "access_key_name": null,
            "access_keys_allowed": false,
            "access_keys_count": 0,
            "account_type": "USER_ACCOUNT",
            "default_role_id": "3070d929-6fe5-4516-9a64-412a5f305d46",
            "display_name": "Tasneem O'Quinn",
            "email": "tasneem@bhlab.local",
            "enable_key_expiration": false,
            "enabled": true,
            "first_name": "Tasneem",
            "id": "tasneem@bhlab.local",
            "last_login_ts": -1,
            "last_modified_by": "bhlab-api-test",
            "last_modified_ts": 1674930382853,
            "last_name": "O'Quinn",
            "profile_id": "tasneem@bhlab.local",
            "role_ids": [
              "3070d929-6fe5-4516-9a64-412a5f305d46"
            ],
            "roles": [
              {
                "name": "role_tasneem",
                "only_allow_ci_access": false,
                "only_allow_compute_access": false,
                "only_allow_read_access": true,
                "role_id": "3070d929-6fe5-4516-9a64-412a5f305d46",
                "role_type": "Account Group Read Only"
              }
            ],
            "secret_key": "",
            "time_zone": "America/Los_Angeles",
            "username": "tasneem@bhlab.local"
          },
          "sensitive_attributes": [],
          "private": "bnVsbA=="
        },
        {
          "index_key": "taya@bhlab.local",
          "schema_version": 0,
          "attributes": {
            "access_key_expiration": null,
            "access_key_id": "",
            "access_key_name": null,
            "access_keys_allowed": false,
            "access_keys_count": 0,
            "account_type": "USER_ACCOUNT",
            "default_role_id": "f22b65f3-48ab-4aea-b5e2-a97cd0089d8e",
            "display_name": "Taya Lowery",
            "email": "taya@bhlab.local",
            "enable_key_expiration": false,
            "enabled": true,
            "first_name": "Taya",
            "id": "taya@bhlab.local",
            "last_login_ts": -1,
            "last_modified_by": "bhlab-api-test",
            "last_modified_ts": 1674930395895,
            "last_name": "Lowery",
            "profile_id": "taya@bhlab.local",
            "role_ids": [
              "f22b65f3-48ab-4aea-b5e2-a97cd0089d8e"
            ],
            "roles": [
              {
                "name": "role_taya",
                "only_allow_ci_access": false,
                "only_allow_compute_access": false,
                "only_allow_read_access": true,
                "role_id": "f22b65f3-48ab-4aea-b5e2-a97cd0089d8e",
                "role_type": "Account Group Read Only"
              }
            ],
            "secret_key": "",
            "time_zone": "America/Los_Angeles",
            "username": "taya@bhlab.local"
          },
          "sensitive_attributes": [],
          "private": "bnVsbA=="
        },
        {
          "index_key": "tegan@bhlab.local",
          "schema_version": 0,
          "attributes": {
            "access_key_expiration": null,
            "access_key_id": "",
            "access_key_name": null,
            "access_keys_allowed": false,
            "access_keys_count": 0,
            "account_type": "USER_ACCOUNT",
            "default_role_id": "fc532b28-77fd-4632-a0c1-4ed0b34bc749",
            "display_name": "Tegan Douglas",
            "email": "tegan@bhlab.local",
            "enable_key_expiration": false,
            "enabled": true,
            "first_name": "Tegan",
            "id": "tegan@bhlab.local",
            "last_login_ts": -1,
            "last_modified_by": "bhlab-api-test",
            "last_modified_ts": 1674930406336,
            "last_name": "Douglas",
            "profile_id": "tegan@bhlab.local",
            "role_ids": [
              "fc532b28-77fd-4632-a0c1-4ed0b34bc749"
            ],
            "roles": [
              {
                "name": "role_tegan",
                "only_allow_ci_access": false,
                "only_allow_compute_access": false,
                "only_allow_read_access": true,
                "role_id": "fc532b28-77fd-4632-a0c1-4ed0b34bc749",
                "role_type": "Account Group Read Only"
              }
            ],
            "secret_key": "",
            "time_zone": "America/Los_Angeles",
            "username": "tegan@bhlab.local"
          },
          "sensitive_attributes": [],
          "private": "bnVsbA=="
        },
        {
          "index_key": "theo@bhlab.local",
          "schema_version": 0,
          "attributes": {
            "access_key_expiration": null,
            "access_key_id": "",
            "access_key_name": null,
            "access_keys_allowed": false,
            "access_keys_count": 0,
            "account_type": "USER_ACCOUNT",
            "default_role_id": "bfcd2616-9207-48b3-a039-f247b5d533e2",
            "display_name": "Theo Guerra",
            "email": "theo@bhlab.local",
            "enable_key_expiration": false,
            "enabled": true,
            "first_name": "Theo",
            "id": "theo@bhlab.local",
            "last_login_ts": -1,
            "last_modified_by": "bhlab-api-test",
            "last_modified_ts": 1674930391075,
            "last_name": "Guerra",
            "profile_id": "theo@bhlab.local",
            "role_ids": [
              "bfcd2616-9207-48b3-a039-f247b5d533e2"
            ],
            "roles": [
              {
                "name": "role_theo",
                "only_allow_ci_access": false,
                "only_allow_compute_access": false,
                "only_allow_read_access": true,
                "role_id": "bfcd2616-9207-48b3-a039-f247b5d533e2",
                "role_type": "Account Group Read Only"
              }
            ],
            "secret_key": "",
            "time_zone": "America/Los_Angeles",
            "username": "theo@bhlab.local"
          },
          "sensitive_attributes": [],
          "private": "bnVsbA=="
        },
        {
          "index_key": "trey@bhlab.local",
          "schema_version": 0,
          "attributes": {
            "access_key_expiration": null,
            "access_key_id": "",
            "access_key_name": null,
            "access_keys_allowed": false,
            "access_keys_count": 0,
            "account_type": "USER_ACCOUNT",
            "default_role_id": "6aadbd9e-01ae-47aa-800f-81da58620542",
            "display_name": "Trey Huber",
            "email": "trey@bhlab.local",
            "enable_key_expiration": false,
            "enabled": true,
            "first_name": "Trey",
            "id": "trey@bhlab.local",
            "last_login_ts": -1,
            "last_modified_by": "bhlab-api-test",
            "last_modified_ts": 1674930377688,
            "last_name": "Huber",
            "profile_id": "trey@bhlab.local",
            "role_ids": [
              "6aadbd9e-01ae-47aa-800f-81da58620542"
            ],
            "roles": [
              {
                "name": "role_trey",
                "only_allow_ci_access": false,
                "only_allow_compute_access": false,
                "only_allow_read_access": true,
                "role_id": "6aadbd9e-01ae-47aa-800f-81da58620542",
                "role_type": "Account Group Read Only"
              }
            ],
            "secret_key": "",
            "time_zone": "America/Los_Angeles",
            "username": "trey@bhlab.local"
          },
          "sensitive_attributes": [],
          "private": "bnVsbA=="
        },
        {
          "index_key": "zakariya@bhlab.local",
          "schema_version": 0,
          "attributes": {
            "access_key_expiration": null,
            "access_key_id": "",
            "access_key_name": null,
            "access_keys_allowed": false,
            "access_keys_count": 0,
            "account_type": "USER_ACCOUNT",
            "default_role_id": "354c1220-4d1e-4068-bb28-cff83464f374",
            "display_name": "Zakariya Booth",
            "email": "zakariya@bhlab.local",
            "enable_key_expiration": false,
            "enabled": true,
            "first_name": "Zakariya",
            "id": "zakariya@bhlab.local",
            "last_login_ts": -1,
            "last_modified_by": "bhlab-api-test",
            "last_modified_ts": 1674930377675,
            "last_name": "Booth",
            "profile_id": "zakariya@bhlab.local",
            "role_ids": [
              "354c1220-4d1e-4068-bb28-cff83464f374"
            ],
            "roles": [
              {
                "name": "role_zakariya",
                "only_allow_ci_access": false,
                "only_allow_compute_access": false,
                "only_allow_read_access": true,
                "role_id": "354c1220-4d1e-4068-bb28-cff83464f374",
                "role_type": "Account Group Read Only"
              }
            ],
            "secret_key": "",
            "time_zone": "America/Los_Angeles",
            "username": "zakariya@bhlab.local"
          },
          "sensitive_attributes": [],
          "private": "bnVsbA=="
        }
      ]
    }
  ],
  "check_results": []
}
