{
  "version": 4,
  "terraform_version": "1.3.3",
  "serial": 53,
  "lineage": "86139c7a-91c9-3917-de47-ec90e7bdb58c",
  "outputs": {},
  "resources": [
    {
      "mode": "managed",
      "type": "prismacloud_user_profile",
      "name": "example",
      "provider": "provider[\"registry.terraform.io/paloaltonetworks/prismacloud\"]",
      "instances": [
        {
          "index_key": "abbas@bhlab.local",
          "schema_version": 0,
          "attributes": {
            "access_key_expiration": null,
            "access_key_id": "",
            "access_key_name": null,
            "access_keys_allowed": false,
            "access_keys_count": 0,
            "account_type": "USER_ACCOUNT",
            "default_role_id": "1c4664c1-c900-4dcc-b957-ac8972ce7fda",
            "display_name": "Abbas Waters",
            "email": "abbas@bhlab.local",
            "enable_key_expiration": false,
            "enabled": true,
            "first_name": "Abbas",
            "id": "abbas@bhlab.local",
            "last_login_ts": -1,
            "last_modified_by": "bhlab-api-test",
            "last_modified_ts": 1674925894750,
            "last_name": "Waters",
            "profile_id": "abbas@bhlab.local",
            "role_ids": [
              "1c4664c1-c900-4dcc-b957-ac8972ce7fda"
            ],
            "roles": [
              {
                "name": "role_abbas",
                "only_allow_ci_access": false,
                "only_allow_compute_access": false,
                "only_allow_read_access": true,
                "role_id": "1c4664c1-c900-4dcc-b957-ac8972ce7fda",
                "role_type": "Account Group Read Only"
              }
            ],
            "secret_key": "",
            "time_zone": "America/Los_Angeles",
            "username": "abbas@bhlab.local"
          },
          "sensitive_attributes": [],
          "private": "bnVsbA=="
        },
        {
          "index_key": "alivia@bhlab.local",
          "schema_version": 0,
          "attributes": {
            "access_key_expiration": null,
            "access_key_id": "",
            "access_key_name": null,
            "access_keys_allowed": false,
            "access_keys_count": 0,
            "account_type": "USER_ACCOUNT",
            "default_role_id": "7ff35797-97ad-4e5e-a3c4-d8d1d8b39724",
            "display_name": "Alivia Haney",
            "email": "alivia@bhlab.local",
            "enable_key_expiration": false,
            "enabled": true,
            "first_name": "Alivia",
            "id": "alivia@bhlab.local",
            "last_login_ts": -1,
            "last_modified_by": "bhlab-api-test",
            "last_modified_ts": 1674925911833,
            "last_name": "Haney",
            "profile_id": "alivia@bhlab.local",
            "role_ids": [
              "7ff35797-97ad-4e5e-a3c4-d8d1d8b39724"
            ],
            "roles": [
              {
                "name": "role_alivia",
                "only_allow_ci_access": false,
                "only_allow_compute_access": false,
                "only_allow_read_access": true,
                "role_id": "7ff35797-97ad-4e5e-a3c4-d8d1d8b39724",
                "role_type": "Account Group Read Only"
              }
            ],
            "secret_key": "",
            "time_zone": "America/Los_Angeles",
            "username": "alivia@bhlab.local"
          },
          "sensitive_attributes": [],
          "private": "bnVsbA=="
        },
        {
          "index_key": "alvin@bhlab.local",
          "schema_version": 0,
          "attributes": {
            "access_key_expiration": null,
            "access_key_id": "",
            "access_key_name": null,
            "access_keys_allowed": false,
            "access_keys_count": 0,
            "account_type": "USER_ACCOUNT",
            "default_role_id": "0fb93908-015b-477e-8075-d57315a9729c",
            "display_name": "Alvin Walls",
            "email": "alvin@bhlab.local",
            "enable_key_expiration": false,
            "enabled": true,
            "first_name": "Alvin",
            "id": "alvin@bhlab.local",
            "last_login_ts": -1,
            "last_modified_by": "bhlab-api-test",
            "last_modified_ts": 1674925904977,
            "last_name": "Walls",
            "profile_id": "alvin@bhlab.local",
            "role_ids": [
              "0fb93908-015b-477e-8075-d57315a9729c"
            ],
            "roles": [
              {
                "name": "role_alvin",
                "only_allow_ci_access": false,
                "only_allow_compute_access": false,
                "only_allow_read_access": true,
                "role_id": "0fb93908-015b-477e-8075-d57315a9729c",
                "role_type": "Account Group Read Only"
              }
            ],
            "secret_key": "",
            "time_zone": "America/Los_Angeles",
            "username": "alvin@bhlab.local"
          },
          "sensitive_attributes": [],
          "private": "bnVsbA=="
        },
        {
          "index_key": "ana@bhlab.local",
          "schema_version": 0,
          "attributes": {
            "access_key_expiration": null,
            "access_key_id": "",
            "access_key_name": null,
            "access_keys_allowed": false,
            "access_keys_count": 0,
            "account_type": "USER_ACCOUNT",
            "default_role_id": "5d5075a3-9cc0-47fb-afcb-028363d4248f",
            "display_name": "Ana Fitzgerald",
            "email": "ana@bhlab.local",
            "enable_key_expiration": false,
            "enabled": true,
            "first_name": "Ana",
            "id": "ana@bhlab.local",
            "last_login_ts": -1,
            "last_modified_by": "bhlab-api-test",
            "last_modified_ts": 1674925896668,
            "last_name": "Fitzgerald",
            "profile_id": "ana@bhlab.local",
            "role_ids": [
              "5d5075a3-9cc0-47fb-afcb-028363d4248f"
            ],
            "roles": [
              {
                "name": "role_ana",
                "only_allow_ci_access": false,
                "only_allow_compute_access": false,
                "only_allow_read_access": true,
                "role_id": "5d5075a3-9cc0-47fb-afcb-028363d4248f",
                "role_type": "Account Group Read Only"
              }
            ],
            "secret_key": "",
            "time_zone": "America/Los_Angeles",
            "username": "ana@bhlab.local"
          },
          "sensitive_attributes": [],
          "private": "bnVsbA=="
        },
        {
          "index_key": "arnold@bhlab.local",
          "schema_version": 0,
          "attributes": {
            "access_key_expiration": null,
            "access_key_id": "",
            "access_key_name": null,
            "access_keys_allowed": false,
            "access_keys_count": 0,
            "account_type": "USER_ACCOUNT",
            "default_role_id": "caaf3466-2b22-4943-a635-e108a678c1b2",
            "display_name": "Arnold Burke",
            "email": "arnold@bhlab.local",
            "enable_key_expiration": false,
            "enabled": true,
            "first_name": "Arnold",
            "id": "arnold@bhlab.local",
            "last_login_ts": -1,
            "last_modified_by": "bhlab-api-test",
            "last_modified_ts": 1674925900871,
            "last_name": "Burke",
            "profile_id": "arnold@bhlab.local",
            "role_ids": [
              "caaf3466-2b22-4943-a635-e108a678c1b2"
            ],
            "roles": [
              {
                "name": "role_arnold",
                "only_allow_ci_access": false,
                "only_allow_compute_access": false,
                "only_allow_read_access": true,
                "role_id": "caaf3466-2b22-4943-a635-e108a678c1b2",
                "role_type": "Account Group Read Only"
              }
            ],
            "secret_key": "",
            "time_zone": "America/Los_Angeles",
            "username": "arnold@bhlab.local"
          },
          "sensitive_attributes": [],
          "private": "bnVsbA=="
        },
        {
          "index_key": "ben@bhlab.local",
          "schema_version": 0,
          "attributes": {
            "access_key_expiration": null,
            "access_key_id": "",
            "access_key_name": null,
            "access_keys_allowed": false,
            "access_keys_count": 0,
            "account_type": "USER_ACCOUNT",
            "default_role_id": "668e5b34-d73e-402f-a323-952c74c75b7c",
            "display_name": "Ben Bonilla",
            "email": "ben@bhlab.local",
            "enable_key_expiration": false,
            "enabled": true,
            "first_name": "Ben",
            "id": "ben@bhlab.local",
            "last_login_ts": -1,
            "last_modified_by": "bhlab-api-test",
            "last_modified_ts": 1674925912267,
            "last_name": "Bonilla",
            "profile_id": "ben@bhlab.local",
            "role_ids": [
              "668e5b34-d73e-402f-a323-952c74c75b7c"
            ],
            "roles": [
              {
                "name": "role_ben",
                "only_allow_ci_access": false,
                "only_allow_compute_access": false,
                "only_allow_read_access": true,
                "role_id": "668e5b34-d73e-402f-a323-952c74c75b7c",
                "role_type": "Account Group Read Only"
              }
            ],
            "secret_key": "",
            "time_zone": "America/Los_Angeles",
            "username": "ben@bhlab.local"
          },
          "sensitive_attributes": [],
          "private": "bnVsbA=="
        },
        {
          "index_key": "billy@bhlab.local",
          "schema_version": 0,
          "attributes": {
            "access_key_expiration": null,
            "access_key_id": "",
            "access_key_name": null,
            "access_keys_allowed": false,
            "access_keys_count": 0,
            "account_type": "USER_ACCOUNT",
            "default_role_id": "f0ec650a-b1c9-4435-90c7-6d9d0db12028",
            "display_name": "Billy Stone",
            "email": "billy@bhlab.local",
            "enable_key_expiration": false,
            "enabled": true,
            "first_name": "Billy",
            "id": "billy@bhlab.local",
            "last_login_ts": -1,
            "last_modified_by": "bhlab-api-test",
            "last_modified_ts": 1674925899292,
            "last_name": "Stone",
            "profile_id": "billy@bhlab.local",
            "role_ids": [
              "f0ec650a-b1c9-4435-90c7-6d9d0db12028"
            ],
            "roles": [
              {
                "name": "role_billy",
                "only_allow_ci_access": false,
                "only_allow_compute_access": false,
                "only_allow_read_access": true,
                "role_id": "f0ec650a-b1c9-4435-90c7-6d9d0db12028",
                "role_type": "Account Group Read Only"
              }
            ],
            "secret_key": "",
            "time_zone": "America/Los_Angeles",
            "username": "billy@bhlab.local"
          },
          "sensitive_attributes": [],
          "private": "bnVsbA=="
        },
        {
          "index_key": "cleo@bhlab.local",
          "schema_version": 0,
          "attributes": {
            "access_key_expiration": null,
            "access_key_id": "",
            "access_key_name": null,
            "access_keys_allowed": false,
            "access_keys_count": 0,
            "account_type": "USER_ACCOUNT",
            "default_role_id": "4af4f595-553b-4963-8178-d71b6613c71c",
            "display_name": "Cleo Phillips",
            "email": "cleo@bhlab.local",
            "enable_key_expiration": false,
            "enabled": true,
            "first_name": "Cleo",
            "id": "cleo@bhlab.local",
            "last_login_ts": -1,
            "last_modified_by": "bhlab-api-test",
            "last_modified_ts": 1674925889447,
            "last_name": "Phillips",
            "profile_id": "cleo@bhlab.local",
            "role_ids": [
              "4af4f595-553b-4963-8178-d71b6613c71c"
            ],
            "roles": [
              {
                "name": "role_cleo",
                "only_allow_ci_access": false,
                "only_allow_compute_access": false,
                "only_allow_read_access": true,
                "role_id": "4af4f595-553b-4963-8178-d71b6613c71c",
                "role_type": "Account Group Read Only"
              }
            ],
            "secret_key": "",
            "time_zone": "America/Los_Angeles",
            "username": "cleo@bhlab.local"
          },
          "sensitive_attributes": [],
          "private": "bnVsbA=="
        },
        {
          "index_key": "dean@bhlab.local",
          "schema_version": 0,
          "attributes": {
            "access_key_expiration": null,
            "access_key_id": "",
            "access_key_name": null,
            "access_keys_allowed": false,
            "access_keys_count": 0,
            "account_type": "USER_ACCOUNT",
            "default_role_id": "248ca9cb-0b06-4045-b47f-7b58d5840372",
            "display_name": "Dean Anthony",
            "email": "dean@bhlab.local",
            "enable_key_expiration": false,
            "enabled": true,
            "first_name": "Dean",
            "id": "dean@bhlab.local",
            "last_login_ts": -1,
            "last_modified_by": "bhlab-api-test",
            "last_modified_ts": 1674925889466,
            "last_name": "Anthony",
            "profile_id": "dean@bhlab.local",
            "role_ids": [
              "248ca9cb-0b06-4045-b47f-7b58d5840372"
            ],
            "roles": [
              {
                "name": "role_dean",
                "only_allow_ci_access": false,
                "only_allow_compute_access": false,
                "only_allow_read_access": true,
                "role_id": "248ca9cb-0b06-4045-b47f-7b58d5840372",
                "role_type": "Account Group Read Only"
              }
            ],
            "secret_key": "",
            "time_zone": "America/Los_Angeles",
            "username": "dean@bhlab.local"
          },
          "sensitive_attributes": [],
          "private": "bnVsbA=="
        },
        {
          "index_key": "elin@bhlab.local",
          "schema_version": 0,
          "attributes": {
            "access_key_expiration": null,
            "access_key_id": "",
            "access_key_name": null,
            "access_keys_allowed": false,
            "access_keys_count": 0,
            "account_type": "USER_ACCOUNT",
            "default_role_id": "78afe374-4b9e-4570-b72b-7266e5ea7eda",
            "display_name": "Elin Black",
            "email": "elin@bhlab.local",
            "enable_key_expiration": false,
            "enabled": true,
            "first_name": "Elin",
            "id": "elin@bhlab.local",
            "last_login_ts": -1,
            "last_modified_by": "bhlab-api-test",
            "last_modified_ts": 1674925900957,
            "last_name": "Black",
            "profile_id": "elin@bhlab.local",
            "role_ids": [
              "78afe374-4b9e-4570-b72b-7266e5ea7eda"
            ],
            "roles": [
              {
                "name": "role_elin",
                "only_allow_ci_access": false,
                "only_allow_compute_access": false,
                "only_allow_read_access": true,
                "role_id": "78afe374-4b9e-4570-b72b-7266e5ea7eda",
                "role_type": "Account Group Read Only"
              }
            ],
            "secret_key": "",
            "time_zone": "America/Los_Angeles",
            "username": "elin@bhlab.local"
          },
          "sensitive_attributes": [],
          "private": "bnVsbA=="
        },
        {
          "index_key": "elisha@bhlab.local",
          "schema_version": 0,
          "attributes": {
            "access_key_expiration": null,
            "access_key_id": "",
            "access_key_name": null,
            "access_keys_allowed": false,
            "access_keys_count": 0,
            "account_type": "USER_ACCOUNT",
            "default_role_id": "cbb01c01-1c4a-4b41-b634-d005ac0e8065",
            "display_name": "Elisha Mcdonald",
            "email": "elisha@bhlab.local",
            "enable_key_expiration": false,
            "enabled": true,
            "first_name": "Elisha",
            "id": "elisha@bhlab.local",
            "last_login_ts": -1,
            "last_modified_by": "bhlab-api-test",
            "last_modified_ts": 1674925894635,
            "last_name": "Mcdonald",
            "profile_id": "elisha@bhlab.local",
            "role_ids": [
              "cbb01c01-1c4a-4b41-b634-d005ac0e8065"
            ],
            "roles": [
              {
                "name": "role_elisha",
                "only_allow_ci_access": false,
                "only_allow_compute_access": false,
                "only_allow_read_access": true,
                "role_id": "cbb01c01-1c4a-4b41-b634-d005ac0e8065",
                "role_type": "Account Group Read Only"
              }
            ],
            "secret_key": "",
            "time_zone": "America/Los_Angeles",
            "username": "elisha@bhlab.local"
          },
          "sensitive_attributes": [],
          "private": "bnVsbA=="
        },
        {
          "index_key": "ella-louise@bhlab.local",
          "schema_version": 0,
          "attributes": {
            "access_key_expiration": null,
            "access_key_id": "",
            "access_key_name": null,
            "access_keys_allowed": false,
            "access_keys_count": 0,
            "account_type": "USER_ACCOUNT",
            "default_role_id": "353bf8e5-451e-4313-8b3b-d9d03c6966c0",
            "display_name": "Ella-Louise Hawkins",
            "email": "ella-louise@bhlab.local",
            "enable_key_expiration": false,
            "enabled": true,
            "first_name": "Ella-Louise",
            "id": "ella-louise@bhlab.local",
            "last_login_ts": -1,
            "last_modified_by": "bhlab-api-test",
            "last_modified_ts": 1674925905046,
            "last_name": "Hawkins",
            "profile_id": "ella-louise@bhlab.local",
            "role_ids": [
              "353bf8e5-451e-4313-8b3b-d9d03c6966c0"
            ],
            "roles": [
              {
                "name": "role_ella_louise",
                "only_allow_ci_access": false,
                "only_allow_compute_access": false,
                "only_allow_read_access": true,
                "role_id": "353bf8e5-451e-4313-8b3b-d9d03c6966c0",
                "role_type": "Account Group Read Only"
              }
            ],
            "secret_key": "",
            "time_zone": "America/Los_Angeles",
            "username": "ella-louise@bhlab.local"
          },
          "sensitive_attributes": [],
          "private": "bnVsbA=="
        },
        {
          "index_key": "emily@bhlab.local",
          "schema_version": 0,
          "attributes": {
            "access_key_expiration": null,
            "access_key_id": "",
            "access_key_name": null,
            "access_keys_allowed": false,
            "access_keys_count": 0,
            "account_type": "USER_ACCOUNT",
            "default_role_id": "72e8e389-aee6-4684-bd3f-6865aaff6084",
            "display_name": "Emily Crane",
            "email": "emily@bhlab.local",
            "enable_key_expiration": false,
            "enabled": true,
            "first_name": "Emily",
            "id": "emily@bhlab.local",
            "last_login_ts": -1,
            "last_modified_by": "bhlab-api-test",
            "last_modified_ts": 1674925889466,
            "last_name": "Crane",
            "profile_id": "emily@bhlab.local",
            "role_ids": [
              "72e8e389-aee6-4684-bd3f-6865aaff6084"
            ],
            "roles": [
              {
                "name": "role_emily",
                "only_allow_ci_access": false,
                "only_allow_compute_access": false,
                "only_allow_read_access": true,
                "role_id": "72e8e389-aee6-4684-bd3f-6865aaff6084",
                "role_type": "Account Group Read Only"
              }
            ],
            "secret_key": "",
            "time_zone": "America/Los_Angeles",
            "username": "emily@bhlab.local"
          },
          "sensitive_attributes": [],
          "private": "bnVsbA=="
        },
        {
          "index_key": "flora@bhlab.local",
          "schema_version": 0,
          "attributes": {
            "access_key_expiration": null,
            "access_key_id": "",
            "access_key_name": null,
            "access_keys_allowed": false,
            "access_keys_count": 0,
            "account_type": "USER_ACCOUNT",
            "default_role_id": "6f102049-829a-4126-abe3-273cd3b2eb83",
            "display_name": "Flora Raymond",
            "email": "flora@bhlab.local",
            "enable_key_expiration": false,
            "enabled": true,
            "first_name": "Flora",
            "id": "flora@bhlab.local",
            "last_login_ts": -1,
            "last_modified_by": "bhlab-api-test",
            "last_modified_ts": 1674925915974,
            "last_name": "Raymond",
            "profile_id": "flora@bhlab.local",
            "role_ids": [
              "6f102049-829a-4126-abe3-273cd3b2eb83"
            ],
            "roles": [
              {
                "name": "role_flora",
                "only_allow_ci_access": false,
                "only_allow_compute_access": false,
                "only_allow_read_access": true,
                "role_id": "6f102049-829a-4126-abe3-273cd3b2eb83",
                "role_type": "Account Group Read Only"
              }
            ],
            "secret_key": "",
            "time_zone": "America/Los_Angeles",
            "username": "flora@bhlab.local"
          },
          "sensitive_attributes": [],
          "private": "bnVsbA=="
        },
        {
          "index_key": "gavin@bhlab.local",
          "schema_version": 0,
          "attributes": {
            "access_key_expiration": null,
            "access_key_id": "",
            "access_key_name": null,
            "access_keys_allowed": false,
            "access_keys_count": 0,
            "account_type": "USER_ACCOUNT",
            "default_role_id": "4a833566-793d-4720-878b-866211f66bf0",
            "display_name": "Gavin Crosby",
            "email": "gavin@bhlab.local",
            "enable_key_expiration": false,
            "enabled": true,
            "first_name": "Gavin",
            "id": "gavin@bhlab.local",
            "last_login_ts": -1,
            "last_modified_by": "bhlab-api-test",
            "last_modified_ts": 1674925909885,
            "last_name": "Crosby",
            "profile_id": "gavin@bhlab.local",
            "role_ids": [
              "4a833566-793d-4720-878b-866211f66bf0"
            ],
            "roles": [
              {
                "name": "role_gavin",
                "only_allow_ci_access": false,
                "only_allow_compute_access": false,
                "only_allow_read_access": true,
                "role_id": "4a833566-793d-4720-878b-866211f66bf0",
                "role_type": "Account Group Read Only"
              }
            ],
            "secret_key": "",
            "time_zone": "America/Los_Angeles",
            "username": "gavin@bhlab.local"
          },
          "sensitive_attributes": [],
          "private": "bnVsbA=="
        },
        {
          "index_key": "gerard@bhlab.local",
          "schema_version": 0,
          "attributes": {
            "access_key_expiration": null,
            "access_key_id": "",
            "access_key_name": null,
            "access_keys_allowed": false,
            "access_keys_count": 0,
            "account_type": "USER_ACCOUNT",
            "default_role_id": "62258c44-3120-4c55-b911-d3219b7a6b79",
            "display_name": "Gerard Hickman",
            "email": "gerard@bhlab.local",
            "enable_key_expiration": false,
            "enabled": true,
            "first_name": "Gerard",
            "id": "gerard@bhlab.local",
            "last_login_ts": -1,
            "last_modified_by": "bhlab-api-test",
            "last_modified_ts": 1674925913744,
            "last_name": "Hickman",
            "profile_id": "gerard@bhlab.local",
            "role_ids": [
              "62258c44-3120-4c55-b911-d3219b7a6b79"
            ],
            "roles": [
              {
                "name": "role_gerard",
                "only_allow_ci_access": false,
                "only_allow_compute_access": false,
                "only_allow_read_access": true,
                "role_id": "62258c44-3120-4c55-b911-d3219b7a6b79",
                "role_type": "Account Group Read Only"
              }
            ],
            "secret_key": "",
            "time_zone": "America/Los_Angeles",
            "username": "gerard@bhlab.local"
          },
          "sensitive_attributes": [],
          "private": "bnVsbA=="
        },
        {
          "index_key": "gertrude@bhlab.local",
          "schema_version": 0,
          "attributes": {
            "access_key_expiration": null,
            "access_key_id": "",
            "access_key_name": null,
            "access_keys_allowed": false,
            "access_keys_count": 0,
            "account_type": "USER_ACCOUNT",
            "default_role_id": "0c2f6c63-0bba-4633-a27c-05315e345852",
            "display_name": "Gertrude Houston",
            "email": "gertrude@bhlab.local",
            "enable_key_expiration": false,
            "enabled": true,
            "first_name": "Gertrude",
            "id": "gertrude@bhlab.local",
            "last_login_ts": -1,
            "last_modified_by": "bhlab-api-test",
            "last_modified_ts": 1674925889446,
            "last_name": "Houston",
            "profile_id": "gertrude@bhlab.local",
            "role_ids": [
              "0c2f6c63-0bba-4633-a27c-05315e345852"
            ],
            "roles": [
              {
                "name": "role_gertrude",
                "only_allow_ci_access": false,
                "only_allow_compute_access": false,
                "only_allow_read_access": true,
                "role_id": "0c2f6c63-0bba-4633-a27c-05315e345852",
                "role_type": "Account Group Read Only"
              }
            ],
            "secret_key": "",
            "time_zone": "America/Los_Angeles",
            "username": "gertrude@bhlab.local"
          },
          "sensitive_attributes": [],
          "private": "bnVsbA=="
        },
        {
          "index_key": "hazel@bhlab.local",
          "schema_version": 0,
          "attributes": {
            "access_key_expiration": null,
            "access_key_id": "",
            "access_key_name": null,
            "access_keys_allowed": false,
            "access_keys_count": 0,
            "account_type": "USER_ACCOUNT",
            "default_role_id": "44f6d23f-62df-4f14-91e8-bc5b7dbb3018",
            "display_name": "Hazel Bentley",
            "email": "hazel@bhlab.local",
            "enable_key_expiration": false,
            "enabled": true,
            "first_name": "Hazel",
            "id": "hazel@bhlab.local",
            "last_login_ts": -1,
            "last_modified_by": "bhlab-api-test",
            "last_modified_ts": 1674925894599,
            "last_name": "Bentley",
            "profile_id": "hazel@bhlab.local",
            "role_ids": [
              "44f6d23f-62df-4f14-91e8-bc5b7dbb3018"
            ],
            "roles": [
              {
                "name": "role_hazel",
                "only_allow_ci_access": false,
                "only_allow_compute_access": false,
                "only_allow_read_access": true,
                "role_id": "44f6d23f-62df-4f14-91e8-bc5b7dbb3018",
                "role_type": "Account Group Read Only"
              }
            ],
            "secret_key": "",
            "time_zone": "America/Los_Angeles",
            "username": "hazel@bhlab.local"
          },
          "sensitive_attributes": [],
          "private": "bnVsbA=="
        },
        {
          "index_key": "ibrahim@bhlab.local",
          "schema_version": 0,
          "attributes": {
            "access_key_expiration": null,
            "access_key_id": "",
            "access_key_name": null,
            "access_keys_allowed": false,
            "access_keys_count": 0,
            "account_type": "USER_ACCOUNT",
            "default_role_id": "c7bf5949-890f-49d7-b672-2a54103d3e2e",
            "display_name": "Ibrahim John",
            "email": "ibrahim@bhlab.local",
            "enable_key_expiration": false,
            "enabled": true,
            "first_name": "Ibrahim",
            "id": "ibrahim@bhlab.local",
            "last_login_ts": -1,
            "last_modified_by": "bhlab-api-test",
            "last_modified_ts": 1674925888778,
            "last_name": "John",
            "profile_id": "ibrahim@bhlab.local",
            "role_ids": [
              "c7bf5949-890f-49d7-b672-2a54103d3e2e"
            ],
            "roles": [
              {
                "name": "role_ibrahim",
                "only_allow_ci_access": false,
                "only_allow_compute_access": false,
                "only_allow_read_access": true,
                "role_id": "c7bf5949-890f-49d7-b672-2a54103d3e2e",
                "role_type": "Account Group Read Only"
              }
            ],
            "secret_key": "",
            "time_zone": "America/Los_Angeles",
            "username": "ibrahim@bhlab.local"
          },
          "sensitive_attributes": [],
          "private": "bnVsbA=="
        },
        {
          "index_key": "isobel@bhlab.local",
          "schema_version": 0,
          "attributes": {
            "access_key_expiration": null,
            "access_key_id": "",
            "access_key_name": null,
            "access_keys_allowed": false,
            "access_keys_count": 0,
            "account_type": "USER_ACCOUNT",
            "default_role_id": "6f04d54e-f4c6-49f1-bf47-e8ac3913957f",
            "display_name": "Isobel Franco",
            "email": "isobel@bhlab.local",
            "enable_key_expiration": false,
            "enabled": true,
            "first_name": "Isobel",
            "id": "isobel@bhlab.local",
            "last_login_ts": -1,
            "last_modified_by": "bhlab-api-test",
            "last_modified_ts": 1674925904908,
            "last_name": "Franco",
            "profile_id": "isobel@bhlab.local",
            "role_ids": [
              "6f04d54e-f4c6-49f1-bf47-e8ac3913957f"
            ],
            "roles": [
              {
                "name": "role_isobel",
                "only_allow_ci_access": false,
                "only_allow_compute_access": false,
                "only_allow_read_access": true,
                "role_id": "6f04d54e-f4c6-49f1-bf47-e8ac3913957f",
                "role_type": "Account Group Read Only"
              }
            ],
            "secret_key": "",
            "time_zone": "America/Los_Angeles",
            "username": "isobel@bhlab.local"
          },
          "sensitive_attributes": [],
          "private": "bnVsbA=="
        },
        {
          "index_key": "jaydon@bhlab.local",
          "schema_version": 0,
          "attributes": {
            "access_key_expiration": null,
            "access_key_id": "",
            "access_key_name": null,
            "access_keys_allowed": false,
            "access_keys_count": 0,
            "account_type": "USER_ACCOUNT",
            "default_role_id": "42beec03-453a-4bc7-b47a-9af9b57e9218",
            "display_name": "Jaydon Joseph",
            "email": "jaydon@bhlab.local",
            "enable_key_expiration": false,
            "enabled": true,
            "first_name": "Jaydon",
            "id": "jaydon@bhlab.local",
            "last_login_ts": -1,
            "last_modified_by": "bhlab-api-test",
            "last_modified_ts": 1674925896524,
            "last_name": "Joseph",
            "profile_id": "jaydon@bhlab.local",
            "role_ids": [
              "42beec03-453a-4bc7-b47a-9af9b57e9218"
            ],
            "roles": [
              {
                "name": "role_jaydon",
                "only_allow_ci_access": false,
                "only_allow_compute_access": false,
                "only_allow_read_access": true,
                "role_id": "42beec03-453a-4bc7-b47a-9af9b57e9218",
                "role_type": "Account Group Read Only"
              }
            ],
            "secret_key": "",
            "time_zone": "America/Los_Angeles",
            "username": "jaydon@bhlab.local"
          },
          "sensitive_attributes": [],
          "private": "bnVsbA=="
        },
        {
          "index_key": "jeremy@bhlab.local",
          "schema_version": 0,
          "attributes": {
            "access_key_expiration": null,
            "access_key_id": "",
            "access_key_name": null,
            "access_keys_allowed": false,
            "access_keys_count": 0,
            "account_type": "USER_ACCOUNT",
            "default_role_id": "b5c6abce-6621-40a5-a6dc-907e3cfdb867",
            "display_name": "Jeremy Collier",
            "email": "jeremy@bhlab.local",
            "enable_key_expiration": false,
            "enabled": true,
            "first_name": "Jeremy",
            "id": "jeremy@bhlab.local",
            "last_login_ts": -1,
            "last_modified_by": "bhlab-api-test",
            "last_modified_ts": 1674925894642,
            "last_name": "Collier",
            "profile_id": "jeremy@bhlab.local",
            "role_ids": [
              "b5c6abce-6621-40a5-a6dc-907e3cfdb867"
            ],
            "roles": [
              {
                "name": "role_jeremy",
                "only_allow_ci_access": false,
                "only_allow_compute_access": false,
                "only_allow_read_access": true,
                "role_id": "b5c6abce-6621-40a5-a6dc-907e3cfdb867",
                "role_type": "Account Group Read Only"
              }
            ],
            "secret_key": "",
            "time_zone": "America/Los_Angeles",
            "username": "jeremy@bhlab.local"
          },
          "sensitive_attributes": [],
          "private": "bnVsbA=="
        },
        {
          "index_key": "juanita@bhlab.local",
          "schema_version": 0,
          "attributes": {
            "access_key_expiration": null,
            "access_key_id": "",
            "access_key_name": null,
            "access_keys_allowed": false,
            "access_keys_count": 0,
            "account_type": "USER_ACCOUNT",
            "default_role_id": "b6a9616f-97d4-43f2-8e7b-c50c12aa45f7",
            "display_name": "Juanita Cardenas",
            "email": "juanita@bhlab.local",
            "enable_key_expiration": false,
            "enabled": true,
            "first_name": "Juanita",
            "id": "juanita@bhlab.local",
            "last_login_ts": -1,
            "last_modified_by": "bhlab-api-test",
            "last_modified_ts": 1674925909625,
            "last_name": "Cardenas",
            "profile_id": "juanita@bhlab.local",
            "role_ids": [
              "b6a9616f-97d4-43f2-8e7b-c50c12aa45f7"
            ],
            "roles": [
              {
                "name": "role_juanita",
                "only_allow_ci_access": false,
                "only_allow_compute_access": false,
                "only_allow_read_access": true,
                "role_id": "b6a9616f-97d4-43f2-8e7b-c50c12aa45f7",
                "role_type": "Account Group Read Only"
              }
            ],
            "secret_key": "",
            "time_zone": "America/Los_Angeles",
            "username": "juanita@bhlab.local"
          },
          "sensitive_attributes": [],
          "private": "bnVsbA=="
        },
        {
          "index_key": "kristen@bhlab.local",
          "schema_version": 0,
          "attributes": {
            "access_key_expiration": null,
            "access_key_id": "",
            "access_key_name": null,
            "access_keys_allowed": false,
            "access_keys_count": 0,
            "account_type": "USER_ACCOUNT",
            "default_role_id": "af76b4b5-c0ee-4969-a5ff-e65dbb5a8adb",
            "display_name": "Kristen Levine",
            "email": "kristen@bhlab.local",
            "enable_key_expiration": false,
            "enabled": true,
            "first_name": "Kristen",
            "id": "kristen@bhlab.local",
            "last_login_ts": -1,
            "last_modified_by": "bhlab-api-test",
            "last_modified_ts": 1674925894714,
            "last_name": "Levine",
            "profile_id": "kristen@bhlab.local",
            "role_ids": [
              "af76b4b5-c0ee-4969-a5ff-e65dbb5a8adb"
            ],
            "roles": [
              {
                "name": "role_kristen",
                "only_allow_ci_access": false,
                "only_allow_compute_access": false,
                "only_allow_read_access": true,
                "role_id": "af76b4b5-c0ee-4969-a5ff-e65dbb5a8adb",
                "role_type": "Account Group Read Only"
              }
            ],
            "secret_key": "",
            "time_zone": "America/Los_Angeles",
            "username": "kristen@bhlab.local"
          },
          "sensitive_attributes": [],
          "private": "bnVsbA=="
        },
        {
          "index_key": "levi@bhlab.local",
          "schema_version": 0,
          "attributes": {
            "access_key_expiration": null,
            "access_key_id": "",
            "access_key_name": null,
            "access_keys_allowed": false,
            "access_keys_count": 0,
            "account_type": "USER_ACCOUNT",
            "default_role_id": "80530d11-342f-472c-944d-e40bf0e1d6a2",
            "display_name": "Levi Bloggs",
            "email": "levi@bhlab.local",
            "enable_key_expiration": false,
            "enabled": true,
            "first_name": "Levi",
            "id": "levi@bhlab.local",
            "last_login_ts": -1,
            "last_modified_by": "bhlab-api-test",
            "last_modified_ts": 1674925903190,
            "last_name": "Bloggs",
            "profile_id": "levi@bhlab.local",
            "role_ids": [
              "80530d11-342f-472c-944d-e40bf0e1d6a2"
            ],
            "roles": [
              {
                "name": "role_levi",
                "only_allow_ci_access": false,
                "only_allow_compute_access": false,
                "only_allow_read_access": true,
                "role_id": "80530d11-342f-472c-944d-e40bf0e1d6a2",
                "role_type": "Account Group Read Only"
              }
            ],
            "secret_key": "",
            "time_zone": "America/Los_Angeles",
            "username": "levi@bhlab.local"
          },
          "sensitive_attributes": [],
          "private": "bnVsbA=="
        },
        {
          "index_key": "maia@bhlab.local",
          "schema_version": 0,
          "attributes": {
            "access_key_expiration": null,
            "access_key_id": "",
            "access_key_name": null,
            "access_keys_allowed": false,
            "access_keys_count": 0,
            "account_type": "USER_ACCOUNT",
            "default_role_id": "5d4789b8-8d90-4964-b80a-cf2362eeae78",
            "display_name": "Maia Klein",
            "email": "maia@bhlab.local",
            "enable_key_expiration": false,
            "enabled": true,
            "first_name": "Maia",
            "id": "maia@bhlab.local",
            "last_login_ts": -1,
            "last_modified_by": "bhlab-api-test",
            "last_modified_ts": 1674925909293,
            "last_name": "Klein",
            "profile_id": "maia@bhlab.local",
            "role_ids": [
              "5d4789b8-8d90-4964-b80a-cf2362eeae78"
            ],
            "roles": [
              {
                "name": "role_maia",
                "only_allow_ci_access": false,
                "only_allow_compute_access": false,
                "only_allow_read_access": true,
                "role_id": "5d4789b8-8d90-4964-b80a-cf2362eeae78",
                "role_type": "Account Group Read Only"
              }
            ],
            "secret_key": "",
            "time_zone": "America/Los_Angeles",
            "username": "maia@bhlab.local"
          },
          "sensitive_attributes": [],
          "private": "bnVsbA=="
        },
        {
          "index_key": "marcel@bhlab.local",
          "schema_version": 0,
          "attributes": {
            "access_key_expiration": null,
            "access_key_id": "",
            "access_key_name": null,
            "access_keys_allowed": false,
            "access_keys_count": 0,
            "account_type": "USER_ACCOUNT",
            "default_role_id": "64f36a6c-5659-47bf-aeff-f04e7eb259a3",
            "display_name": "Marcel Mccarty",
            "email": "marcel@bhlab.local",
            "enable_key_expiration": false,
            "enabled": true,
            "first_name": "Marcel",
            "id": "marcel@bhlab.local",
            "last_login_ts": -1,
            "last_modified_by": "bhlab-api-test",
            "last_modified_ts": 1674925896722,
            "last_name": "Mccarty",
            "profile_id": "marcel@bhlab.local",
            "role_ids": [
              "64f36a6c-5659-47bf-aeff-f04e7eb259a3"
            ],
            "roles": [
              {
                "name": "role_marcel",
                "only_allow_ci_access": false,
                "only_allow_compute_access": false,
                "only_allow_read_access": true,
                "role_id": "64f36a6c-5659-47bf-aeff-f04e7eb259a3",
                "role_type": "Account Group Read Only"
              }
            ],
            "secret_key": "",
            "time_zone": "America/Los_Angeles",
            "username": "marcel@bhlab.local"
          },
          "sensitive_attributes": [],
          "private": "bnVsbA=="
        },
        {
          "index_key": "marcus@bhlab.local",
          "schema_version": 0,
          "attributes": {
            "access_key_expiration": null,
            "access_key_id": "",
            "access_key_name": null,
            "access_keys_allowed": false,
            "access_keys_count": 0,
            "account_type": "USER_ACCOUNT",
            "default_role_id": "aa4af89d-8b67-4c6e-83b3-3ed6382907dd",
            "display_name": "Marcus Gonzalez",
            "email": "marcus@bhlab.local",
            "enable_key_expiration": false,
            "enabled": true,
            "first_name": "Marcus",
            "id": "marcus@bhlab.local",
            "last_login_ts": -1,
            "last_modified_by": "bhlab-api-test",
            "last_modified_ts": 1674925913603,
            "last_name": "Gonzalez",
            "profile_id": "marcus@bhlab.local",
            "role_ids": [
              "aa4af89d-8b67-4c6e-83b3-3ed6382907dd"
            ],
            "roles": [
              {
                "name": "role_marcus",
                "only_allow_ci_access": false,
                "only_allow_compute_access": false,
                "only_allow_read_access": true,
                "role_id": "aa4af89d-8b67-4c6e-83b3-3ed6382907dd",
                "role_type": "Account Group Read Only"
              }
            ],
            "secret_key": "",
            "time_zone": "America/Los_Angeles",
            "username": "marcus@bhlab.local"
          },
          "sensitive_attributes": [],
          "private": "bnVsbA=="
        },
        {
          "index_key": "milly@bhlab.local",
          "schema_version": 0,
          "attributes": {
            "access_key_expiration": null,
            "access_key_id": "",
            "access_key_name": null,
            "access_keys_allowed": false,
            "access_keys_count": 0,
            "account_type": "USER_ACCOUNT",
            "default_role_id": "811e791d-2ddd-4a77-a7c3-021e89c8cc4d",
            "display_name": "Milly Osborne",
            "email": "milly@bhlab.local",
            "enable_key_expiration": false,
            "enabled": true,
            "first_name": "Milly",
            "id": "milly@bhlab.local",
            "last_login_ts": -1,
            "last_modified_by": "bhlab-api-test",
            "last_modified_ts": 1674925889458,
            "last_name": "Osborne",
            "profile_id": "milly@bhlab.local",
            "role_ids": [
              "811e791d-2ddd-4a77-a7c3-021e89c8cc4d"
            ],
            "roles": [
              {
                "name": "role_milly",
                "only_allow_ci_access": false,
                "only_allow_compute_access": false,
                "only_allow_read_access": true,
                "role_id": "811e791d-2ddd-4a77-a7c3-021e89c8cc4d",
                "role_type": "Account Group Read Only"
              }
            ],
            "secret_key": "",
            "time_zone": "America/Los_Angeles",
            "username": "milly@bhlab.local"
          },
          "sensitive_attributes": [],
          "private": "bnVsbA=="
        },
        {
          "index_key": "muhammed@bhlab.local",
          "schema_version": 0,
          "attributes": {
            "access_key_expiration": null,
            "access_key_id": "",
            "access_key_name": null,
            "access_keys_allowed": false,
            "access_keys_count": 0,
            "account_type": "USER_ACCOUNT",
            "default_role_id": "4074ac52-d104-4a8a-961c-a71b1701fd8f",
            "display_name": "Muhammed Hooper",
            "email": "muhammed@bhlab.local",
            "enable_key_expiration": false,
            "enabled": true,
            "first_name": "Muhammed",
            "id": "muhammed@bhlab.local",
            "last_login_ts": -1,
            "last_modified_by": "bhlab-api-test",
            "last_modified_ts": 1674925903276,
            "last_name": "Hooper",
            "profile_id": "muhammed@bhlab.local",
            "role_ids": [
              "4074ac52-d104-4a8a-961c-a71b1701fd8f"
            ],
            "roles": [
              {
                "name": "role_muhammed",
                "only_allow_ci_access": false,
                "only_allow_compute_access": false,
                "only_allow_read_access": true,
                "role_id": "4074ac52-d104-4a8a-961c-a71b1701fd8f",
                "role_type": "Account Group Read Only"
              }
            ],
            "secret_key": "",
            "time_zone": "America/Los_Angeles",
            "username": "muhammed@bhlab.local"
          },
          "sensitive_attributes": [],
          "private": "bnVsbA=="
        },
        {
          "index_key": "nabil@bhlab.local",
          "schema_version": 0,
          "attributes": {
            "access_key_expiration": null,
            "access_key_id": "",
            "access_key_name": null,
            "access_keys_allowed": false,
            "access_keys_count": 0,
            "account_type": "USER_ACCOUNT",
            "default_role_id": "ca5ec383-4aea-451f-82dc-701edcf527cb",
            "display_name": "Nabil Hansen",
            "email": "nabil@bhlab.local",
            "enable_key_expiration": false,
            "enabled": true,
            "first_name": "Nabil",
            "id": "nabil@bhlab.local",
            "last_login_ts": -1,
            "last_modified_by": "bhlab-api-test",
            "last_modified_ts": 1674925907556,
            "last_name": "Hansen",
            "profile_id": "nabil@bhlab.local",
            "role_ids": [
              "ca5ec383-4aea-451f-82dc-701edcf527cb"
            ],
            "roles": [
              {
                "name": "role_nabil",
                "only_allow_ci_access": false,
                "only_allow_compute_access": false,
                "only_allow_read_access": true,
                "role_id": "ca5ec383-4aea-451f-82dc-701edcf527cb",
                "role_type": "Account Group Read Only"
              }
            ],
            "secret_key": "",
            "time_zone": "America/Los_Angeles",
            "username": "nabil@bhlab.local"
          },
          "sensitive_attributes": [],
          "private": "bnVsbA=="
        },
        {
          "index_key": "norma@bhlab.local",
          "schema_version": 0,
          "attributes": {
            "access_key_expiration": null,
            "access_key_id": "",
            "access_key_name": null,
            "access_keys_allowed": false,
            "access_keys_count": 0,
            "account_type": "USER_ACCOUNT",
            "default_role_id": "28606821-328d-4c82-95a6-867091ae5792",
            "display_name": "Norma Craig",
            "email": "norma@bhlab.local",
            "enable_key_expiration": false,
            "enabled": true,
            "first_name": "Norma",
            "id": "norma@bhlab.local",
            "last_login_ts": -1,
            "last_modified_by": "bhlab-api-test",
            "last_modified_ts": 1674925905192,
            "last_name": "Craig",
            "profile_id": "norma@bhlab.local",
            "role_ids": [
              "28606821-328d-4c82-95a6-867091ae5792"
            ],
            "roles": [
              {
                "name": "role_norma",
                "only_allow_ci_access": false,
                "only_allow_compute_access": false,
                "only_allow_read_access": true,
                "role_id": "28606821-328d-4c82-95a6-867091ae5792",
                "role_type": "Account Group Read Only"
              }
            ],
            "secret_key": "",
            "time_zone": "America/Los_Angeles",
            "username": "norma@bhlab.local"
          },
          "sensitive_attributes": [],
          "private": "bnVsbA=="
        },
        {
          "index_key": "otto@bhlab.local",
          "schema_version": 0,
          "attributes": {
            "access_key_expiration": null,
            "access_key_id": "",
            "access_key_name": null,
            "access_keys_allowed": false,
            "access_keys_count": 0,
            "account_type": "USER_ACCOUNT",
            "default_role_id": "178ded24-3143-4b51-b726-13f30288bc4c",
            "display_name": "Otto Bradley",
            "email": "otto@bhlab.local",
            "enable_key_expiration": false,
            "enabled": true,
            "first_name": "Otto",
            "id": "otto@bhlab.local",
            "last_login_ts": -1,
            "last_modified_by": "bhlab-api-test",
            "last_modified_ts": 1674925889440,
            "last_name": "Bradley",
            "profile_id": "otto@bhlab.local",
            "role_ids": [
              "178ded24-3143-4b51-b726-13f30288bc4c"
            ],
            "roles": [
              {
                "name": "role_otto",
                "only_allow_ci_access": false,
                "only_allow_compute_access": false,
                "only_allow_read_access": true,
                "role_id": "178ded24-3143-4b51-b726-13f30288bc4c",
                "role_type": "Account Group Read Only"
              }
            ],
            "secret_key": "",
            "time_zone": "America/Los_Angeles",
            "username": "otto@bhlab.local"
          },
          "sensitive_attributes": [],
          "private": "bnVsbA=="
        },
        {
          "index_key": "pamela@bhlab.local",
          "schema_version": 0,
          "attributes": {
            "access_key_expiration": null,
            "access_key_id": "",
            "access_key_name": null,
            "access_keys_allowed": false,
            "access_keys_count": 0,
            "account_type": "USER_ACCOUNT",
            "default_role_id": "ed8b1ed9-9771-4481-b061-e4b53a316e84",
            "display_name": "Pamela Blaese",
            "email": "pamela@bhlab.local",
            "enable_key_expiration": false,
            "enabled": true,
            "first_name": "Pamela",
            "id": "pamela@bhlab.local",
            "last_login_ts": -1,
            "last_modified_by": "bhlab-api-test",
            "last_modified_ts": 1674925898866,
            "last_name": "Blaese",
            "profile_id": "pamela@bhlab.local",
            "role_ids": [
              "ed8b1ed9-9771-4481-b061-e4b53a316e84"
            ],
            "roles": [
              {
                "name": "role_pamela",
                "only_allow_ci_access": false,
                "only_allow_compute_access": false,
                "only_allow_read_access": true,
                "role_id": "ed8b1ed9-9771-4481-b061-e4b53a316e84",
                "role_type": "Account Group Read Only"
              }
            ],
            "secret_key": "",
            "time_zone": "America/Los_Angeles",
            "username": "pamela@bhlab.local"
          },
          "sensitive_attributes": [],
          "private": "bnVsbA=="
        },
        {
          "index_key": "robert@bhlab.local",
          "schema_version": 0,
          "attributes": {
            "access_key_expiration": null,
            "access_key_id": "",
            "access_key_name": null,
            "access_keys_allowed": false,
            "access_keys_count": 0,
            "account_type": "USER_ACCOUNT",
            "default_role_id": "a60fd1b2-8fca-4ae7-b277-0c3be7afdf04",
            "display_name": "Robert Reed",
            "email": "robert@bhlab.local",
            "enable_key_expiration": false,
            "enabled": true,
            "first_name": "Robert",
            "id": "robert@bhlab.local",
            "last_login_ts": -1,
            "last_modified_by": "bhlab-api-test",
            "last_modified_ts": 1674925907916,
            "last_name": "Reed",
            "profile_id": "robert@bhlab.local",
            "role_ids": [
              "a60fd1b2-8fca-4ae7-b277-0c3be7afdf04"
            ],
            "roles": [
              {
                "name": "role_robert",
                "only_allow_ci_access": false,
                "only_allow_compute_access": false,
                "only_allow_read_access": true,
                "role_id": "a60fd1b2-8fca-4ae7-b277-0c3be7afdf04",
                "role_type": "Account Group Read Only"
              }
            ],
            "secret_key": "",
            "time_zone": "America/Los_Angeles",
            "username": "robert@bhlab.local"
          },
          "sensitive_attributes": [],
          "private": "bnVsbA=="
        },
        {
          "index_key": "rohan@bhlab.local",
          "schema_version": 0,
          "attributes": {
            "access_key_expiration": null,
            "access_key_id": "",
            "access_key_name": null,
            "access_keys_allowed": false,
            "access_keys_count": 0,
            "account_type": "USER_ACCOUNT",
            "default_role_id": "a515e9b1-6c5b-4a32-80c9-b4ad896dbf26",
            "display_name": "Rohan Roberson",
            "email": "rohan@bhlab.local",
            "enable_key_expiration": false,
            "enabled": true,
            "first_name": "Rohan",
            "id": "rohan@bhlab.local",
            "last_login_ts": -1,
            "last_modified_by": "bhlab-api-test",
            "last_modified_ts": 1674925904903,
            "last_name": "Roberson",
            "profile_id": "rohan@bhlab.local",
            "role_ids": [
              "a515e9b1-6c5b-4a32-80c9-b4ad896dbf26"
            ],
            "roles": [
              {
                "name": "role_rohan",
                "only_allow_ci_access": false,
                "only_allow_compute_access": false,
                "only_allow_read_access": true,
                "role_id": "a515e9b1-6c5b-4a32-80c9-b4ad896dbf26",
                "role_type": "Account Group Read Only"
              }
            ],
            "secret_key": "",
            "time_zone": "America/Los_Angeles",
            "username": "rohan@bhlab.local"
          },
          "sensitive_attributes": [],
          "private": "bnVsbA=="
        },
        {
          "index_key": "roxanne@bhlab.local",
          "schema_version": 0,
          "attributes": {
            "access_key_expiration": null,
            "access_key_id": "",
            "access_key_name": null,
            "access_keys_allowed": false,
            "access_keys_count": 0,
            "account_type": "USER_ACCOUNT",
            "default_role_id": "f1ab6807-b4c1-4f3d-8854-6ae448e4ed1b",
            "display_name": "Roxanne Schultz",
            "email": "roxanne@bhlab.local",
            "enable_key_expiration": false,
            "enabled": true,
            "first_name": "Roxanne",
            "id": "roxanne@bhlab.local",
            "last_login_ts": -1,
            "last_modified_by": "bhlab-api-test",
            "last_modified_ts": 1674925914281,
            "last_name": "Schultz",
            "profile_id": "roxanne@bhlab.local",
            "role_ids": [
              "f1ab6807-b4c1-4f3d-8854-6ae448e4ed1b"
            ],
            "roles": [
              {
                "name": "role_roxanne",
                "only_allow_ci_access": false,
                "only_allow_compute_access": false,
                "only_allow_read_access": true,
                "role_id": "f1ab6807-b4c1-4f3d-8854-6ae448e4ed1b",
                "role_type": "Account Group Read Only"
              }
            ],
            "secret_key": "",
            "time_zone": "America/Los_Angeles",
            "username": "roxanne@bhlab.local"
          },
          "sensitive_attributes": [],
          "private": "bnVsbA=="
        },
        {
          "index_key": "ruben@bhlab.local",
          "schema_version": 0,
          "attributes": {
            "access_key_expiration": null,
            "access_key_id": "",
            "access_key_name": null,
            "access_keys_allowed": false,
            "access_keys_count": 0,
            "account_type": "USER_ACCOUNT",
            "default_role_id": "e39a276a-7040-4951-9fe4-621968c24895",
            "display_name": "Ruben Berg",
            "email": "ruben@bhlab.local",
            "enable_key_expiration": false,
            "enabled": true,
            "first_name": "Ruben",
            "id": "ruben@bhlab.local",
            "last_login_ts": -1,
            "last_modified_by": "bhlab-api-test",
            "last_modified_ts": 1674925889452,
            "last_name": "Berg",
            "profile_id": "ruben@bhlab.local",
            "role_ids": [
              "e39a276a-7040-4951-9fe4-621968c24895"
            ],
            "roles": [
              {
                "name": "role_ruben",
                "only_allow_ci_access": false,
                "only_allow_compute_access": false,
                "only_allow_read_access": true,
                "role_id": "e39a276a-7040-4951-9fe4-621968c24895",
                "role_type": "Account Group Read Only"
              }
            ],
            "secret_key": "",
            "time_zone": "America/Los_Angeles",
            "username": "ruben@bhlab.local"
          },
          "sensitive_attributes": [],
          "private": "bnVsbA=="
        },
        {
          "index_key": "saad@bhlab.local",
          "schema_version": 0,
          "attributes": {
            "access_key_expiration": null,
            "access_key_id": "",
            "access_key_name": null,
            "access_keys_allowed": false,
            "access_keys_count": 0,
            "account_type": "USER_ACCOUNT",
            "default_role_id": "6e44a21f-42bf-4012-9570-7df780ecb88c",
            "display_name": "Saad Santana",
            "email": "saad@bhlab.local",
            "enable_key_expiration": false,
            "enabled": true,
            "first_name": "Saad",
            "id": "saad@bhlab.local",
            "last_login_ts": -1,
            "last_modified_by": "bhlab-api-test",
            "last_modified_ts": 1674925896869,
            "last_name": "Santana",
            "profile_id": "saad@bhlab.local",
            "role_ids": [
              "6e44a21f-42bf-4012-9570-7df780ecb88c"
            ],
            "roles": [
              {
                "name": "role_saad",
                "only_allow_ci_access": false,
                "only_allow_compute_access": false,
                "only_allow_read_access": true,
                "role_id": "6e44a21f-42bf-4012-9570-7df780ecb88c",
                "role_type": "Account Group Read Only"
              }
            ],
            "secret_key": "",
            "time_zone": "America/Los_Angeles",
            "username": "saad@bhlab.local"
          },
          "sensitive_attributes": [],
          "private": "bnVsbA=="
        },
        {
          "index_key": "sadia@bhlab.local",
          "schema_version": 0,
          "attributes": {
            "access_key_expiration": null,
            "access_key_id": "",
            "access_key_name": null,
            "access_keys_allowed": false,
            "access_keys_count": 0,
            "account_type": "USER_ACCOUNT",
            "default_role_id": "73f7aa8b-e199-419e-867d-ea7cc8ddde32",
            "display_name": "Sadia Aguirre",
            "email": "sadia@bhlab.local",
            "enable_key_expiration": false,
            "enabled": true,
            "first_name": "Sadia",
            "id": "sadia@bhlab.local",
            "last_login_ts": -1,
            "last_modified_by": "bhlab-api-test",
            "last_modified_ts": 1674925900889,
            "last_name": "Aguirre",
            "profile_id": "sadia@bhlab.local",
            "role_ids": [
              "73f7aa8b-e199-419e-867d-ea7cc8ddde32"
            ],
            "roles": [
              {
                "name": "role_sadia",
                "only_allow_ci_access": false,
                "only_allow_compute_access": false,
                "only_allow_read_access": true,
                "role_id": "73f7aa8b-e199-419e-867d-ea7cc8ddde32",
                "role_type": "Account Group Read Only"
              }
            ],
            "secret_key": "",
            "time_zone": "America/Los_Angeles",
            "username": "sadia@bhlab.local"
          },
          "sensitive_attributes": [],
          "private": "bnVsbA=="
        },
        {
          "index_key": "samuel@bhlab.local",
          "schema_version": 0,
          "attributes": {
            "access_key_expiration": null,
            "access_key_id": "",
            "access_key_name": null,
            "access_keys_allowed": false,
            "access_keys_count": 0,
            "account_type": "USER_ACCOUNT",
            "default_role_id": "16a0c3f5-ea25-4675-90f4-abe18e047b71",
            "display_name": "Samuel Buck",
            "email": "samuel@bhlab.local",
            "enable_key_expiration": false,
            "enabled": true,
            "first_name": "Samuel",
            "id": "samuel@bhlab.local",
            "last_login_ts": -1,
            "last_modified_by": "bhlab-api-test",
            "last_modified_ts": 1674925909286,
            "last_name": "Buck",
            "profile_id": "samuel@bhlab.local",
            "role_ids": [
              "16a0c3f5-ea25-4675-90f4-abe18e047b71"
            ],
            "roles": [
              {
                "name": "role_samuel",
                "only_allow_ci_access": false,
                "only_allow_compute_access": false,
                "only_allow_read_access": true,
                "role_id": "16a0c3f5-ea25-4675-90f4-abe18e047b71",
                "role_type": "Account Group Read Only"
              }
            ],
            "secret_key": "",
            "time_zone": "America/Los_Angeles",
            "username": "samuel@bhlab.local"
          },
          "sensitive_attributes": [],
          "private": "bnVsbA=="
        },
        {
          "index_key": "shannon@bhlab.local",
          "schema_version": 0,
          "attributes": {
            "access_key_expiration": null,
            "access_key_id": "",
            "access_key_name": null,
            "access_keys_allowed": false,
            "access_keys_count": 0,
            "account_type": "USER_ACCOUNT",
            "default_role_id": "aaa80e06-ee46-4397-9be9-05f2c8fb7af9",
            "display_name": "Shannon Hendricks",
            "email": "shannon@bhlab.local",
            "enable_key_expiration": false,
            "enabled": true,
            "first_name": "Shannon",
            "id": "shannon@bhlab.local",
            "last_login_ts": -1,
            "last_modified_by": "bhlab-api-test",
            "last_modified_ts": 1674925905113,
            "last_name": "Hendricks",
            "profile_id": "shannon@bhlab.local",
            "role_ids": [
              "aaa80e06-ee46-4397-9be9-05f2c8fb7af9"
            ],
            "roles": [
              {
                "name": "role_shannon",
                "only_allow_ci_access": false,
                "only_allow_compute_access": false,
                "only_allow_read_access": true,
                "role_id": "aaa80e06-ee46-4397-9be9-05f2c8fb7af9",
                "role_type": "Account Group Read Only"
              }
            ],
            "secret_key": "",
            "time_zone": "America/Los_Angeles",
            "username": "shannon@bhlab.local"
          },
          "sensitive_attributes": [],
          "private": "bnVsbA=="
        },
        {
          "index_key": "sydney@bhlab.local",
          "schema_version": 0,
          "attributes": {
            "access_key_expiration": null,
            "access_key_id": "",
            "access_key_name": null,
            "access_keys_allowed": false,
            "access_keys_count": 0,
            "account_type": "USER_ACCOUNT",
            "default_role_id": "a4099e71-2f0c-4862-8275-505c4899b3ce",
            "display_name": "Sydney Wiggins",
            "email": "sydney@bhlab.local",
            "enable_key_expiration": false,
            "enabled": true,
            "first_name": "Sydney",
            "id": "sydney@bhlab.local",
            "last_login_ts": -1,
            "last_modified_by": "bhlab-api-test",
            "last_modified_ts": 1674925889458,
            "last_name": "Wiggins",
            "profile_id": "sydney@bhlab.local",
            "role_ids": [
              "a4099e71-2f0c-4862-8275-505c4899b3ce"
            ],
            "roles": [
              {
                "name": "role_sydney",
                "only_allow_ci_access": false,
                "only_allow_compute_access": false,
                "only_allow_read_access": true,
                "role_id": "a4099e71-2f0c-4862-8275-505c4899b3ce",
                "role_type": "Account Group Read Only"
              }
            ],
            "secret_key": "",
            "time_zone": "America/Los_Angeles",
            "username": "sydney@bhlab.local"
          },
          "sensitive_attributes": [],
          "private": "bnVsbA=="
        },
        {
          "index_key": "szymon@bhlab.local",
          "schema_version": 0,
          "attributes": {
            "access_key_expiration": null,
            "access_key_id": "",
            "access_key_name": null,
            "access_keys_allowed": false,
            "access_keys_count": 0,
            "account_type": "USER_ACCOUNT",
            "default_role_id": "8523cc48-abeb-4188-834c-e491250f1e65",
            "display_name": "Szymon Grimes",
            "email": "szymon@bhlab.local",
            "enable_key_expiration": false,
            "enabled": true,
            "first_name": "Szymon",
            "id": "szymon@bhlab.local",
            "last_login_ts": -1,
            "last_modified_by": "bhlab-api-test",
            "last_modified_ts": 1674925889433,
            "last_name": "Grimes",
            "profile_id": "szymon@bhlab.local",
            "role_ids": [
              "8523cc48-abeb-4188-834c-e491250f1e65"
            ],
            "roles": [
              {
                "name": "role_szymon",
                "only_allow_ci_access": false,
                "only_allow_compute_access": false,
                "only_allow_read_access": true,
                "role_id": "8523cc48-abeb-4188-834c-e491250f1e65",
                "role_type": "Account Group Read Only"
              }
            ],
            "secret_key": "",
            "time_zone": "America/Los_Angeles",
            "username": "szymon@bhlab.local"
          },
          "sensitive_attributes": [],
          "private": "bnVsbA=="
        },
        {
          "index_key": "tasneem@bhlab.local",
          "schema_version": 0,
          "attributes": {
            "access_key_expiration": null,
            "access_key_id": "",
            "access_key_name": null,
            "access_keys_allowed": false,
            "access_keys_count": 0,
            "account_type": "USER_ACCOUNT",
            "default_role_id": "7f46d790-7998-4ccd-9bc9-8a003539c920",
            "display_name": "Tasneem O'Quinn",
            "email": "tasneem@bhlab.local",
            "enable_key_expiration": false,
            "enabled": true,
            "first_name": "Tasneem",
            "id": "tasneem@bhlab.local",
            "last_login_ts": -1,
            "last_modified_by": "bhlab-api-test",
            "last_modified_ts": 1674925914347,
            "last_name": "O'Quinn",
            "profile_id": "tasneem@bhlab.local",
            "role_ids": [
              "7f46d790-7998-4ccd-9bc9-8a003539c920"
            ],
            "roles": [
              {
                "name": "role_tasneem",
                "only_allow_ci_access": false,
                "only_allow_compute_access": false,
                "only_allow_read_access": true,
                "role_id": "7f46d790-7998-4ccd-9bc9-8a003539c920",
                "role_type": "Account Group Read Only"
              }
            ],
            "secret_key": "",
            "time_zone": "America/Los_Angeles",
            "username": "tasneem@bhlab.local"
          },
          "sensitive_attributes": [],
          "private": "bnVsbA=="
        },
        {
          "index_key": "taya@bhlab.local",
          "schema_version": 0,
          "attributes": {
            "access_key_expiration": null,
            "access_key_id": "",
            "access_key_name": null,
            "access_keys_allowed": false,
            "access_keys_count": 0,
            "account_type": "USER_ACCOUNT",
            "default_role_id": "a2916c10-f565-4e2e-a2b1-8de13493c8cf",
            "display_name": "Taya Lowery",
            "email": "taya@bhlab.local",
            "enable_key_expiration": false,
            "enabled": true,
            "first_name": "Taya",
            "id": "taya@bhlab.local",
            "last_login_ts": -1,
            "last_modified_by": "bhlab-api-test",
            "last_modified_ts": 1674925913970,
            "last_name": "Lowery",
            "profile_id": "taya@bhlab.local",
            "role_ids": [
              "a2916c10-f565-4e2e-a2b1-8de13493c8cf"
            ],
            "roles": [
              {
                "name": "role_taya",
                "only_allow_ci_access": false,
                "only_allow_compute_access": false,
                "only_allow_read_access": true,
                "role_id": "a2916c10-f565-4e2e-a2b1-8de13493c8cf",
                "role_type": "Account Group Read Only"
              }
            ],
            "secret_key": "",
            "time_zone": "America/Los_Angeles",
            "username": "taya@bhlab.local"
          },
          "sensitive_attributes": [],
          "private": "bnVsbA=="
        },
        {
          "index_key": "tegan@bhlab.local",
          "schema_version": 0,
          "attributes": {
            "access_key_expiration": null,
            "access_key_id": "",
            "access_key_name": null,
            "access_keys_allowed": false,
            "access_keys_count": 0,
            "account_type": "USER_ACCOUNT",
            "default_role_id": "a51a36bb-2192-4066-80dd-8fe372d132d0",
            "display_name": "Tegan Douglas",
            "email": "tegan@bhlab.local",
            "enable_key_expiration": false,
            "enabled": true,
            "first_name": "Tegan",
            "id": "tegan@bhlab.local",
            "last_login_ts": -1,
            "last_modified_by": "bhlab-api-test",
            "last_modified_ts": 1674925917765,
            "last_name": "Douglas",
            "profile_id": "tegan@bhlab.local",
            "role_ids": [
              "a51a36bb-2192-4066-80dd-8fe372d132d0"
            ],
            "roles": [
              {
                "name": "role_tegan",
                "only_allow_ci_access": false,
                "only_allow_compute_access": false,
                "only_allow_read_access": true,
                "role_id": "a51a36bb-2192-4066-80dd-8fe372d132d0",
                "role_type": "Account Group Read Only"
              }
            ],
            "secret_key": "",
            "time_zone": "America/Los_Angeles",
            "username": "tegan@bhlab.local"
          },
          "sensitive_attributes": [],
          "private": "bnVsbA=="
        },
        {
          "index_key": "theo@bhlab.local",
          "schema_version": 0,
          "attributes": {
            "access_key_expiration": null,
            "access_key_id": "",
            "access_key_name": null,
            "access_keys_allowed": false,
            "access_keys_count": 0,
            "account_type": "USER_ACCOUNT",
            "default_role_id": "e350f15d-ab38-41c3-9468-714bcb3ad204",
            "display_name": "Theo Guerra",
            "email": "theo@bhlab.local",
            "enable_key_expiration": false,
            "enabled": true,
            "first_name": "Theo",
            "id": "theo@bhlab.local",
            "last_login_ts": -1,
            "last_modified_by": "bhlab-api-test",
            "last_modified_ts": 1674925896877,
            "last_name": "Guerra",
            "profile_id": "theo@bhlab.local",
            "role_ids": [
              "e350f15d-ab38-41c3-9468-714bcb3ad204"
            ],
            "roles": [
              {
                "name": "role_theo",
                "only_allow_ci_access": false,
                "only_allow_compute_access": false,
                "only_allow_read_access": true,
                "role_id": "e350f15d-ab38-41c3-9468-714bcb3ad204",
                "role_type": "Account Group Read Only"
              }
            ],
            "secret_key": "",
            "time_zone": "America/Los_Angeles",
            "username": "theo@bhlab.local"
          },
          "sensitive_attributes": [],
          "private": "bnVsbA=="
        },
        {
          "index_key": "trey@bhlab.local",
          "schema_version": 0,
          "attributes": {
            "access_key_expiration": null,
            "access_key_id": "",
            "access_key_name": null,
            "access_keys_allowed": false,
            "access_keys_count": 0,
            "account_type": "USER_ACCOUNT",
            "default_role_id": "6f3e7c63-d5f3-44b1-bc29-7cca277792ee",
            "display_name": "Trey Huber",
            "email": "trey@bhlab.local",
            "enable_key_expiration": false,
            "enabled": true,
            "first_name": "Trey",
            "id": "trey@bhlab.local",
            "last_login_ts": -1,
            "last_modified_by": "bhlab-api-test",
            "last_modified_ts": 1674925904966,
            "last_name": "Huber",
            "profile_id": "trey@bhlab.local",
            "role_ids": [
              "6f3e7c63-d5f3-44b1-bc29-7cca277792ee"
            ],
            "roles": [
              {
                "name": "role_trey",
                "only_allow_ci_access": false,
                "only_allow_compute_access": false,
                "only_allow_read_access": true,
                "role_id": "6f3e7c63-d5f3-44b1-bc29-7cca277792ee",
                "role_type": "Account Group Read Only"
              }
            ],
            "secret_key": "",
            "time_zone": "America/Los_Angeles",
            "username": "trey@bhlab.local"
          },
          "sensitive_attributes": [],
          "private": "bnVsbA=="
        },
        {
          "index_key": "zakariya@bhlab.local",
          "schema_version": 0,
          "attributes": {
            "access_key_expiration": null,
            "access_key_id": "",
            "access_key_name": null,
            "access_keys_allowed": false,
            "access_keys_count": 0,
            "account_type": "USER_ACCOUNT",
            "default_role_id": "7c485093-9e8b-4779-b2e1-49a599ffad2b",
            "display_name": "Zakariya Booth",
            "email": "zakariya@bhlab.local",
            "enable_key_expiration": false,
            "enabled": true,
            "first_name": "Zakariya",
            "id": "zakariya@bhlab.local",
            "last_login_ts": -1,
            "last_modified_by": "bhlab-api-test",
            "last_modified_ts": 1674925899309,
            "last_name": "Booth",
            "profile_id": "zakariya@bhlab.local",
            "role_ids": [
              "7c485093-9e8b-4779-b2e1-49a599ffad2b"
            ],
            "roles": [
              {
                "name": "role_zakariya",
                "only_allow_ci_access": false,
                "only_allow_compute_access": false,
                "only_allow_read_access": true,
                "role_id": "7c485093-9e8b-4779-b2e1-49a599ffad2b",
                "role_type": "Account Group Read Only"
              }
            ],
            "secret_key": "",
            "time_zone": "America/Los_Angeles",
            "username": "zakariya@bhlab.local"
          },
          "sensitive_attributes": [],
          "private": "bnVsbA=="
        }
      ]
    }
  ],
  "check_results": []
}
