{
  "version": 4,
  "terraform_version": "1.3.3",
  "serial": 52,
  "lineage": "179c800f-f03d-4198-9242-a7535fe6a66f",
  "outputs": {},
  "resources": [
    {
      "mode": "managed",
      "type": "prismacloud_account_group",
      "name": "example",
      "provider": "provider[\"registry.terraform.io/paloaltonetworks/prismacloud\"]",
      "instances": [
        {
          "index_key": "acc_gp_abbas",
          "schema_version": 0,
          "attributes": {
            "account_ids": [
              "15135545772",
              "184001509516",
              "291312000000",
              "386731950488",
              "483235604438",
              "585217285269",
              "729455430620",
              "838310558205",
              "91450355043",
              "921673503812",
              "94487a09-7e0e-44dc-a3d1-a85b27548e7f",
              "9cbb740f-f510-4f1d-a7ce-522bd8f40586",
              "Master_Chief_Azure::25c6f9a7-70cf-40af-aa24-30180bb8faee",
              "arctic-thought-331015",
              "eba0da22-7f8b-4f35-8162-9ae7be037116",
              "f7f5e6c3-88a8-49b1-b810-66491794a9c1",
              "nuevo-proyecto-339311",
              "prisma-cloud-agentless-sub",
              "prisma-pasq2",
              "prisma-pravin-se-test"
            ],
            "child_group_ids": null,
            "description": "This is the account group acc_gp_abbas created by terraform",
            "group_id": "35621aae-0edf-496e-b9a8-760fe5d3dde6",
            "id": "35621aae-0edf-496e-b9a8-760fe5d3dde6",
            "last_modified_by": "bhlab-api-test",
            "last_modified_ts": 1674923674227,
            "name": "acc_gp_abbas"
          },
          "sensitive_attributes": [],
          "private": "bnVsbA=="
        },
        {
          "index_key": "acc_gp_alivia",
          "schema_version": 0,
          "attributes": {
            "account_ids": [
              "134021000000",
              "242044481990",
              "332180612554",
              "35939bf6-1bcf-47c0-98c0-324f38d3c7eb",
              "38fe61bd-82c7-4ea1-a09a-c40bbfae9c29",
              "431324840788",
              "53393018303",
              "547412619302",
              "668911652949",
              "779121152011",
              "873759202156",
              "973495172897",
              "ccf09df5-70b8-405d-96f0-995258e502d2",
              "clsandbox",
              "ha-demo--landingzones::6778e048-b87e-49c9-bf03-dd3089404bac",
              "mdidedda",
              "ocid1.compartment.oc1..aaaaaaaadpcm5hyuhce56d2tnr5chi4jurrsuxgwkyzunr63jxnv6ilzwckq",
              "ocid1.compartment.oc1..aaaaaaaalzj6w55hqqlhb4tag4epoat2yxmais4us6ybac64ienknhhhg3ta",
              "universal-wares-270905",
              "verdant-bruin-295803"
            ],
            "child_group_ids": null,
            "description": "This is the account group acc_gp_alivia created by terraform",
            "group_id": "8b1464d4-5118-4d08-b742-384a4d58a173",
            "id": "8b1464d4-5118-4d08-b742-384a4d58a173",
            "last_modified_by": "bhlab-api-test",
            "last_modified_ts": 1674923674252,
            "name": "acc_gp_alivia"
          },
          "sensitive_attributes": [],
          "private": "bnVsbA=="
        },
        {
          "index_key": "acc_gp_alvin",
          "schema_version": 0,
          "attributes": {
            "account_ids": [
              "11212803418",
              "183538325842",
              "288199337179",
              "377580432781",
              "40201d54-80fe-4109-b4b2-2176cbf18f04",
              "481171626066",
              "584294139231",
              "722022684940",
              "835253202433",
              "8944139f-4b1b-4090-a64b-f30e0dbecf83",
              "89522617534",
              "917697146165",
              "99a99b99-99a0-9ab9-a9a9-999a1234abc9",
              "9b0e38bd-4129-4564-b48f-9cfe7ee92927",
              "Leeroy_Jenkins_Azure::25c6f9a7-70cf-40af-aa24-30180bb8faee",
              "e8cdd92c-3aae-4cf9-a0f0-425080977062",
              "encoded-density-338815",
              "ocid1.compartment.oc1..aaaaaaaanvfkvkmfcbcp6djut62e5h7fnw6okktgvzdwi3eclgxtvafgqa3q",
              "pcs-dev-sandbox",
              "prismaenable"
            ],
            "child_group_ids": null,
            "description": "This is the account group acc_gp_alvin created by terraform",
            "group_id": "af003527-fc31-4bfa-a6db-035bb2eed1a5",
            "id": "af003527-fc31-4bfa-a6db-035bb2eed1a5",
            "last_modified_by": "bhlab-api-test",
            "last_modified_ts": 1674923677580,
            "name": "acc_gp_alvin"
          },
          "sensitive_attributes": [],
          "private": "bnVsbA=="
        },
        {
          "index_key": "acc_gp_ana",
          "schema_version": 0,
          "attributes": {
            "account_ids": [
              "0d6f7fcd-4467-4fb4-b686-e4488b7027e0",
              "120736686455",
              "14a9fd6c-e71e-431f-a982-11877d1ce82d",
              "207712509713",
              "312486522181",
              "36655317124",
              "415439853075",
              "514306644741",
              "640032206612",
              "754394867250",
              "855804832113",
              "945421284766",
              "abf86192-e0aa-4a15-a95d-4b13760d1ee3",
              "bb-gcp-pcs-lab",
              "c17ca2a1-1738-4b4e-b833-9f6ba1ad171d",
              "jpecora-prismacloud-356813",
              "marcosmanagementgroup::2cec7305-5246-474d-b522-56705705735a",
              "my-project-1489031771901",
              "tanagi-demo-project",
              "test-lcastro"
            ],
            "child_group_ids": null,
            "description": "This is the account group acc_gp_ana created by terraform",
            "group_id": "3c1a48e0-7352-4229-87d2-5c5e59c01ef4",
            "id": "3c1a48e0-7352-4229-87d2-5c5e59c01ef4",
            "last_modified_by": "bhlab-api-test",
            "last_modified_ts": 1674923681399,
            "name": "acc_gp_ana"
          },
          "sensitive_attributes": [],
          "private": "bnVsbA=="
        },
        {
          "index_key": "acc_gp_arnold",
          "schema_version": 0,
          "attributes": {
            "account_ids": [
              "150419363967",
              "267829000000",
              "359443641540",
              "395124133866",
              "463818315114",
              "568369393142",
              "6721efbb-7f3c-4560-8a82-bece3f1519c3",
              "68435ce9-5ce9-4d2a-90ac-59eca8ea40f6",
              "691960604382",
              "75596350513",
              "7e47e207-3fb9-4f36-963a-c6a03916aa9a",
              "815095099014",
              "894344155096",
              "dd1a9251-ea9d-439d-bd43-e706cc6bdc1d",
              "e045c6e3-cc11-458a-8d77-9459ac93a3a1",
              "ha-demo--corp::6778e048-b87e-49c9-bf03-dd3089404bac",
              "nuevo-proyecto-339311",
              "ocid1.tenancy.oc1..aaaaaaaan7siqyc2wa3zeh7gvx7hy6t6wh6ncnkhhr6wkzujp62iqexhocqq",
              "okd-testing-2",
              "pcs-gcp-cspm-lab01"
            ],
            "child_group_ids": null,
            "description": "This is the account group acc_gp_arnold created by terraform",
            "group_id": "e3e27696-8499-41fb-8e2a-f6e032caad19",
            "id": "e3e27696-8499-41fb-8e2a-f6e032caad19",
            "last_modified_by": "bhlab-api-test",
            "last_modified_ts": 1674923672341,
            "name": "acc_gp_arnold"
          },
          "sensitive_attributes": [],
          "private": "bnVsbA=="
        },
        {
          "index_key": "acc_gp_ben",
          "schema_version": 0,
          "attributes": {
            "account_ids": [
              "141791097098",
              "261915089200",
              "340942053146",
              "452750642022",
              "558653044727",
              "598feb65-d1fc-45df-88fc-1cd0656a420b",
              "5c72b57b-f00d-4487-93be-5dd79bf6db4b",
              "67935374292",
              "680119874807",
              "805116000000",
              "889079862519",
              "92976758379",
              "997364276199",
              "aa8e01fe-3c97-4cc8-acfe-15147b399bd1",
              "cnseries-deployments",
              "da9be3a1-5390-4140-8ce1-071075c8bada",
              "e801179d-de9f-43f6-9b68-91be094d6c74",
              "f7a5e9fb-c2aa-4fda-8540-331333887db7",
              "ocid1.tenancy.oc1..aaaaaaaafls6eoshdvd4pv53ahdqajdoo4g4ezhlsi5xr5qpodpvwxgf4kfq",
              "ocid1.tenancy.oc1..aaaaaaaama264krohd4fhdvvlbvswc6wppos44qq3ugrmlwqjn2euzle6lpa",
              "supercar-mobile-app"
            ],
            "child_group_ids": null,
            "description": "This is the account group acc_gp_ben created by terraform",
            "group_id": "cad38f78-0ee8-45cc-9510-f81556edcc0b",
            "id": "cad38f78-0ee8-45cc-9510-f81556edcc0b",
            "last_modified_by": "bhlab-api-test",
            "last_modified_ts": 1674923674890,
            "name": "acc_gp_ben"
          },
          "sensitive_attributes": [],
          "private": "bnVsbA=="
        },
        {
          "index_key": "acc_gp_billy",
          "schema_version": 0,
          "attributes": {
            "account_ids": [
              "133425860561",
              "238106419115",
              "3082b411-9331-491c-9448-39968a12343f",
              "331769000000",
              "388c177a-b302-4678-a47c-2e23c29d972c",
              "431296380457",
              "49469718297",
              "546215162191",
              "667711476203",
              "775257000000",
              "873163976021",
              "971156289089",
              "c621b184-f0e7-4522-b7a9-9f178ead7949",
              "cbf45ea3-0a7e-4f1c-aa1e-1115d8044f9c",
              "clmgmt",
              "marcosmanagementgroup::2cec7305-5246-474d-b522-56705705735a",
              "ocid1.compartment.oc1..aaaaaaaa6d7p2kckaywvtb6hqdbtvwteqw34bii23j4p5etlskwyrt4h6lwq",
              "ocid1.compartment.oc1..aaaaaaaak3wjbrtfrpht5hxbdyaekycaznteystbysoh2omil5sye2ojhepa",
              "twistlock-testing-4",
              "vegatestgcp"
            ],
            "child_group_ids": null,
            "description": "This is the account group acc_gp_billy created by terraform",
            "group_id": "aab73505-2727-4818-91e5-809916cb69dc",
            "id": "aab73505-2727-4818-91e5-809916cb69dc",
            "last_modified_by": "bhlab-api-test",
            "last_modified_ts": 1674923680066,
            "name": "acc_gp_billy"
          },
          "sensitive_attributes": [],
          "private": "bnVsbA=="
        },
        {
          "index_key": "acc_gp_cleo",
          "schema_version": 0,
          "attributes": {
            "account_ids": [
              "0b198bfc-6b8b-4246-8c43-19f7640816c2",
              "1019734048764",
              "146688260519",
              "265281920415",
              "356234639670",
              "461408867574",
              "5329189900720840",
              "564960000000",
              "656b3b25-304a-4462-a01a-6b9f892ac255",
              "687210000000",
              "74043881891",
              "809674789782",
              "872307000000",
              "891279754457",
              "d68b8546-b026-464b-852e-65c0dcf9e982",
              "dev-mg::5bf15f45-63b7-423d-8ba6-a7b0d43381cc",
              "ha-demo--landingzones::6778e048-b87e-49c9-bf03-dd3089404bac",
              "ocid1.tenancy.oc1..aaaaaaaajgh4s5mnb5fu2qhucpir7jsz6krtkow7dcccolw6ouzd5inzinhq",
              "ocid1.tenancy.oc1..aaaaaaaaznyxapmyxuhuotrezofsbmylupgb6mzvmj7fmdpoi4lwi4ccpssq"
            ],
            "child_group_ids": null,
            "description": "This is the account group acc_gp_cleo created by terraform",
            "group_id": "a1afbe84-4b24-44ef-81e8-41491f59bc9c",
            "id": "a1afbe84-4b24-44ef-81e8-41491f59bc9c",
            "last_modified_by": "bhlab-api-test",
            "last_modified_ts": 1674923676515,
            "name": "acc_gp_cleo"
          },
          "sensitive_attributes": [],
          "private": "bnVsbA=="
        },
        {
          "index_key": "acc_gp_dean",
          "schema_version": 0,
          "attributes": {
            "account_ids": [
              "0d6f7fcd-4467-4fb4-b686-e4488b7027e0",
              "116503546070",
              "205313839567",
              "25504415643",
              "308021468480",
              "408779039518",
              "4618e15a-4e8f-4abf-a94c-51a6adaed35d",
              "507403106001",
              "630461943232",
              "742907965305",
              "849551599514",
              "938244969669",
              "Mullen_Azure::25c6f9a7-70cf-40af-aa24-30180bb8faee",
              "anthos-bare-metal-331116",
              "arctic-thought-331015",
              "bb-gcp-pcs-lab",
              "gcp-gcs-pso",
              "jpecora-prismacloud-356813",
              "rldemo",
              "tanagi-demo-project"
            ],
            "child_group_ids": null,
            "description": "This is the account group acc_gp_dean created by terraform",
            "group_id": "068ad965-de26-49b5-b388-4d08d4924a87",
            "id": "068ad965-de26-49b5-b388-4d08d4924a87",
            "last_modified_by": "bhlab-api-test",
            "last_modified_ts": 1674923671546,
            "name": "acc_gp_dean"
          },
          "sensitive_attributes": [],
          "private": "bnVsbA=="
        },
        {
          "index_key": "acc_gp_elin",
          "schema_version": 0,
          "attributes": {
            "account_ids": [
              "154066266148",
              "268517660151",
              "362456883533",
              "469343807320",
              "575079478080",
              "6778e048-b87e-49c9-bf03-dd3089404bac",
              "68435ce9-5ce9-4d2a-90ac-59eca8ea40f6",
              "6e9526c8-3b76-445b-a723-4cd975546b46",
              "702346317750",
              "79165804971",
              "817971751823",
              "902255151789",
              "dev-mg::5bf15f45-63b7-423d-8ba6-a7b0d43381cc",
              "e64c804e-9c8a-4e69-ac15-be21c7cf4247",
              "ha-demo--online::6778e048-b87e-49c9-bf03-dd3089404bac",
              "ocid1.compartment.oc1..aaaaaaaanvfkvkmfcbcp6djut62e5h7fnw6okktgvzdwi3eclgxtvafgqa3q",
              "ocid1.tenancy.oc1..aaaaaaaaznyxapmyxuhuotrezofsbmylupgb6mzvmj7fmdpoi4lwi4ccpssq",
              "overall-project1",
              "panw-webserver",
              "silver-stratum-325307"
            ],
            "child_group_ids": null,
            "description": "This is the account group acc_gp_elin created by terraform",
            "group_id": "59cfc95e-83de-41d7-96a2-20f6bc1da4ed",
            "id": "59cfc95e-83de-41d7-96a2-20f6bc1da4ed",
            "last_modified_by": "bhlab-api-test",
            "last_modified_ts": 1674923676333,
            "name": "acc_gp_elin"
          },
          "sensitive_attributes": [],
          "private": "bnVsbA=="
        },
        {
          "index_key": "acc_gp_elisha",
          "schema_version": 0,
          "attributes": {
            "account_ids": [
              "129844485130",
              "232397000000",
              "258625e1-26f9-4224-b050-cc9e468f0afb",
              "2feda068-7296-4810-91f5-c71734dcd439",
              "324252401012",
              "427275719863",
              "48098083371",
              "532335566633",
              "660426215093",
              "767263499062",
              "869310882922",
              "966460536748",
              "c39f3414-4434-440b-8244-39fc3c1d1246",
              "ccf09df5-70b8-405d-96f0-995258e502d2",
              "mytestbucket2",
              "ocid1.compartment.oc1..aaaaaaaadpcm5hyuhce56d2tnr5chi4jurrsuxgwkyzunr63jxnv6ilzwckq",
              "synthetic-pipe-366700",
              "test-management-group-123::2303e92a-a258-41fe-9128-35c7c3b87270",
              "twistlock-gke-2",
              "universal-wares-270905"
            ],
            "child_group_ids": null,
            "description": "This is the account group acc_gp_elisha created by terraform",
            "group_id": "3893de88-0368-4501-9702-b0b06dc202f9",
            "id": "3893de88-0368-4501-9702-b0b06dc202f9",
            "last_modified_by": "bhlab-api-test",
            "last_modified_ts": 1674923681935,
            "name": "acc_gp_elisha"
          },
          "sensitive_attributes": [],
          "private": "bnVsbA=="
        },
        {
          "index_key": "acc_gp_ella-louise",
          "schema_version": 0,
          "attributes": {
            "account_ids": [
              "1098905116258",
              "152399644394",
              "268072910172",
              "360528583769",
              "40201d54-80fe-4109-b4b2-2176cbf18f04",
              "464360175282",
              "572606000000",
              "673470840732",
              "695110035494",
              "6be2f04b-e97a-4de5-97d1-e62f162679b6",
              "732745883544",
              "78552438313",
              "816886446748",
              "895932000000",
              "development-338815",
              "e12fe4e4-09d3-4277-89d5-2a3230f244c3",
              "ha-demo-::6778e048-b87e-49c9-bf03-dd3089404bac",
              "ocid1.tenancy.oc1..aaaaaaaang5ti7hrcdzkhh64wajtjiufnxiqp7o6dnboda5s5ww2kx6ansca",
              "otherrldemo",
              "rbc-cns-microseg"
            ],
            "child_group_ids": null,
            "description": "This is the account group acc_gp_ella-louise created by terraform",
            "group_id": "6a1a5fd6-a8f1-4950-8f65-90623cbda41a",
            "id": "6a1a5fd6-a8f1-4950-8f65-90623cbda41a",
            "last_modified_by": "bhlab-api-test",
            "last_modified_ts": 1674923674880,
            "name": "acc_gp_ella-louise"
          },
          "sensitive_attributes": [],
          "private": "bnVsbA=="
        },
        {
          "index_key": "acc_gp_emily",
          "schema_version": 0,
          "attributes": {
            "account_ids": [
              "180265319318",
              "25c6f9a7-70cf-40af-aa24-30180bb8faee",
              "287074538081",
              "2cec7305-5246-474d-b522-56705705735a",
              "375391150133",
              "480965374140",
              "582261752434",
              "717397468968",
              "7476410309",
              "7e47e207-3fb9-4f36-963a-c6a03916aa9a",
              "808537801162",
              "834522610544",
              "89136398792",
              "915452512009",
              "963c8ffd-38a0-449e-acce-5d872644b14d",
              "96f4f461-ae6f-4aab-a6a8-b0815dbb8a8d",
              "e85137d8-8ad2-4c50-8322-6e11ddb678b3",
              "ec618e30-7ef7-4dfc-a940-66732b9c71e4",
              "pce-deployment-test-env-4",
              "prisma-cloud-cspm"
            ],
            "child_group_ids": null,
            "description": "This is the account group acc_gp_emily created by terraform",
            "group_id": "19fa8318-bb03-4343-96a6-5d4bff09d955",
            "id": "19fa8318-bb03-4343-96a6-5d4bff09d955",
            "last_modified_by": "bhlab-api-test",
            "last_modified_ts": 1674923681023,
            "name": "acc_gp_emily"
          },
          "sensitive_attributes": [],
          "private": "bnVsbA=="
        },
        {
          "index_key": "acc_gp_flora",
          "schema_version": 0,
          "attributes": {
            "account_ids": [
              "141191059761",
              "260021768826",
              "31350886376",
              "340932239465",
              "452443765501",
              "48b366b4-524a-4287-adb1-cb08ed595d73",
              "557782699775",
              "5bf15f45-63b7-423d-8ba6-a7b0d43381cc",
              "67274534869",
              "679900000000",
              "803549606097",
              "888642442740",
              "981550944996",
              "997361167029",
              "cloudrun-test-01",
              "clshared-us",
              "d68b8546-b026-464b-852e-65c0dcf9e982",
              "ha-demo--platform::6778e048-b87e-49c9-bf03-dd3089404bac",
              "ocid1.tenancy.oc1..aaaaaaaabqkcskcrnzpieuma65mwtbsmis4ipwjr3jsi2kv7yns2fttopava",
              "ocid1.tenancy.oc1..aaaaaaaajgh4s5mnb5fu2qhucpir7jsz6krtkow7dcccolw6ouzd5inzinhq",
              "panw-webserver"
            ],
            "child_group_ids": null,
            "description": "This is the account group acc_gp_flora created by terraform",
            "group_id": "79ea41f4-5fee-4721-8158-2f19516ab794",
            "id": "79ea41f4-5fee-4721-8158-2f19516ab794",
            "last_modified_by": "bhlab-api-test",
            "last_modified_ts": 1674923673891,
            "name": "acc_gp_flora"
          },
          "sensitive_attributes": [],
          "private": "bnVsbA=="
        },
        {
          "index_key": "acc_gp_gavin",
          "schema_version": 0,
          "attributes": {
            "account_ids": [
              "103809297814",
              "196258250684",
              "1c7b2ff5-14f0-43df-bc26-352fd0b5989e",
              "20015574934",
              "25c6f9a7-70cf-40af-aa24-30180bb8faee",
              "300574029708",
              "397221818690",
              "492699048994",
              "5985735272707900",
              "617746485477",
              "738242015853",
              "845075202551",
              "90b8f0b0-454c-4d66-81ed-5980b0818e87",
              "932037237461",
              "acezar",
              "anthos-bare-metal-331116",
              "fff214ab-d46d-4cfb-9246-e26411a4e019",
              "gcp-gcs-pso",
              "production-338815",
              "rldemo"
            ],
            "child_group_ids": null,
            "description": "This is the account group acc_gp_gavin created by terraform",
            "group_id": "e751805e-ff30-4338-b1ba-cb7efd15be0d",
            "id": "e751805e-ff30-4338-b1ba-cb7efd15be0d",
            "last_modified_by": "bhlab-api-test",
            "last_modified_ts": 1674923683164,
            "name": "acc_gp_gavin"
          },
          "sensitive_attributes": [],
          "private": "bnVsbA=="
        },
        {
          "index_key": "acc_gp_gerard",
          "schema_version": 0,
          "attributes": {
            "account_ids": [
              "137721155309",
              "137c8c89-2b20-4f91-96df-ae87343bb016",
              "254835028386",
              "338448000000",
              "3b512bc7-1a4a-4687-a93e-eda29c11b731",
              "4406461e-d5cc-4cea-ab3a-3c73e966bf85",
              "443640421422",
              "556876467767",
              "64564987902",
              "676241955113",
              "794158980060",
              "885279212330",
              "985079304517",
              "985786092768",
              "clsandbox",
              "cnseries-deployments",
              "e7d338a0-8eb8-4c6a-b50f-f7eb66eb2558",
              "ha-demo--online::6778e048-b87e-49c9-bf03-dd3089404bac",
              "ocid1.compartment.oc1..aaaaaaaalzj6w55hqqlhb4tag4epoat2yxmais4us6ybac64ienknhhhg3ta",
              "ocid1.tenancy.oc1..aaaaaaaafls6eoshdvd4pv53ahdqajdoo4g4ezhlsi5xr5qpodpvwxgf4kfq",
              "verdant-bruin-295803"
            ],
            "child_group_ids": null,
            "description": "This is the account group acc_gp_gerard created by terraform",
            "group_id": "2fa3e67d-d15f-4279-815d-e231376b4934",
            "id": "2fa3e67d-d15f-4279-815d-e231376b4934",
            "last_modified_by": "bhlab-api-test",
            "last_modified_ts": 1674923671549,
            "name": "acc_gp_gerard"
          },
          "sensitive_attributes": [],
          "private": "bnVsbA=="
        },
        {
          "index_key": "acc_gp_gertrude",
          "schema_version": 0,
          "attributes": {
            "account_ids": [
              "123456789012",
              "189aa420-c305-43bb-b308-5ee1c2fd19dd",
              "2070ab1a-8097-4f75-ab7f-7f6629ef9a8a",
              "226146948667",
              "321321418142",
              "425416117723",
              "44980553700",
              "521599081132",
              "5702a352-50b4-4bcc-987c-c8f68c8bcdd5",
              "650295201370",
              "760085056192",
              "860327560511",
              "956067876770",
              "bustling-day-228101",
              "c39f3414-4434-440b-8244-39fc3c1d1246",
              "msa-with-no-child",
              "mytestbucket2",
              "njannasch_management_group::8d6884c0-eea3-4a85-aa4d-c1a7cc3c1929",
              "test1-246300",
              "twistlock-gke-2"
            ],
            "child_group_ids": null,
            "description": "This is the account group acc_gp_gertrude created by terraform",
            "group_id": "b46c7d67-0532-4bd1-acac-b9bf3ff1eb8e",
            "id": "b46c7d67-0532-4bd1-acac-b9bf3ff1eb8e",
            "last_modified_by": "bhlab-api-test",
            "last_modified_ts": 1674923676606,
            "name": "acc_gp_gertrude"
          },
          "sensitive_attributes": [],
          "private": "bnVsbA=="
        },
        {
          "index_key": "acc_gp_hazel",
          "schema_version": 0,
          "attributes": {
            "account_ids": [
              "121545312043",
              "14a9fd6c-e71e-431f-a982-11877d1ce82d",
              "1c7b2ff5-14f0-43df-bc26-352fd0b5989e",
              "202397ba-e8b6-4baf-922d-b10ecc7c50d6",
              "218306197615",
              "320634824208",
              "421283513344",
              "43038504678",
              "520121055601",
              "647905609370",
              "759842748619",
              "858079422468",
              "8d6884c0-eea3-4a85-aa4d-c1a7cc3c1929",
              "951256655103",
              "buglettesting1",
              "c368b587-885f-40df-aa7d-c11e937841d6",
              "manifest-glyph-349923",
              "my-secure-application",
              "terraform-lcastro",
              "thinking-cacao-229608"
            ],
            "child_group_ids": null,
            "description": "This is the account group acc_gp_hazel created by terraform",
            "group_id": "88cc05f1-1bac-45aa-b177-822e9ec654ec",
            "id": "88cc05f1-1bac-45aa-b177-822e9ec654ec",
            "last_modified_by": "bhlab-api-test",
            "last_modified_ts": 1674923678622,
            "name": "acc_gp_hazel"
          },
          "sensitive_attributes": [],
          "private": "bnVsbA=="
        },
        {
          "index_key": "acc_gp_ibrahim",
          "schema_version": 0,
          "attributes": {
            "account_ids": [
              "109128402376",
              "156021414325",
              "271672254296",
              "368085393257",
              "3ecae60c-d73a-4fe4-b93e-fe8151dcefe3",
              "473187751922",
              "577355856207",
              "7064cfc1-7326-4ef2-955f-a71de23e279f",
              "710535300838",
              "794ed6c4-4de3-42ef-9815-91d5d0f82d72",
              "80626918208",
              "822283135058",
              "909978213250",
              "c9c68153-ebce-4c05-a3e0-583cdc75e984",
              "e12fe4e4-09d3-4277-89d5-2a3230f244c3",
              "e85137d8-8ad2-4c50-8322-6e11ddb678b3",
              "ha-demo--platform::6778e048-b87e-49c9-bf03-dd3089404bac",
              "mdavis1-project-92483",
              "otherrldemo",
              "pce-deployment-test-env-4"
            ],
            "child_group_ids": null,
            "description": "This is the account group acc_gp_ibrahim created by terraform",
            "group_id": "8acad181-5c70-4723-a965-6ea365908019",
            "id": "8acad181-5c70-4723-a965-6ea365908019",
            "last_modified_by": "bhlab-api-test",
            "last_modified_ts": 1674923678750,
            "name": "acc_gp_ibrahim"
          },
          "sensitive_attributes": [],
          "private": "bnVsbA=="
        },
        {
          "index_key": "acc_gp_isobel",
          "schema_version": 0,
          "attributes": {
            "account_ids": [
              "126527799326",
              "202397ba-e8b6-4baf-922d-b10ecc7c50d6",
              "227064649773",
              "234d651a-f6e9-4456-ab10-864c95b9a3fd",
              "321434000000",
              "406c79b3-aaa2-48dd-9f45-f4c75c35eb58",
              "425437698239",
              "46064547729",
              "524105800500",
              "651716590528",
              "760578993305",
              "860623527549",
              "956596799280",
              "b022e48d-2f87-45ec-a9d7-51a6ebd5ec41",
              "c17ca2a1-1738-4b4e-b833-9f6ba1ad171d",
              "c7dde49e-12a6-4d26-ae5c-b35e51a0b3b1",
              "my-project-1489031771901",
              "new-test-buckets-only",
              "test-lcastro",
              "twistlock-gke-3"
            ],
            "child_group_ids": null,
            "description": "This is the account group acc_gp_isobel created by terraform",
            "group_id": "64aef028-8abf-4374-a341-a7bc8f3b8ad6",
            "id": "64aef028-8abf-4374-a341-a7bc8f3b8ad6",
            "last_modified_by": "bhlab-api-test",
            "last_modified_ts": 1674923671553,
            "name": "acc_gp_isobel"
          },
          "sensitive_attributes": [],
          "private": "bnVsbA=="
        },
        {
          "index_key": "acc_gp_jaydon",
          "schema_version": 0,
          "attributes": {
            "account_ids": [
              "02bde6ce-0868-41e3-87af-c22cbccef801",
              "1141014451509560",
              "117148550493",
              "205551987777",
              "308714254923",
              "33775542025",
              "410600744206",
              "4428385e-222d-4653-939c-c69fc68300b5",
              "510317177570",
              "635526083483",
              "747811897624",
              "854706000000",
              "940223005858",
              "b338e11c-a789-46e2-b021-3c26335b9ca1",
              "beb4d3a2-ac49-4e7b-8730-96f855f0def1",
              "globalthink",
              "kubernetes-247908",
              "second-project-236505",
              "tangerine-pov",
              "test-management-group-123::2303e92a-a258-41fe-9128-35c7c3b87270"
            ],
            "child_group_ids": null,
            "description": "This is the account group acc_gp_jaydon created by terraform",
            "group_id": "1fa0ca0d-f180-4cfa-b94e-0d190566dde7",
            "id": "1fa0ca0d-f180-4cfa-b94e-0d190566dde7",
            "last_modified_by": "bhlab-api-test",
            "last_modified_ts": 1674923681933,
            "name": "acc_gp_jaydon"
          },
          "sensitive_attributes": [],
          "private": "bnVsbA=="
        },
        {
          "index_key": "acc_gp_jeremy",
          "schema_version": 0,
          "attributes": {
            "account_ids": [
              "1137b8ec-cb84-420b-9039-e8f1756ba750",
              "135887417724",
              "254707210480",
              "335372632824",
              "3a36bd0f-36fe-4d29-999b-c3e1825f7818",
              "43f124ee-816f-493f-9cf2-169c81c977bc",
              "440954869921",
              "549608783784",
              "63756265130",
              "674807782921",
              "785895250532",
              "786817592653",
              "882538256052",
              "982919899164",
              "b022e48d-2f87-45ec-a9d7-51a6ebd5ec41",
              "clmgmt",
              "clshared-us",
              "ha-demo-::6778e048-b87e-49c9-bf03-dd3089404bac",
              "ocid1.compartment.oc1..aaaaaaaak3wjbrtfrpht5hxbdyaekycaznteystbysoh2omil5sye2ojhepa",
              "ocid1.tenancy.oc1..aaaaaaaabqkcskcrnzpieuma65mwtbsmis4ipwjr3jsi2kv7yns2fttopava",
              "vegatestgcp"
            ],
            "child_group_ids": null,
            "description": "This is the account group acc_gp_jeremy created by terraform",
            "group_id": "87215bff-5ac8-485b-a654-94759993a773",
            "id": "87215bff-5ac8-485b-a654-94759993a773",
            "last_modified_by": "bhlab-api-test",
            "last_modified_ts": 1674923677450,
            "name": "acc_gp_jeremy"
          },
          "sensitive_attributes": [],
          "private": "bnVsbA=="
        },
        {
          "index_key": "acc_gp_juanita",
          "schema_version": 0,
          "attributes": {
            "account_ids": [
              "1137b8ec-cb84-420b-9039-e8f1756ba750",
              "143634884564",
              "171824000000",
              "263595094999",
              "346135323465",
              "459445021226",
              "560737000000",
              "5bf15f45-63b7-423d-8ba6-a7b0d43381cc",
              "605559467779",
              "669347414461",
              "680874000000",
              "68745159551",
              "805932993328",
              "890156643926",
              "998371990826",
              "a2a9b337-d058-4cba-b7b8-0f69e13262f2",
              "d441d914-1536-4c39-a4fd-0374c67aa66e",
              "dd1a9251-ea9d-439d-bd43-e706cc6bdc1d",
              "ocid1.tenancy.oc1..aaaaaaaafvn55emukbjcaqdachbkkmlhk6vmmogzyffkwypz7j6b6fz74raq",
              "ocid1.tenancy.oc1..aaaaaaaan7siqyc2wa3zeh7gvx7hy6t6wh6ncnkhhr6wkzujp62iqexhocqq"
            ],
            "child_group_ids": null,
            "description": "This is the account group acc_gp_juanita created by terraform",
            "group_id": "1fdf2149-73b0-4106-ba45-5f1d223673b7",
            "id": "1fdf2149-73b0-4106-ba45-5f1d223673b7",
            "last_modified_by": "bhlab-api-test",
            "last_modified_ts": 1674923678952,
            "name": "acc_gp_juanita"
          },
          "sensitive_attributes": [],
          "private": "bnVsbA=="
        },
        {
          "index_key": "acc_gp_kristen",
          "schema_version": 0,
          "attributes": {
            "account_ids": [
              "134707760718",
              "246487397484",
              "332388000000",
              "388c177a-b302-4678-a47c-2e23c29d972c",
              "3a36bd0f-36fe-4d29-999b-c3e1825f7818",
              "440309162884",
              "548523000000",
              "55858686455",
              "669232866545",
              "781543824098",
              "878069734998",
              "8d6884c0-eea3-4a85-aa4d-c1a7cc3c1929",
              "973744518490",
              "WeibelerMgmtGrpID::6b4e91d2-880a-4f9b-ba2e-6fc0786af414",
              "ce132e82-715e-482f-8963-a095762631a1",
              "clsandboxcontainers",
              "ocid1.compartment.oc1..aaaaaaaahzjrypz7ofju6kgoaaujjiqk63nefsxmfantw6sdl2zz2ggetzgq",
              "ocid1.compartment.oc1..aaaaaaaanf5sdjqskw3fo65niniudiyp7lgapueifbrnafbihnx2poacp7kq",
              "test1-ManagementGroup::6778e048-b87e-49c9-bf03-dd3089404bac",
              "useful-monitor-278801"
            ],
            "child_group_ids": null,
            "description": "This is the account group acc_gp_kristen created by terraform",
            "group_id": "436be05a-a617-4953-a033-ad97c10624f0",
            "id": "436be05a-a617-4953-a033-ad97c10624f0",
            "last_modified_by": "bhlab-api-test",
            "last_modified_ts": 1674923678807,
            "name": "acc_gp_kristen"
          },
          "sensitive_attributes": [],
          "private": "bnVsbA=="
        },
        {
          "index_key": "acc_gp_levi",
          "schema_version": 0,
          "attributes": {
            "account_ids": [
              "131402537076",
              "234862374579",
              "2e4750e1-754e-4669-8519-c1b1da608e74",
              "3082b411-9331-491c-9448-39968a12343f",
              "328692330431",
              "428004645983",
              "48440336033",
              "541656019189",
              "661044880719",
              "774370756780",
              "870496463704",
              "967955397888",
              "c7dde49e-12a6-4d26-ae5c-b35e51a0b3b1",
              "ce132e82-715e-482f-8963-a095762631a1",
              "cloudrun-test-01",
              "new-test-buckets-only",
              "ocid1.compartment.oc1..aaaaaaaahzjrypz7ofju6kgoaaujjiqk63nefsxmfantw6sdl2zz2ggetzgq",
              "test-gcp-project-ivani",
              "twistlock-gke-3",
              "useful-monitor-278801"
            ],
            "child_group_ids": null,
            "description": "This is the account group acc_gp_levi created by terraform",
            "group_id": "3e920564-1981-42d6-90eb-5a41a355fd77",
            "id": "3e920564-1981-42d6-90eb-5a41a355fd77",
            "last_modified_by": "bhlab-api-test",
            "last_modified_ts": 1674923671556,
            "name": "acc_gp_levi"
          },
          "sensitive_attributes": [],
          "private": "bnVsbA=="
        },
        {
          "index_key": "acc_gp_maia",
          "schema_version": 0,
          "attributes": {
            "account_ids": [
              "171026383133",
              "2374035123",
              "274555839345",
              "32a75ea8-445f-4e3d-a9fa-9993cffde16c",
              "369105000000",
              "437982838969",
              "479880910665",
              "578649538876",
              "710852157829",
              "779584902358",
              "825165473947",
              "87754721882",
              "8e3ffd7a-5abe-4744-97e3-7c122e8e8cd1",
              "912626425788",
              "e5475843-9441-44de-9eff-4bc2a1d33734",
              "e682bf63-6849-48f9-9c19-bab722e9274e",
              "ea400be4-1d43-4534-8a5d-8efb767cf2d6",
              "panw-john8505-test",
              "prisma-cloud-agentless-hub",
              "string"
            ],
            "child_group_ids": null,
            "description": "This is the account group acc_gp_maia created by terraform",
            "group_id": "d1330fa0-34df-4a77-81be-e415b9ee77d1",
            "id": "d1330fa0-34df-4a77-81be-e415b9ee77d1",
            "last_modified_by": "bhlab-api-test",
            "last_modified_ts": 1674923677415,
            "name": "acc_gp_maia"
          },
          "sensitive_attributes": [],
          "private": "bnVsbA=="
        },
        {
          "index_key": "acc_gp_marcel",
          "schema_version": 0,
          "attributes": {
            "account_ids": [
              "127938661088",
              "2070ab1a-8097-4f75-ab7f-7f6629ef9a8a",
              "228463925043",
              "2303e92a-a258-41fe-9128-35c7c3b87270",
              "258625e1-26f9-4224-b050-cc9e468f0afb",
              "321859446144",
              "426038020905",
              "46573050373",
              "526928628340",
              "654237433909",
              "761426634787",
              "866585435292",
              "961125165973",
              "NewWithoutPerms::3a36bd0f-36fe-4d29-999b-c3e1825f7818",
              "c302d2b9-93f7-4d5d-af0d-8ff36b31e854",
              "carbide-crowbar-329119",
              "e7d338a0-8eb8-4c6a-b50f-f7eb66eb2558",
              "my-project-170420-274508",
              "testmg01::3a36bd0f-36fe-4d29-999b-c3e1825f7818",
              "twistlock-testing"
            ],
            "child_group_ids": null,
            "description": "This is the account group acc_gp_marcel created by terraform",
            "group_id": "e44540ea-a409-46dc-a526-d62c8d584d80",
            "id": "e44540ea-a409-46dc-a526-d62c8d584d80",
            "last_modified_by": "bhlab-api-test",
            "last_modified_ts": 1674923681435,
            "name": "acc_gp_marcel"
          },
          "sensitive_attributes": [],
          "private": "bnVsbA=="
        },
        {
          "index_key": "acc_gp_marcus",
          "schema_version": 0,
          "attributes": {
            "account_ids": [
              "101042000000",
              "17327825287",
              "191606738510",
              "299775008857",
              "32a75ea8-445f-4e3d-a9fa-9993cffde16c",
              "391763000000",
              "491028114713",
              "5729884316098150",
              "610266795858",
              "736819996774",
              "841480698471",
              "931470216438",
              "9cbb740f-f510-4f1d-a7ce-522bd8f40586",
              "abf86192-e0aa-4a15-a95d-4b13760d1ee3",
              "acezar-gcloud-ace",
              "calm-armor-322420",
              "f7f5e6c3-88a8-49b1-b810-66491794a9c1",
              "focal-freedom-338215",
              "prisma-pasq2",
              "projectx-326606"
            ],
            "child_group_ids": null,
            "description": "This is the account group acc_gp_marcus created by terraform",
            "group_id": "eb4e6cd0-fdad-4c13-93d2-222eddd24bee",
            "id": "eb4e6cd0-fdad-4c13-93d2-222eddd24bee",
            "last_modified_by": "bhlab-api-test",
            "last_modified_ts": 1674923671554,
            "name": "acc_gp_marcus"
          },
          "sensitive_attributes": [],
          "private": "bnVsbA=="
        },
        {
          "index_key": "acc_gp_milly",
          "schema_version": 0,
          "attributes": {
            "account_ids": [
              "141047597682",
              "259852153883",
              "328359424858",
              "339410179876",
              "4406461e-d5cc-4cea-ab3a-3c73e966bf85",
              "449402041187",
              "557165558976",
              "598feb65-d1fc-45df-88fc-1cd0656a420b",
              "66102284395",
              "679678220775",
              "802536064749",
              "858412227727",
              "887220574633",
              "986316853912",
              "clsandboxlogging",
              "d47f1af8-9795-4e86-bbce-da72cfd0f8ec",
              "ha-demo--sandboxes::6778e048-b87e-49c9-bf03-dd3089404bac",
              "ocid1.compartment.oc1..aaaaaaaapxbmuhjkntrexbic4gcnzq2sqmhiwhsib6azizf4mugxig4bswga",
              "ocid1.tenancy.oc1..aaaaaaaagxhh32jexllev76xgp7gaorulgdoi4p7sy7eokgv2hmntitt2ita",
              "pcs-gcp-cspm-lab01",
              "synthetic-pipe-366700"
            ],
            "child_group_ids": null,
            "description": "This is the account group acc_gp_milly created by terraform",
            "group_id": "a11361db-cc46-4519-9ea0-cf48bea0c7af",
            "id": "a11361db-cc46-4519-9ea0-cf48bea0c7af",
            "last_modified_by": "bhlab-api-test",
            "last_modified_ts": 1674923670933,
            "name": "acc_gp_milly"
          },
          "sensitive_attributes": [],
          "private": "bnVsbA=="
        },
        {
          "index_key": "acc_gp_muhammed",
          "schema_version": 0,
          "attributes": {
            "account_ids": [
              "15621605248",
              "184534008493",
              "295023227143",
              "387254032040",
              "484467494894",
              "5186943130525200",
              "586234223899",
              "731444607599",
              "8102913a-e84b-401a-9089-12e419781a0f",
              "838411023542",
              "924887487308",
              "93654307599",
              "963c8ffd-38a0-449e-acce-5d872644b14d",
              "Mullen_Azure::25c6f9a7-70cf-40af-aa24-30180bb8faee",
              "a259f8c4-9b48-49f4-8629-ffe0044febb5",
              "ec618e30-7ef7-4dfc-a940-66732b9c71e4",
              "fb898d75-971e-4ca7-baea-7648154b7cc6",
              "prisma-cloud-cspm",
              "prod-mg::5bf15f45-63b7-423d-8ba6-a7b0d43381cc",
              "rbc-cns-microseg"
            ],
            "child_group_ids": null,
            "description": "This is the account group acc_gp_muhammed created by terraform",
            "group_id": "89de77e3-1deb-4f0a-aaac-ba0d38b18a3d",
            "id": "89de77e3-1deb-4f0a-aaac-ba0d38b18a3d",
            "last_modified_by": "bhlab-api-test",
            "last_modified_ts": 1674923679122,
            "name": "acc_gp_muhammed"
          },
          "sensitive_attributes": [],
          "private": "bnVsbA=="
        },
        {
          "index_key": "acc_gp_nabil",
          "schema_version": 0,
          "attributes": {
            "account_ids": [
              "100168035751",
              "17108254540",
              "186917000000",
              "297480632720",
              "390261123678",
              "490736070036",
              "5573695658523860",
              "609581188680",
              "736758739507",
              "838753379237",
              "931444523662",
              "9b97ff5e-d613-40f1-8503-c346a74f0957",
              "a5eeaabf-8d22-42ba-9f25-c32e63258fc8",
              "acezar-cns-microsegmentation",
              "e638d185-449d-4dd5-ad05-9ae36a4b05cc",
              "f20ff4b2-e030-4a43-8e0b-8239c94a1988",
              "fg-alpha",
              "prisma-gcp-project-362619",
              "project-id",
              "wide-gamma-325307"
            ],
            "child_group_ids": null,
            "description": "This is the account group acc_gp_nabil created by terraform",
            "group_id": "bfa40c65-29b0-405d-ac22-cdf419ce830d",
            "id": "bfa40c65-29b0-405d-ac22-cdf419ce830d",
            "last_modified_by": "bhlab-api-test",
            "last_modified_ts": 1674923681447,
            "name": "acc_gp_nabil"
          },
          "sensitive_attributes": [],
          "private": "bnVsbA=="
        },
        {
          "index_key": "acc_gp_norma",
          "schema_version": 0,
          "attributes": {
            "account_ids": [
              "137c8c89-2b20-4f91-96df-ae87343bb016",
              "145955281861",
              "264549000000",
              "353228718744",
              "460392510641",
              "562686810010",
              "5c72b57b-f00d-4487-93be-5dd79bf6db4b",
              "607063782779",
              "652386944949",
              "687067953973",
              "70465907002",
              "808730881220",
              "890580609281",
              "999567406859",
              "c621b184-f0e7-4522-b7a9-9f178ead7949",
              "c9c68153-ebce-4c05-a3e0-583cdc75e984",
              "d47f1af8-9795-4e86-bbce-da72cfd0f8ec",
              "development-338815",
              "ocid1.tenancy.oc1..aaaaaaaagxhh32jexllev76xgp7gaorulgdoi4p7sy7eokgv2hmntitt2ita",
              "ocid1.tenancy.oc1..aaaaaaaang5ti7hrcdzkhh64wajtjiufnxiqp7o6dnboda5s5ww2kx6ansca"
            ],
            "child_group_ids": null,
            "description": "This is the account group acc_gp_norma created by terraform",
            "group_id": "c0757824-b930-4302-a431-db7409bfa7dd",
            "id": "c0757824-b930-4302-a431-db7409bfa7dd",
            "last_modified_by": "bhlab-api-test",
            "last_modified_ts": 1674923681059,
            "name": "acc_gp_norma"
          },
          "sensitive_attributes": [],
          "private": "bnVsbA=="
        },
        {
          "index_key": "acc_gp_otto",
          "schema_version": 0,
          "attributes": {
            "account_ids": [
              "08a8b8f0-4b0c-41d7-bd6b-f6a84c6e9251",
              "119156124721",
              "1412340938630970",
              "207273936696",
              "312228000000",
              "35577892512",
              "412010851698",
              "512141852517",
              "639955000000",
              "753624507884",
              "855725382388",
              "942401989587",
              "a5eeaabf-8d22-42ba-9f25-c32e63258fc8",
              "bba7356e-a6eb-46e5-9546-4e044f50371d",
              "bustling-day-228101",
              "f446e9f7-1f48-4983-960b-0dcf9c43fe9e",
              "iot-analytics-217514",
              "msa-with-no-child",
              "ssull-cns-microsegmentation",
              "test1-246300"
            ],
            "child_group_ids": null,
            "description": "This is the account group acc_gp_otto created by terraform",
            "group_id": "dd25310e-bc9e-4b21-876f-77c60f385609",
            "id": "dd25310e-bc9e-4b21-876f-77c60f385609",
            "last_modified_by": "bhlab-api-test",
            "last_modified_ts": 1674923678889,
            "name": "acc_gp_otto"
          },
          "sensitive_attributes": [],
          "private": "bnVsbA=="
        },
        {
          "index_key": "acc_gp_pamela",
          "schema_version": 0,
          "attributes": {
            "account_ids": [
              "154385896541",
              "270770434251",
              "354128141335",
              "367488083670",
              "470624000000",
              "576986605008",
              "6e9526c8-3b76-445b-a723-4cd975546b46",
              "707049021791",
              "76765ad8-6e4e-4a9f-9cd2-66d88fc01482",
              "80577819072",
              "8102913a-e84b-401a-9089-12e419781a0f",
              "820379311794",
              "906695361245",
              "a2a9b337-d058-4cba-b7b8-0f69e13262f2",
              "calm-armor-322420",
              "e045c6e3-cc11-458a-8d77-9459ac93a3a1",
              "e738234a-579c-4d79-b47d-cbd1e8999839",
              "ha-demo--sandboxes::6778e048-b87e-49c9-bf03-dd3089404bac",
              "okd-testing-2",
              "pcc-dev-sandbox"
            ],
            "child_group_ids": null,
            "description": "This is the account group acc_gp_pamela created by terraform",
            "group_id": "1f65d1a9-032b-44ee-ae8c-d10335be3a22",
            "id": "1f65d1a9-032b-44ee-ae8c-d10335be3a22",
            "last_modified_by": "bhlab-api-test",
            "last_modified_ts": 1674923679313,
            "name": "acc_gp_pamela"
          },
          "sensitive_attributes": [],
          "private": "bnVsbA=="
        },
        {
          "index_key": "acc_gp_robert",
          "schema_version": 0,
          "attributes": {
            "account_ids": [
              "0b198bfc-6b8b-4246-8c43-19f7640816c2",
              "160102725170",
              "245885",
              "271751608142",
              "368869444087",
              "477648933504",
              "578173324980",
              "710639611210",
              "76765ad8-6e4e-4a9f-9cd2-66d88fc01482",
              "824020225541",
              "85878973552",
              "8944139f-4b1b-4090-a64b-f30e0dbecf83",
              "910591958193",
              "979108685291",
              "e638d185-449d-4dd5-ad05-9ae36a4b05cc",
              "e64c804e-9c8a-4e69-ac15-be21c7cf4247",
              "e8cdd92c-3aae-4cf9-a0f0-425080977062",
              "f7a5e9fb-c2aa-4fda-8540-331333887db7",
              "overall-project1",
              "pcs-dev-sandbox"
            ],
            "child_group_ids": null,
            "description": "This is the account group acc_gp_robert created by terraform",
            "group_id": "23de0604-371f-4255-99e6-7275c6e07062",
            "id": "23de0604-371f-4255-99e6-7275c6e07062",
            "last_modified_by": "bhlab-api-test",
            "last_modified_ts": 1674923674887,
            "name": "acc_gp_robert"
          },
          "sensitive_attributes": [],
          "private": "bnVsbA=="
        },
        {
          "index_key": "acc_gp_rohan",
          "schema_version": 0,
          "attributes": {
            "account_ids": [
              "140209536722",
              "257554583053",
              "338967349461",
              "43f124ee-816f-493f-9cf2-169c81c977bc",
              "447036937099",
              "48b366b4-524a-4287-adb1-cb08ed595d73",
              "557084014180",
              "59e86f90-bf30-4edf-be40-423ec6fdbecf",
              "65946979283",
              "678113588550",
              "801418947411",
              "886388100502",
              "954c5e98-51c5-4327-869c-863c1561a795",
              "985091681392",
              "WeibelerMgmtGrpID::6b4e91d2-880a-4f9b-ba2e-6fc0786af414",
              "c202b8a5-6948-4f0e-bdc5-273c620483c3",
              "clsandboxcontainers",
              "d441d914-1536-4c39-a4fd-0374c67aa66e",
              "ha-demo--decommissioned::6778e048-b87e-49c9-bf03-dd3089404bac",
              "ocid1.compartment.oc1..aaaaaaaanf5sdjqskw3fo65niniudiyp7lgapueifbrnafbihnx2poacp7kq",
              "ocid1.tenancy.oc1..aaaaaaaafvn55emukbjcaqdachbkkmlhk6vmmogzyffkwypz7j6b6fz74raq"
            ],
            "child_group_ids": null,
            "description": "This is the account group acc_gp_rohan created by terraform",
            "group_id": "231593f8-26db-4f30-b13a-e54f050d3f90",
            "id": "231593f8-26db-4f30-b13a-e54f050d3f90",
            "last_modified_by": "bhlab-api-test",
            "last_modified_ts": 1674923678694,
            "name": "acc_gp_rohan"
          },
          "sensitive_attributes": [],
          "private": "bnVsbA=="
        },
        {
          "index_key": "acc_gp_roxanne",
          "schema_version": 0,
          "attributes": {
            "account_ids": [
              "14943328437",
              "183992354283",
              "290198859335",
              "386650976415",
              "481336299128",
              "585207866801",
              "66136a14-b851-40dd-8a43-62bb8f1c2280",
              "6778e048-b87e-49c9-bf03-dd3089404bac",
              "6b4e91d2-880a-4f9b-ba2e-6fc0786af414",
              "729401098989",
              "836879184337",
              "8e3ffd7a-5abe-4744-97e3-7c122e8e8cd1",
              "91035182604",
              "920922063025",
              "9b97ff5e-d613-40f1-8503-c346a74f0957",
              "demo2-325310",
              "ea400be4-1d43-4534-8a5d-8efb767cf2d6",
              "f20ff4b2-e030-4a43-8e0b-8239c94a1988",
              "prisma-cloud-agentless-hub",
              "prisma-gcp-project-362619"
            ],
            "child_group_ids": null,
            "description": "This is the account group acc_gp_roxanne created by terraform",
            "group_id": "593e4df8-ac9b-4793-a56e-8ef8ce67a5f3",
            "id": "593e4df8-ac9b-4793-a56e-8ef8ce67a5f3",
            "last_modified_by": "bhlab-api-test",
            "last_modified_ts": 1674923671556,
            "name": "acc_gp_roxanne"
          },
          "sensitive_attributes": [],
          "private": "bnVsbA=="
        },
        {
          "index_key": "acc_gp_ruben",
          "schema_version": 0,
          "attributes": {
            "account_ids": [
              "128921045382",
              "231588027378",
              "234d651a-f6e9-4456-ab10-864c95b9a3fd",
              "2e4750e1-754e-4669-8519-c1b1da608e74",
              "323709258775",
              "426569225635",
              "4618e15a-4e8f-4abf-a94c-51a6adaed35d",
              "47850784985",
              "530065377957",
              "59e86f90-bf30-4edf-be40-423ec6fdbecf",
              "657450442583",
              "763592727363",
              "868327000000",
              "963454501624",
              "c368b587-885f-40df-aa7d-c11e937841d6",
              "cbf45ea3-0a7e-4f1c-aa1e-1115d8044f9c",
              "my-secure-application",
              "ocid1.compartment.oc1..aaaaaaaa6d7p2kckaywvtb6hqdbtvwteqw34bii23j4p5etlskwyrt4h6lwq",
              "thinking-cacao-229608",
              "twistlock-testing-4"
            ],
            "child_group_ids": null,
            "description": "This is the account group acc_gp_ruben created by terraform",
            "group_id": "5dd34593-ee0b-4e75-9acc-67b93998ad09",
            "id": "5dd34593-ee0b-4e75-9acc-67b93998ad09",
            "last_modified_by": "bhlab-api-test",
            "last_modified_ts": 1674923674886,
            "name": "acc_gp_ruben"
          },
          "sensitive_attributes": [],
          "private": "bnVsbA=="
        },
        {
          "index_key": "acc_gp_saad",
          "schema_version": 0,
          "attributes": {
            "account_ids": [
              "05d5ffb6-895f-4c27-bb1e-0a20a8d8967c",
              "116f60fd-cd0c-4c20-be97-fc4f2a181d81",
              "117377353373",
              "206299705797",
              "311657289423",
              "389700411306",
              "411385791669",
              "499040555397",
              "510629701280",
              "639652053664",
              "749207776966",
              "854873485554",
              "941112413182",
              "bb31696e-670e-46d5-af67-f92936ddacdd",
              "buglettesting1",
              "ha-failover2",
              "manifest-glyph-349923",
              "southern-engine-210809",
              "terraform-lcastro",
              "test-gcp-project-ivani"
            ],
            "child_group_ids": null,
            "description": "This is the account group acc_gp_saad created by terraform",
            "group_id": "71ebcda2-dc20-42c9-bb81-10bd890dfb9e",
            "id": "71ebcda2-dc20-42c9-bb81-10bd890dfb9e",
            "last_modified_by": "bhlab-api-test",
            "last_modified_ts": 1674923674262,
            "name": "acc_gp_saad"
          },
          "sensitive_attributes": [],
          "private": "bnVsbA=="
        },
        {
          "index_key": "acc_gp_sadia",
          "schema_version": 0,
          "attributes": {
            "account_ids": [
              "05d5ffb6-895f-4c27-bb1e-0a20a8d8967c",
              "105611822537",
              "199429853571",
              "21907055460",
              "303997422323",
              "405724879739",
              "406c79b3-aaa2-48dd-9f45-f4c75c35eb58",
              "502581901622",
              "624232596862",
              "66136a14-b851-40dd-8a43-62bb8f1c2280",
              "740361284091",
              "848053798505",
              "935975308685",
              "9b0e38bd-4129-4564-b48f-9cfe7ee92927",
              "acezar-gcloud-ace",
              "bb31696e-670e-46d5-af67-f92936ddacdd",
              "focal-freedom-338215",
              "ha-failover2",
              "projectx-326606",
              "southern-engine-210809"
            ],
            "child_group_ids": null,
            "description": "This is the account group acc_gp_sadia created by terraform",
            "group_id": "04e4d60b-d4e7-4c7d-bb39-5e584cb02e6a",
            "id": "04e4d60b-d4e7-4c7d-bb39-5e584cb02e6a",
            "last_modified_by": "bhlab-api-test",
            "last_modified_ts": 1674923676846,
            "name": "acc_gp_sadia"
          },
          "sensitive_attributes": [],
          "private": "bnVsbA=="
        },
        {
          "index_key": "acc_gp_samuel",
          "schema_version": 0,
          "attributes": {
            "account_ids": [
              "16671749923",
              "186236670723",
              "295085222784",
              "387492000000",
              "4428385e-222d-4653-939c-c69fc68300b5",
              "487081852130",
              "5362786986198720",
              "606882529301",
              "735842398159",
              "838659691714",
              "929879730724",
              "98463581235",
              "99a99b99-99a0-9ab9-a9a9-999a1234abc9",
              "acezar",
              "encoded-density-338815",
              "fff214ab-d46d-4cfb-9246-e26411a4e019",
              "mdavis1-project-92483",
              "prismaenable",
              "production-338815",
              "silver-stratum-325307"
            ],
            "child_group_ids": null,
            "description": "This is the account group acc_gp_samuel created by terraform",
            "group_id": "d861b59b-9fd6-44e7-87f5-852dd8e376da",
            "id": "d861b59b-9fd6-44e7-87f5-852dd8e376da",
            "last_modified_by": "bhlab-api-test",
            "last_modified_ts": 1674923679097,
            "name": "acc_gp_samuel"
          },
          "sensitive_attributes": [],
          "private": "bnVsbA=="
        },
        {
          "index_key": "acc_gp_shannon",
          "schema_version": 0,
          "attributes": {
            "account_ids": [
              "147988261077",
              "267162239100",
              "2cec7305-5246-474d-b522-56705705735a",
              "358272273028",
              "461571843885",
              "565473472370",
              "670220508714",
              "6721efbb-7f3c-4560-8a82-bece3f1519c3",
              "688891711814",
              "74058451189",
              "809741434559",
              "892950815983",
              "c202b8a5-6948-4f0e-bdc5-273c620483c3",
              "da9be3a1-5390-4140-8ce1-071075c8bada",
              "demo2-325310",
              "divine-arcade-340318",
              "e5475843-9441-44de-9eff-4bc2a1d33734",
              "ocid1.tenancy.oc1..aaaaaaaama264krohd4fhdvvlbvswc6wppos44qq3ugrmlwqjn2euzle6lpa",
              "okd-testing",
              "test1-ManagementGroup::6778e048-b87e-49c9-bf03-dd3089404bac"
            ],
            "child_group_ids": null,
            "description": "This is the account group acc_gp_shannon created by terraform",
            "group_id": "4b8b7b10-9953-4143-9f49-2d39735eaaf8",
            "id": "4b8b7b10-9953-4143-9f49-2d39735eaaf8",
            "last_modified_by": "bhlab-api-test",
            "last_modified_ts": 1674923674078,
            "name": "acc_gp_shannon"
          },
          "sensitive_attributes": [],
          "private": "bnVsbA=="
        },
        {
          "index_key": "acc_gp_sydney",
          "schema_version": 0,
          "attributes": {
            "account_ids": [
              "135394965531",
              "248302774520",
              "334453778476",
              "38fe61bd-82c7-4ea1-a09a-c40bbfae9c29",
              "3b512bc7-1a4a-4687-a93e-eda29c11b731",
              "440579509897",
              "548706339563",
              "60416996811",
              "669829075234",
              "784401292518",
              "879316270490",
              "978111507614",
              "aa8e01fe-3c97-4cc8-acfe-15147b399bd1",
              "clean-facility-228705",
              "clsandboxlogging",
              "ha-demo--corp::6778e048-b87e-49c9-bf03-dd3089404bac",
              "njannasch_management_group::8d6884c0-eea3-4a85-aa4d-c1a7cc3c1929",
              "ocid1.compartment.oc1..aaaaaaaajh4js7wm5wtcz3xc43qfnrzxxukyyifgyvryswzyv5kmlnbc7cra",
              "ocid1.compartment.oc1..aaaaaaaapxbmuhjkntrexbic4gcnzq2sqmhiwhsib6azizf4mugxig4bswga",
              "valued-context-243318"
            ],
            "child_group_ids": null,
            "description": "This is the account group acc_gp_sydney created by terraform",
            "group_id": "df114340-19b6-4c38-9a45-07dd27468494",
            "id": "df114340-19b6-4c38-9a45-07dd27468494",
            "last_modified_by": "bhlab-api-test",
            "last_modified_ts": 1674923681023,
            "name": "acc_gp_sydney"
          },
          "sensitive_attributes": [],
          "private": "bnVsbA=="
        },
        {
          "index_key": "acc_gp_szymon",
          "schema_version": 0,
          "attributes": {
            "account_ids": [
              "103000597188",
              "19130049868",
              "192575683658",
              "300016719657",
              "391847850805",
              "3ecae60c-d73a-4fe4-b93e-fe8151dcefe3",
              "492571000000",
              "5776513582760440",
              "613675200908",
              "737375209633",
              "842294135183",
              "931685639675",
              "Test::abf86192-e0aa-4a15-a95d-4b13760d1ee3",
              "a259f8c4-9b48-49f4-8629-ffe0044febb5",
              "admin-281615",
              "admin-project-305518",
              "fb898d75-971e-4ca7-baea-7648154b7cc6",
              "gcp3-284215",
              "prod-mg::5bf15f45-63b7-423d-8ba6-a7b0d43381cc",
              "qa-lcastro"
            ],
            "child_group_ids": null,
            "description": "This is the account group acc_gp_szymon created by terraform",
            "group_id": "ced1842f-f8e5-4e34-b94c-128c1831cc0f",
            "id": "ced1842f-f8e5-4e34-b94c-128c1831cc0f",
            "last_modified_by": "bhlab-api-test",
            "last_modified_ts": 1674923676341,
            "name": "acc_gp_szymon"
          },
          "sensitive_attributes": [],
          "private": "bnVsbA=="
        },
        {
          "index_key": "acc_gp_tasneem",
          "schema_version": 0,
          "attributes": {
            "account_ids": [
              "08a8b8f0-4b0c-41d7-bd6b-f6a84c6e9251",
              "108863513136",
              "204537954761",
              "2303e92a-a258-41fe-9128-35c7c3b87270",
              "25418568953",
              "307742389181",
              "405833000000",
              "506051274932",
              "628567429326",
              "6b4e91d2-880a-4f9b-ba2e-6fc0786af414",
              "742861058364",
              "849181715793",
              "937734456278",
              "Master_Chief_Azure::25c6f9a7-70cf-40af-aa24-30180bb8faee",
              "admin-281615",
              "bba7356e-a6eb-46e5-9546-4e044f50371d",
              "gcp3-284215",
              "iot-analytics-217514",
              "qa-lcastro",
              "ssull-cns-microsegmentation"
            ],
            "child_group_ids": null,
            "description": "This is the account group acc_gp_tasneem created by terraform",
            "group_id": "a09a6704-dfc8-45bf-a1c6-7e75b08a6d80",
            "id": "a09a6704-dfc8-45bf-a1c6-7e75b08a6d80",
            "last_modified_by": "bhlab-api-test",
            "last_modified_ts": 1674923676554,
            "name": "acc_gp_tasneem"
          },
          "sensitive_attributes": [],
          "private": "bnVsbA=="
        },
        {
          "index_key": "acc_gp_taya",
          "schema_version": 0,
          "attributes": {
            "account_ids": [
              "116f60fd-cd0c-4c20-be97-fc4f2a181d81",
              "121478053723",
              "189aa420-c305-43bb-b308-5ee1c2fd19dd",
              "214952000000",
              "317512962525",
              "41575001037",
              "417520728869",
              "519594000000",
              "640375877367",
              "755271740400",
              "857420264177",
              "946153493514",
              "Test::abf86192-e0aa-4a15-a95d-4b13760d1ee3",
              "beb4d3a2-ac49-4e7b-8730-96f855f0def1",
              "c302d2b9-93f7-4d5d-af0d-8ff36b31e854",
              "kubernetes-247908",
              "mdidedda",
              "my-project-170420-274508",
              "tangerine-pov",
              "testmg01::3a36bd0f-36fe-4d29-999b-c3e1825f7818"
            ],
            "child_group_ids": null,
            "description": "This is the account group acc_gp_taya created by terraform",
            "group_id": "eeacb917-bd5b-4e46-833a-9b00de942040",
            "id": "eeacb917-bd5b-4e46-833a-9b00de942040",
            "last_modified_by": "bhlab-api-test",
            "last_modified_ts": 1674923681371,
            "name": "acc_gp_taya"
          },
          "sensitive_attributes": [],
          "private": "bnVsbA=="
        },
        {
          "index_key": "acc_gp_tegan",
          "schema_version": 0,
          "attributes": {
            "account_ids": [
              "268945099086",
              "367341243763",
              "470460512026",
              "576657578333",
              "613430554146",
              "6be2f04b-e97a-4de5-97d1-e62f162679b6",
              "704143120544",
              "7064cfc1-7326-4ef2-955f-a71de23e279f",
              "80145905904",
              "820118000000",
              "902343913279",
              "964612033464",
              "divine-arcade-340318",
              "e682bf63-6849-48f9-9c19-bab722e9274e",
              "ha-demo--decommissioned::6778e048-b87e-49c9-bf03-dd3089404bac",
              "okd-testing",
              "panw-john8505-test",
              "prisma-pravin-se-test",
              "supercar-mobile-app",
              "wide-gamma-325307"
            ],
            "child_group_ids": null,
            "description": "This is the account group acc_gp_tegan created by terraform",
            "group_id": "22821184-0da7-4bee-a341-e033f993f09b",
            "id": "22821184-0da7-4bee-a341-e033f993f09b",
            "last_modified_by": "bhlab-api-test",
            "last_modified_ts": 1674923676513,
            "name": "acc_gp_tegan"
          },
          "sensitive_attributes": [],
          "private": "bnVsbA=="
        },
        {
          "index_key": "acc_gp_theo",
          "schema_version": 0,
          "attributes": {
            "account_ids": [
              "132426886635",
              "237241761644",
              "2feda068-7296-4810-91f5-c71734dcd439",
              "330256951381",
              "35939bf6-1bcf-47c0-98c0-324f38d3c7eb",
              "430054132184",
              "49159047421",
              "543128582294",
              "666072357311",
              "775059673160",
              "871212135834",
              "970180661184",
              "NewWithoutPerms::3a36bd0f-36fe-4d29-999b-c3e1825f7818",
              "carbide-crowbar-329119",
              "clean-facility-228705",
              "e801179d-de9f-43f6-9b68-91be094d6c74",
              "f446e9f7-1f48-4983-960b-0dcf9c43fe9e",
              "ocid1.compartment.oc1..aaaaaaaajh4js7wm5wtcz3xc43qfnrzxxukyyifgyvryswzyv5kmlnbc7cra",
              "twistlock-testing",
              "valued-context-243318"
            ],
            "child_group_ids": null,
            "description": "This is the account group acc_gp_theo created by terraform",
            "group_id": "a658bc6e-f6cf-4225-8ed9-8864ed8302bf",
            "id": "a658bc6e-f6cf-4225-8ed9-8864ed8302bf",
            "last_modified_by": "bhlab-api-test",
            "last_modified_ts": 1674923671549,
            "name": "acc_gp_theo"
          },
          "sensitive_attributes": [],
          "private": "bnVsbA=="
        },
        {
          "index_key": "acc_gp_trey",
          "schema_version": 0,
          "attributes": {
            "account_ids": [
              "176906633841",
              "280706454352",
              "369871242120",
              "480018555652",
              "581530874403",
              "714475454444",
              "7324008983",
              "794ed6c4-4de3-42ef-9815-91d5d0f82d72",
              "831236234960",
              "859601545600",
              "88602522721",
              "90b8f0b0-454c-4d66-81ed-5980b0818e87",
              "913046373001",
              "94487a09-7e0e-44dc-a3d1-a85b27548e7f",
              "954c5e98-51c5-4327-869c-863c1561a795",
              "admin-project-305518",
              "e738234a-579c-4d79-b47d-cbd1e8999839",
              "eba0da22-7f8b-4f35-8162-9ae7be037116",
              "pcc-dev-sandbox",
              "prisma-cloud-agentless-sub"
            ],
            "child_group_ids": null,
            "description": "This is the account group acc_gp_trey created by terraform",
            "group_id": "884314bd-b28a-4478-98aa-845480619375",
            "id": "884314bd-b28a-4478-98aa-845480619375",
            "last_modified_by": "bhlab-api-test",
            "last_modified_ts": 1674923674228,
            "name": "acc_gp_trey"
          },
          "sensitive_attributes": [],
          "private": "bnVsbA=="
        },
        {
          "index_key": "acc_gp_zakariya",
          "schema_version": 0,
          "attributes": {
            "account_ids": [
              "02bde6ce-0868-41e3-87af-c22cbccef801",
              "104494284754",
              "196927437212",
              "21311088899",
              "303406354516",
              "403322658895",
              "498208807120",
              "5702a352-50b4-4bcc-987c-c8f68c8bcdd5",
              "617875844592",
              "738831138590",
              "845860320095",
              "933489385925",
              "96f4f461-ae6f-4aab-a6a8-b0815dbb8a8d",
              "Leeroy_Jenkins_Azure::25c6f9a7-70cf-40af-aa24-30180bb8faee",
              "acezar-cns-microsegmentation",
              "b338e11c-a789-46e2-b021-3c26335b9ca1",
              "fg-alpha",
              "globalthink",
              "project-id",
              "second-project-236505"
            ],
            "child_group_ids": null,
            "description": "This is the account group acc_gp_zakariya created by terraform",
            "group_id": "7f4fde6e-3ccd-4c17-a307-398336f0bcda",
            "id": "7f4fde6e-3ccd-4c17-a307-398336f0bcda",
            "last_modified_by": "bhlab-api-test",
            "last_modified_ts": 1674923671557,
            "name": "acc_gp_zakariya"
          },
          "sensitive_attributes": [],
          "private": "bnVsbA=="
        }
      ]
    }
  ],
  "check_results": []
}
