{
  "version": 4,
  "terraform_version": "1.3.3",
  "serial": 51,
  "lineage": "09bb5808-637c-50a7-e20a-4a2cf78ae272",
  "outputs": {
    "acc_role_ids": {
      "value": {
        "role_abbas": "62a6c554-1b0d-4147-9643-e72e2500cff6",
        "role_alivia": "320ed251-1371-4129-a18f-9248f4390c59",
        "role_alvin": "bf00f024-e7d5-443b-a00b-2c333dc739fa",
        "role_ana": "cb179e15-1835-4ab1-b786-e451d7dad708",
        "role_arnold": "6ed92966-0e1e-450d-8536-363c22a54ebf",
        "role_ben": "6aee3023-6ba2-408d-afec-0d8ac95d78e4",
        "role_billy": "a28582ee-c3e1-4474-95aa-bdd7317f6d7e",
        "role_cleo": "8dad4564-6c63-4227-8e50-be1594997d02",
        "role_dean": "871c5f89-cf79-4f2a-931f-15baae7ac694",
        "role_elin": "6c5834ac-2a41-433a-aa3d-74a4c4a18389",
        "role_elisha": "44fa9513-88e3-437f-8e6b-e2e592b3607a",
        "role_ella_louise": "86ec89d8-dd01-4ee1-b6a5-7236f6249e0f",
        "role_emily": "eba062f7-b6a5-469e-b48b-b6da0558f3a9",
        "role_flora": "f8c78a1b-81a1-471d-9f05-da519ff970d5",
        "role_gavin": "464c3ba7-8a7a-4d2d-a512-5e94704dd268",
        "role_gerard": "5d238852-9700-41a0-9ddc-3a8f4c622cd3",
        "role_gertrude": "289dcab2-aa19-4315-8d3d-d6342278e21b",
        "role_hazel": "b27e54a8-ec47-4e8a-97c6-c073d1c77166",
        "role_ibrahim": "9e5e0671-b6c4-412a-932c-8146d4540730",
        "role_isobel": "c8c515ec-f981-4775-8263-13111bff7b7d",
        "role_jaydon": "be5ba3f5-27ec-429e-ae4d-db1fa09b305e",
        "role_jeremy": "dfebb852-9ef2-4829-837c-b29d92e652d5",
        "role_juanita": "2517f253-03be-4505-a09e-2e483f2c86e6",
        "role_kristen": "ca94dfeb-1a22-42d2-a6cf-871064d4670f",
        "role_levi": "9f5f61e0-99f2-4beb-9f6a-c5c65c18d3ba",
        "role_maia": "215f0ebe-d215-42bc-91d3-4951e3f029b8",
        "role_marcel": "1d88d85d-17f2-4af2-807a-890b5e98506d",
        "role_marcus": "9efe1b90-d9e1-4527-90d6-3c28cfee4407",
        "role_milly": "1090f9ad-4c50-40bc-b8c8-6a615755127c",
        "role_muhammed": "85abf4aa-b3ef-4628-a8f2-863622411457",
        "role_nabil": "50b6d2a8-e75b-4d3b-9dff-c901560be976",
        "role_norma": "1372b8d3-941c-467f-ac62-d914d7f88156",
        "role_otto": "ced8ee4b-0f80-4d3b-a537-0074aab9f868",
        "role_pamela": "473c430f-8b2f-4a22-86b2-e5e4c8772129",
        "role_robert": "0b23f179-4881-4f37-b0f0-ad3aa6c56dd2",
        "role_rohan": "7ee074cb-ba98-45fb-a0db-77220a4fcd94",
        "role_roxanne": "0ae4ef27-814e-49b6-a28c-f0638bbcbee4",
        "role_ruben": "d53c7f0c-faa7-4dff-8eea-29083914ce7a",
        "role_saad": "6aee34ed-1257-43a5-985c-f28d39122d48",
        "role_sadia": "0ef66e84-0074-4271-a714-f8db36b0afb3",
        "role_samuel": "341f4af9-e4e3-4c7b-8cac-fb057eb18f76",
        "role_shannon": "174c2403-ebb8-4f83-bf3d-2e85f89bfd41",
        "role_sydney": "4c513336-d7c4-4909-865a-c3768bc04f2a",
        "role_szymon": "7b6aa3ae-78a0-4305-9645-15b7e2ce9d08",
        "role_tasneem": "3070d929-6fe5-4516-9a64-412a5f305d46",
        "role_taya": "f22b65f3-48ab-4aea-b5e2-a97cd0089d8e",
        "role_tegan": "fc532b28-77fd-4632-a0c1-4ed0b34bc749",
        "role_theo": "bfcd2616-9207-48b3-a039-f247b5d533e2",
        "role_trey": "6aadbd9e-01ae-47aa-800f-81da58620542",
        "role_zakariya": "354c1220-4d1e-4068-bb28-cff83464f374"
      },
      "type": [
        "map",
        "string"
      ]
    }
  },
  "resources": [
    {
      "mode": "managed",
      "type": "prismacloud_user_role",
      "name": "example",
      "provider": "provider[\"registry.terraform.io/paloaltonetworks/prismacloud\"]",
      "instances": [
        {
          "index_key": "role_abbas",
          "schema_version": 0,
          "attributes": {
            "account_group_ids": [
              "3fb57708-401f-4749-abe6-55fd56694b36"
            ],
            "account_groups": [],
            "additional_attributes": [
              {
                "has_defender_permissions": true,
                "only_allow_ci_access": false,
                "only_allow_compute_access": false,
                "only_allow_read_access": true
              }
            ],
            "associated_users": [],
            "code_repository_ids": null,
            "description": "This is the role role_abbas created by terraform",
            "id": "62a6c554-1b0d-4147-9643-e72e2500cff6",
            "last_modified_by": "bhlab-api-test",
            "last_modified_ts": 1674930199991,
            "name": "role_abbas",
            "resource_list_ids": null,
            "restrict_dismissal_access": true,
            "role_id": "62a6c554-1b0d-4147-9643-e72e2500cff6",
            "role_type": "Account Group Read Only"
          },
          "sensitive_attributes": [],
          "private": "bnVsbA=="
        },
        {
          "index_key": "role_alivia",
          "schema_version": 0,
          "attributes": {
            "account_group_ids": [
              "8995d2ed-2aed-4aad-a8b1-451186549a29"
            ],
            "account_groups": [],
            "additional_attributes": [
              {
                "has_defender_permissions": true,
                "only_allow_ci_access": false,
                "only_allow_compute_access": false,
                "only_allow_read_access": true
              }
            ],
            "associated_users": [],
            "code_repository_ids": null,
            "description": "This is the role role_alivia created by terraform",
            "id": "320ed251-1371-4129-a18f-9248f4390c59",
            "last_modified_by": "bhlab-api-test",
            "last_modified_ts": 1674930195375,
            "name": "role_alivia",
            "resource_list_ids": null,
            "restrict_dismissal_access": true,
            "role_id": "320ed251-1371-4129-a18f-9248f4390c59",
            "role_type": "Account Group Read Only"
          },
          "sensitive_attributes": [],
          "private": "bnVsbA=="
        },
        {
          "index_key": "role_alvin",
          "schema_version": 0,
          "attributes": {
            "account_group_ids": [
              "5eefa955-bcf8-486f-ab59-10aeb6d4a579"
            ],
            "account_groups": [],
            "additional_attributes": [
              {
                "has_defender_permissions": true,
                "only_allow_ci_access": false,
                "only_allow_compute_access": false,
                "only_allow_read_access": true
              }
            ],
            "associated_users": [],
            "code_repository_ids": null,
            "description": "This is the role role_alvin created by terraform",
            "id": "bf00f024-e7d5-443b-a00b-2c333dc739fa",
            "last_modified_by": "bhlab-api-test",
            "last_modified_ts": 1674930197905,
            "name": "role_alvin",
            "resource_list_ids": null,
            "restrict_dismissal_access": true,
            "role_id": "bf00f024-e7d5-443b-a00b-2c333dc739fa",
            "role_type": "Account Group Read Only"
          },
          "sensitive_attributes": [],
          "private": "bnVsbA=="
        },
        {
          "index_key": "role_ana",
          "schema_version": 0,
          "attributes": {
            "account_group_ids": [
              "aabf1d45-41bd-4a09-b67c-ab54893e157a"
            ],
            "account_groups": [],
            "additional_attributes": [
              {
                "has_defender_permissions": true,
                "only_allow_ci_access": false,
                "only_allow_compute_access": false,
                "only_allow_read_access": true
              }
            ],
            "associated_users": [],
            "code_repository_ids": null,
            "description": "This is the role role_ana created by terraform",
            "id": "cb179e15-1835-4ab1-b786-e451d7dad708",
            "last_modified_by": "bhlab-api-test",
            "last_modified_ts": 1674930193910,
            "name": "role_ana",
            "resource_list_ids": null,
            "restrict_dismissal_access": true,
            "role_id": "cb179e15-1835-4ab1-b786-e451d7dad708",
            "role_type": "Account Group Read Only"
          },
          "sensitive_attributes": [],
          "private": "bnVsbA=="
        },
        {
          "index_key": "role_arnold",
          "schema_version": 0,
          "attributes": {
            "account_group_ids": [
              "78d06660-4ea0-405c-83ab-1dfebd648438"
            ],
            "account_groups": [],
            "additional_attributes": [
              {
                "has_defender_permissions": true,
                "only_allow_ci_access": false,
                "only_allow_compute_access": false,
                "only_allow_read_access": true
              }
            ],
            "associated_users": [],
            "code_repository_ids": null,
            "description": "This is the role role_arnold created by terraform",
            "id": "6ed92966-0e1e-450d-8536-363c22a54ebf",
            "last_modified_by": "bhlab-api-test",
            "last_modified_ts": 1674930193946,
            "name": "role_arnold",
            "resource_list_ids": null,
            "restrict_dismissal_access": true,
            "role_id": "6ed92966-0e1e-450d-8536-363c22a54ebf",
            "role_type": "Account Group Read Only"
          },
          "sensitive_attributes": [],
          "private": "bnVsbA=="
        },
        {
          "index_key": "role_ben",
          "schema_version": 0,
          "attributes": {
            "account_group_ids": [
              "d7d26967-0454-4131-8a70-77452f651d36"
            ],
            "account_groups": [],
            "additional_attributes": [
              {
                "has_defender_permissions": true,
                "only_allow_ci_access": false,
                "only_allow_compute_access": false,
                "only_allow_read_access": true
              }
            ],
            "associated_users": [],
            "code_repository_ids": null,
            "description": "This is the role role_ben created by terraform",
            "id": "6aee3023-6ba2-408d-afec-0d8ac95d78e4",
            "last_modified_by": "bhlab-api-test",
            "last_modified_ts": 1674930196757,
            "name": "role_ben",
            "resource_list_ids": null,
            "restrict_dismissal_access": true,
            "role_id": "6aee3023-6ba2-408d-afec-0d8ac95d78e4",
            "role_type": "Account Group Read Only"
          },
          "sensitive_attributes": [],
          "private": "bnVsbA=="
        },
        {
          "index_key": "role_billy",
          "schema_version": 0,
          "attributes": {
            "account_group_ids": [
              "c24f5e8b-171e-4549-83c1-19f47a30c604"
            ],
            "account_groups": [],
            "additional_attributes": [
              {
                "has_defender_permissions": true,
                "only_allow_ci_access": false,
                "only_allow_compute_access": false,
                "only_allow_read_access": true
              }
            ],
            "associated_users": [],
            "code_repository_ids": null,
            "description": "This is the role role_billy created by terraform",
            "id": "a28582ee-c3e1-4474-95aa-bdd7317f6d7e",
            "last_modified_by": "bhlab-api-test",
            "last_modified_ts": 1674930195704,
            "name": "role_billy",
            "resource_list_ids": null,
            "restrict_dismissal_access": true,
            "role_id": "a28582ee-c3e1-4474-95aa-bdd7317f6d7e",
            "role_type": "Account Group Read Only"
          },
          "sensitive_attributes": [],
          "private": "bnVsbA=="
        },
        {
          "index_key": "role_cleo",
          "schema_version": 0,
          "attributes": {
            "account_group_ids": [
              "132e5324-6674-4df8-bab5-bd083d1d26b0"
            ],
            "account_groups": [],
            "additional_attributes": [
              {
                "has_defender_permissions": true,
                "only_allow_ci_access": false,
                "only_allow_compute_access": false,
                "only_allow_read_access": true
              }
            ],
            "associated_users": [],
            "code_repository_ids": null,
            "description": "This is the role role_cleo created by terraform",
            "id": "8dad4564-6c63-4227-8e50-be1594997d02",
            "last_modified_by": "bhlab-api-test",
            "last_modified_ts": 1674930195477,
            "name": "role_cleo",
            "resource_list_ids": null,
            "restrict_dismissal_access": true,
            "role_id": "8dad4564-6c63-4227-8e50-be1594997d02",
            "role_type": "Account Group Read Only"
          },
          "sensitive_attributes": [],
          "private": "bnVsbA=="
        },
        {
          "index_key": "role_dean",
          "schema_version": 0,
          "attributes": {
            "account_group_ids": [
              "5fbe3a36-af68-4f8e-a01e-b4ed8c983ffc"
            ],
            "account_groups": [],
            "additional_attributes": [
              {
                "has_defender_permissions": true,
                "only_allow_ci_access": false,
                "only_allow_compute_access": false,
                "only_allow_read_access": true
              }
            ],
            "associated_users": [],
            "code_repository_ids": null,
            "description": "This is the role role_dean created by terraform",
            "id": "871c5f89-cf79-4f2a-931f-15baae7ac694",
            "last_modified_by": "bhlab-api-test",
            "last_modified_ts": 1674930198305,
            "name": "role_dean",
            "resource_list_ids": null,
            "restrict_dismissal_access": true,
            "role_id": "871c5f89-cf79-4f2a-931f-15baae7ac694",
            "role_type": "Account Group Read Only"
          },
          "sensitive_attributes": [],
          "private": "bnVsbA=="
        },
        {
          "index_key": "role_elin",
          "schema_version": 0,
          "attributes": {
            "account_group_ids": [
              "1a83f333-9414-41ce-828d-82fe4a1dd72e"
            ],
            "account_groups": [],
            "additional_attributes": [
              {
                "has_defender_permissions": true,
                "only_allow_ci_access": false,
                "only_allow_compute_access": false,
                "only_allow_read_access": true
              }
            ],
            "associated_users": [],
            "code_repository_ids": null,
            "description": "This is the role role_elin created by terraform",
            "id": "6c5834ac-2a41-433a-aa3d-74a4c4a18389",
            "last_modified_by": "bhlab-api-test",
            "last_modified_ts": 1674930195688,
            "name": "role_elin",
            "resource_list_ids": null,
            "restrict_dismissal_access": true,
            "role_id": "6c5834ac-2a41-433a-aa3d-74a4c4a18389",
            "role_type": "Account Group Read Only"
          },
          "sensitive_attributes": [],
          "private": "bnVsbA=="
        },
        {
          "index_key": "role_elisha",
          "schema_version": 0,
          "attributes": {
            "account_group_ids": [
              "3a9533c8-229a-4ce9-b32e-1e61c32fb222"
            ],
            "account_groups": [],
            "additional_attributes": [
              {
                "has_defender_permissions": true,
                "only_allow_ci_access": false,
                "only_allow_compute_access": false,
                "only_allow_read_access": true
              }
            ],
            "associated_users": [],
            "code_repository_ids": null,
            "description": "This is the role role_elisha created by terraform",
            "id": "44fa9513-88e3-437f-8e6b-e2e592b3607a",
            "last_modified_by": "bhlab-api-test",
            "last_modified_ts": 1674930196853,
            "name": "role_elisha",
            "resource_list_ids": null,
            "restrict_dismissal_access": true,
            "role_id": "44fa9513-88e3-437f-8e6b-e2e592b3607a",
            "role_type": "Account Group Read Only"
          },
          "sensitive_attributes": [],
          "private": "bnVsbA=="
        },
        {
          "index_key": "role_ella_louise",
          "schema_version": 0,
          "attributes": {
            "account_group_ids": [
              "0f307673-f1f7-42cc-a8f6-a4670d8109d3"
            ],
            "account_groups": [],
            "additional_attributes": [
              {
                "has_defender_permissions": true,
                "only_allow_ci_access": false,
                "only_allow_compute_access": false,
                "only_allow_read_access": true
              }
            ],
            "associated_users": [],
            "code_repository_ids": null,
            "description": "This is the role role_ella_louise created by terraform",
            "id": "86ec89d8-dd01-4ee1-b6a5-7236f6249e0f",
            "last_modified_by": "bhlab-api-test",
            "last_modified_ts": 1674930200043,
            "name": "role_ella_louise",
            "resource_list_ids": null,
            "restrict_dismissal_access": true,
            "role_id": "86ec89d8-dd01-4ee1-b6a5-7236f6249e0f",
            "role_type": "Account Group Read Only"
          },
          "sensitive_attributes": [],
          "private": "bnVsbA=="
        },
        {
          "index_key": "role_emily",
          "schema_version": 0,
          "attributes": {
            "account_group_ids": [
              "7a770cfe-fbf4-4d2a-ae18-67a9b88f67f9"
            ],
            "account_groups": [],
            "additional_attributes": [
              {
                "has_defender_permissions": true,
                "only_allow_ci_access": false,
                "only_allow_compute_access": false,
                "only_allow_read_access": true
              }
            ],
            "associated_users": [],
            "code_repository_ids": null,
            "description": "This is the role role_emily created by terraform",
            "id": "eba062f7-b6a5-469e-b48b-b6da0558f3a9",
            "last_modified_by": "bhlab-api-test",
            "last_modified_ts": 1674930195632,
            "name": "role_emily",
            "resource_list_ids": null,
            "restrict_dismissal_access": true,
            "role_id": "eba062f7-b6a5-469e-b48b-b6da0558f3a9",
            "role_type": "Account Group Read Only"
          },
          "sensitive_attributes": [],
          "private": "bnVsbA=="
        },
        {
          "index_key": "role_flora",
          "schema_version": 0,
          "attributes": {
            "account_group_ids": [
              "89e0edd7-c6ff-418e-9ab0-5185d7410504"
            ],
            "account_groups": [],
            "additional_attributes": [
              {
                "has_defender_permissions": true,
                "only_allow_ci_access": false,
                "only_allow_compute_access": false,
                "only_allow_read_access": true
              }
            ],
            "associated_users": [],
            "code_repository_ids": null,
            "description": "This is the role role_flora created by terraform",
            "id": "f8c78a1b-81a1-471d-9f05-da519ff970d5",
            "last_modified_by": "bhlab-api-test",
            "last_modified_ts": 1674930198293,
            "name": "role_flora",
            "resource_list_ids": null,
            "restrict_dismissal_access": true,
            "role_id": "f8c78a1b-81a1-471d-9f05-da519ff970d5",
            "role_type": "Account Group Read Only"
          },
          "sensitive_attributes": [],
          "private": "bnVsbA=="
        },
        {
          "index_key": "role_gavin",
          "schema_version": 0,
          "attributes": {
            "account_group_ids": [
              "f45b8fed-1993-4016-81df-2284a366aee6"
            ],
            "account_groups": [],
            "additional_attributes": [
              {
                "has_defender_permissions": true,
                "only_allow_ci_access": false,
                "only_allow_compute_access": false,
                "only_allow_read_access": true
              }
            ],
            "associated_users": [],
            "code_repository_ids": null,
            "description": "This is the role role_gavin created by terraform",
            "id": "464c3ba7-8a7a-4d2d-a512-5e94704dd268",
            "last_modified_by": "bhlab-api-test",
            "last_modified_ts": 1674930195994,
            "name": "role_gavin",
            "resource_list_ids": null,
            "restrict_dismissal_access": true,
            "role_id": "464c3ba7-8a7a-4d2d-a512-5e94704dd268",
            "role_type": "Account Group Read Only"
          },
          "sensitive_attributes": [],
          "private": "bnVsbA=="
        },
        {
          "index_key": "role_gerard",
          "schema_version": 0,
          "attributes": {
            "account_group_ids": [
              "a0528067-4071-4015-b0e0-4afb7416dd2f"
            ],
            "account_groups": [],
            "additional_attributes": [
              {
                "has_defender_permissions": true,
                "only_allow_ci_access": false,
                "only_allow_compute_access": false,
                "only_allow_read_access": true
              }
            ],
            "associated_users": [],
            "code_repository_ids": null,
            "description": "This is the role role_gerard created by terraform",
            "id": "5d238852-9700-41a0-9ddc-3a8f4c622cd3",
            "last_modified_by": "bhlab-api-test",
            "last_modified_ts": 1674930200194,
            "name": "role_gerard",
            "resource_list_ids": null,
            "restrict_dismissal_access": true,
            "role_id": "5d238852-9700-41a0-9ddc-3a8f4c622cd3",
            "role_type": "Account Group Read Only"
          },
          "sensitive_attributes": [],
          "private": "bnVsbA=="
        },
        {
          "index_key": "role_gertrude",
          "schema_version": 0,
          "attributes": {
            "account_group_ids": [
              "80e9bc49-4ec1-4794-8545-57ed213bf7dd"
            ],
            "account_groups": [],
            "additional_attributes": [
              {
                "has_defender_permissions": true,
                "only_allow_ci_access": false,
                "only_allow_compute_access": false,
                "only_allow_read_access": true
              }
            ],
            "associated_users": [],
            "code_repository_ids": null,
            "description": "This is the role role_gertrude created by terraform",
            "id": "289dcab2-aa19-4315-8d3d-d6342278e21b",
            "last_modified_by": "bhlab-api-test",
            "last_modified_ts": 1674930193943,
            "name": "role_gertrude",
            "resource_list_ids": null,
            "restrict_dismissal_access": true,
            "role_id": "289dcab2-aa19-4315-8d3d-d6342278e21b",
            "role_type": "Account Group Read Only"
          },
          "sensitive_attributes": [],
          "private": "bnVsbA=="
        },
        {
          "index_key": "role_hazel",
          "schema_version": 0,
          "attributes": {
            "account_group_ids": [
              "7653ffb8-45a9-408d-a62d-d56deb6c7eb7"
            ],
            "account_groups": [],
            "additional_attributes": [
              {
                "has_defender_permissions": true,
                "only_allow_ci_access": false,
                "only_allow_compute_access": false,
                "only_allow_read_access": true
              }
            ],
            "associated_users": [],
            "code_repository_ids": null,
            "description": "This is the role role_hazel created by terraform",
            "id": "b27e54a8-ec47-4e8a-97c6-c073d1c77166",
            "last_modified_by": "bhlab-api-test",
            "last_modified_ts": 1674930196757,
            "name": "role_hazel",
            "resource_list_ids": null,
            "restrict_dismissal_access": true,
            "role_id": "b27e54a8-ec47-4e8a-97c6-c073d1c77166",
            "role_type": "Account Group Read Only"
          },
          "sensitive_attributes": [],
          "private": "bnVsbA=="
        },
        {
          "index_key": "role_ibrahim",
          "schema_version": 0,
          "attributes": {
            "account_group_ids": [
              "d9274f1b-c6de-4428-8168-1c1a37289a6a"
            ],
            "account_groups": [],
            "additional_attributes": [
              {
                "has_defender_permissions": true,
                "only_allow_ci_access": false,
                "only_allow_compute_access": false,
                "only_allow_read_access": true
              }
            ],
            "associated_users": [],
            "code_repository_ids": null,
            "description": "This is the role role_ibrahim created by terraform",
            "id": "9e5e0671-b6c4-412a-932c-8146d4540730",
            "last_modified_by": "bhlab-api-test",
            "last_modified_ts": 1674930198935,
            "name": "role_ibrahim",
            "resource_list_ids": null,
            "restrict_dismissal_access": true,
            "role_id": "9e5e0671-b6c4-412a-932c-8146d4540730",
            "role_type": "Account Group Read Only"
          },
          "sensitive_attributes": [],
          "private": "bnVsbA=="
        },
        {
          "index_key": "role_isobel",
          "schema_version": 0,
          "attributes": {
            "account_group_ids": [
              "f922e66f-03ec-4e59-b4cc-087c84d7406a"
            ],
            "account_groups": [],
            "additional_attributes": [
              {
                "has_defender_permissions": true,
                "only_allow_ci_access": false,
                "only_allow_compute_access": false,
                "only_allow_read_access": true
              }
            ],
            "associated_users": [],
            "code_repository_ids": null,
            "description": "This is the role role_isobel created by terraform",
            "id": "c8c515ec-f981-4775-8263-13111bff7b7d",
            "last_modified_by": "bhlab-api-test",
            "last_modified_ts": 1674930196986,
            "name": "role_isobel",
            "resource_list_ids": null,
            "restrict_dismissal_access": true,
            "role_id": "c8c515ec-f981-4775-8263-13111bff7b7d",
            "role_type": "Account Group Read Only"
          },
          "sensitive_attributes": [],
          "private": "bnVsbA=="
        },
        {
          "index_key": "role_jaydon",
          "schema_version": 0,
          "attributes": {
            "account_group_ids": [
              "244c3121-c5da-4b2b-9d7b-3c73dc873be8"
            ],
            "account_groups": [],
            "additional_attributes": [
              {
                "has_defender_permissions": true,
                "only_allow_ci_access": false,
                "only_allow_compute_access": false,
                "only_allow_read_access": true
              }
            ],
            "associated_users": [],
            "code_repository_ids": null,
            "description": "This is the role role_jaydon created by terraform",
            "id": "be5ba3f5-27ec-429e-ae4d-db1fa09b305e",
            "last_modified_by": "bhlab-api-test",
            "last_modified_ts": 1674930198086,
            "name": "role_jaydon",
            "resource_list_ids": null,
            "restrict_dismissal_access": true,
            "role_id": "be5ba3f5-27ec-429e-ae4d-db1fa09b305e",
            "role_type": "Account Group Read Only"
          },
          "sensitive_attributes": [],
          "private": "bnVsbA=="
        },
        {
          "index_key": "role_jeremy",
          "schema_version": 0,
          "attributes": {
            "account_group_ids": [
              "9881bbc4-e13b-4e38-93d9-7875572131e2"
            ],
            "account_groups": [],
            "additional_attributes": [
              {
                "has_defender_permissions": true,
                "only_allow_ci_access": false,
                "only_allow_compute_access": false,
                "only_allow_read_access": true
              }
            ],
            "associated_users": [],
            "code_repository_ids": null,
            "description": "This is the role role_jeremy created by terraform",
            "id": "dfebb852-9ef2-4829-837c-b29d92e652d5",
            "last_modified_by": "bhlab-api-test",
            "last_modified_ts": 1674930200707,
            "name": "role_jeremy",
            "resource_list_ids": null,
            "restrict_dismissal_access": true,
            "role_id": "dfebb852-9ef2-4829-837c-b29d92e652d5",
            "role_type": "Account Group Read Only"
          },
          "sensitive_attributes": [],
          "private": "bnVsbA=="
        },
        {
          "index_key": "role_juanita",
          "schema_version": 0,
          "attributes": {
            "account_group_ids": [
              "24d806e6-8ab9-4c89-b19b-7172e36d12cf"
            ],
            "account_groups": [],
            "additional_attributes": [
              {
                "has_defender_permissions": true,
                "only_allow_ci_access": false,
                "only_allow_compute_access": false,
                "only_allow_read_access": true
              }
            ],
            "associated_users": [],
            "code_repository_ids": null,
            "description": "This is the role role_juanita created by terraform",
            "id": "2517f253-03be-4505-a09e-2e483f2c86e6",
            "last_modified_by": "bhlab-api-test",
            "last_modified_ts": 1674930197014,
            "name": "role_juanita",
            "resource_list_ids": null,
            "restrict_dismissal_access": true,
            "role_id": "2517f253-03be-4505-a09e-2e483f2c86e6",
            "role_type": "Account Group Read Only"
          },
          "sensitive_attributes": [],
          "private": "bnVsbA=="
        },
        {
          "index_key": "role_kristen",
          "schema_version": 0,
          "attributes": {
            "account_group_ids": [
              "4f660c2c-834c-4094-a244-a50a01fd58ed"
            ],
            "account_groups": [],
            "additional_attributes": [
              {
                "has_defender_permissions": true,
                "only_allow_ci_access": false,
                "only_allow_compute_access": false,
                "only_allow_read_access": true
              }
            ],
            "associated_users": [],
            "code_repository_ids": null,
            "description": "This is the role role_kristen created by terraform",
            "id": "ca94dfeb-1a22-42d2-a6cf-871064d4670f",
            "last_modified_by": "bhlab-api-test",
            "last_modified_ts": 1674930193578,
            "name": "role_kristen",
            "resource_list_ids": null,
            "restrict_dismissal_access": true,
            "role_id": "ca94dfeb-1a22-42d2-a6cf-871064d4670f",
            "role_type": "Account Group Read Only"
          },
          "sensitive_attributes": [],
          "private": "bnVsbA=="
        },
        {
          "index_key": "role_levi",
          "schema_version": 0,
          "attributes": {
            "account_group_ids": [
              "34cfe290-098b-4e2b-935b-e19b97fbaa7a"
            ],
            "account_groups": [],
            "additional_attributes": [
              {
                "has_defender_permissions": true,
                "only_allow_ci_access": false,
                "only_allow_compute_access": false,
                "only_allow_read_access": true
              }
            ],
            "associated_users": [],
            "code_repository_ids": null,
            "description": "This is the role role_levi created by terraform",
            "id": "9f5f61e0-99f2-4beb-9f6a-c5c65c18d3ba",
            "last_modified_by": "bhlab-api-test",
            "last_modified_ts": 1674930193960,
            "name": "role_levi",
            "resource_list_ids": null,
            "restrict_dismissal_access": true,
            "role_id": "9f5f61e0-99f2-4beb-9f6a-c5c65c18d3ba",
            "role_type": "Account Group Read Only"
          },
          "sensitive_attributes": [],
          "private": "bnVsbA=="
        },
        {
          "index_key": "role_maia",
          "schema_version": 0,
          "attributes": {
            "account_group_ids": [
              "fce6410b-2063-49a7-9be5-5f5fe65faf54"
            ],
            "account_groups": [],
            "additional_attributes": [
              {
                "has_defender_permissions": true,
                "only_allow_ci_access": false,
                "only_allow_compute_access": false,
                "only_allow_read_access": true
              }
            ],
            "associated_users": [],
            "code_repository_ids": null,
            "description": "This is the role role_maia created by terraform",
            "id": "215f0ebe-d215-42bc-91d3-4951e3f029b8",
            "last_modified_by": "bhlab-api-test",
            "last_modified_ts": 1674930193941,
            "name": "role_maia",
            "resource_list_ids": null,
            "restrict_dismissal_access": true,
            "role_id": "215f0ebe-d215-42bc-91d3-4951e3f029b8",
            "role_type": "Account Group Read Only"
          },
          "sensitive_attributes": [],
          "private": "bnVsbA=="
        },
        {
          "index_key": "role_marcel",
          "schema_version": 0,
          "attributes": {
            "account_group_ids": [
              "a5028df0-dad4-418c-8285-79fac290a44b"
            ],
            "account_groups": [],
            "additional_attributes": [
              {
                "has_defender_permissions": true,
                "only_allow_ci_access": false,
                "only_allow_compute_access": false,
                "only_allow_read_access": true
              }
            ],
            "associated_users": [],
            "code_repository_ids": null,
            "description": "This is the role role_marcel created by terraform",
            "id": "1d88d85d-17f2-4af2-807a-890b5e98506d",
            "last_modified_by": "bhlab-api-test",
            "last_modified_ts": 1674930200002,
            "name": "role_marcel",
            "resource_list_ids": null,
            "restrict_dismissal_access": true,
            "role_id": "1d88d85d-17f2-4af2-807a-890b5e98506d",
            "role_type": "Account Group Read Only"
          },
          "sensitive_attributes": [],
          "private": "bnVsbA=="
        },
        {
          "index_key": "role_marcus",
          "schema_version": 0,
          "attributes": {
            "account_group_ids": [
              "b82c5a61-4a69-4a04-8341-b9623d71664e"
            ],
            "account_groups": [],
            "additional_attributes": [
              {
                "has_defender_permissions": true,
                "only_allow_ci_access": false,
                "only_allow_compute_access": false,
                "only_allow_read_access": true
              }
            ],
            "associated_users": [],
            "code_repository_ids": null,
            "description": "This is the role role_marcus created by terraform",
            "id": "9efe1b90-d9e1-4527-90d6-3c28cfee4407",
            "last_modified_by": "bhlab-api-test",
            "last_modified_ts": 1674930195685,
            "name": "role_marcus",
            "resource_list_ids": null,
            "restrict_dismissal_access": true,
            "role_id": "9efe1b90-d9e1-4527-90d6-3c28cfee4407",
            "role_type": "Account Group Read Only"
          },
          "sensitive_attributes": [],
          "private": "bnVsbA=="
        },
        {
          "index_key": "role_milly",
          "schema_version": 0,
          "attributes": {
            "account_group_ids": [
              "1ff305d5-a11d-4ca4-8254-e46cf100fe0d"
            ],
            "account_groups": [],
            "additional_attributes": [
              {
                "has_defender_permissions": true,
                "only_allow_ci_access": false,
                "only_allow_compute_access": false,
                "only_allow_read_access": true
              }
            ],
            "associated_users": [],
            "code_repository_ids": null,
            "description": "This is the role role_milly created by terraform",
            "id": "1090f9ad-4c50-40bc-b8c8-6a615755127c",
            "last_modified_by": "bhlab-api-test",
            "last_modified_ts": 1674930196967,
            "name": "role_milly",
            "resource_list_ids": null,
            "restrict_dismissal_access": true,
            "role_id": "1090f9ad-4c50-40bc-b8c8-6a615755127c",
            "role_type": "Account Group Read Only"
          },
          "sensitive_attributes": [],
          "private": "bnVsbA=="
        },
        {
          "index_key": "role_muhammed",
          "schema_version": 0,
          "attributes": {
            "account_group_ids": [
              "0e0e40c5-157f-479f-9351-392e4f7ff671"
            ],
            "account_groups": [],
            "additional_attributes": [
              {
                "has_defender_permissions": true,
                "only_allow_ci_access": false,
                "only_allow_compute_access": false,
                "only_allow_read_access": true
              }
            ],
            "associated_users": [],
            "code_repository_ids": null,
            "description": "This is the role role_muhammed created by terraform",
            "id": "85abf4aa-b3ef-4628-a8f2-863622411457",
            "last_modified_by": "bhlab-api-test",
            "last_modified_ts": 1674930193874,
            "name": "role_muhammed",
            "resource_list_ids": null,
            "restrict_dismissal_access": true,
            "role_id": "85abf4aa-b3ef-4628-a8f2-863622411457",
            "role_type": "Account Group Read Only"
          },
          "sensitive_attributes": [],
          "private": "bnVsbA=="
        },
        {
          "index_key": "role_nabil",
          "schema_version": 0,
          "attributes": {
            "account_group_ids": [
              "0246a3a7-cae3-49ad-9aad-59ee475ca39b"
            ],
            "account_groups": [],
            "additional_attributes": [
              {
                "has_defender_permissions": true,
                "only_allow_ci_access": false,
                "only_allow_compute_access": false,
                "only_allow_read_access": true
              }
            ],
            "associated_users": [],
            "code_repository_ids": null,
            "description": "This is the role role_nabil created by terraform",
            "id": "50b6d2a8-e75b-4d3b-9dff-c901560be976",
            "last_modified_by": "bhlab-api-test",
            "last_modified_ts": 1674930193891,
            "name": "role_nabil",
            "resource_list_ids": null,
            "restrict_dismissal_access": true,
            "role_id": "50b6d2a8-e75b-4d3b-9dff-c901560be976",
            "role_type": "Account Group Read Only"
          },
          "sensitive_attributes": [],
          "private": "bnVsbA=="
        },
        {
          "index_key": "role_norma",
          "schema_version": 0,
          "attributes": {
            "account_group_ids": [
              "0898055a-1a15-407f-871b-fae2d1067070"
            ],
            "account_groups": [],
            "additional_attributes": [
              {
                "has_defender_permissions": true,
                "only_allow_ci_access": false,
                "only_allow_compute_access": false,
                "only_allow_read_access": true
              }
            ],
            "associated_users": [],
            "code_repository_ids": null,
            "description": "This is the role role_norma created by terraform",
            "id": "1372b8d3-941c-467f-ac62-d914d7f88156",
            "last_modified_by": "bhlab-api-test",
            "last_modified_ts": 1674930198146,
            "name": "role_norma",
            "resource_list_ids": null,
            "restrict_dismissal_access": true,
            "role_id": "1372b8d3-941c-467f-ac62-d914d7f88156",
            "role_type": "Account Group Read Only"
          },
          "sensitive_attributes": [],
          "private": "bnVsbA=="
        },
        {
          "index_key": "role_otto",
          "schema_version": 0,
          "attributes": {
            "account_group_ids": [
              "f1605ea3-6dee-4a9c-9415-4a9385f81d6c"
            ],
            "account_groups": [],
            "additional_attributes": [
              {
                "has_defender_permissions": true,
                "only_allow_ci_access": false,
                "only_allow_compute_access": false,
                "only_allow_read_access": true
              }
            ],
            "associated_users": [],
            "code_repository_ids": null,
            "description": "This is the role role_otto created by terraform",
            "id": "ced8ee4b-0f80-4d3b-a537-0074aab9f868",
            "last_modified_by": "bhlab-api-test",
            "last_modified_ts": 1674930199987,
            "name": "role_otto",
            "resource_list_ids": null,
            "restrict_dismissal_access": true,
            "role_id": "ced8ee4b-0f80-4d3b-a537-0074aab9f868",
            "role_type": "Account Group Read Only"
          },
          "sensitive_attributes": [],
          "private": "bnVsbA=="
        },
        {
          "index_key": "role_pamela",
          "schema_version": 0,
          "attributes": {
            "account_group_ids": [
              "d8510bb4-3050-4ad8-ba7b-ef48d1d4c526"
            ],
            "account_groups": [],
            "additional_attributes": [
              {
                "has_defender_permissions": true,
                "only_allow_ci_access": false,
                "only_allow_compute_access": false,
                "only_allow_read_access": true
              }
            ],
            "associated_users": [],
            "code_repository_ids": null,
            "description": "This is the role role_pamela created by terraform",
            "id": "473c430f-8b2f-4a22-86b2-e5e4c8772129",
            "last_modified_by": "bhlab-api-test",
            "last_modified_ts": 1674930200009,
            "name": "role_pamela",
            "resource_list_ids": null,
            "restrict_dismissal_access": true,
            "role_id": "473c430f-8b2f-4a22-86b2-e5e4c8772129",
            "role_type": "Account Group Read Only"
          },
          "sensitive_attributes": [],
          "private": "bnVsbA=="
        },
        {
          "index_key": "role_robert",
          "schema_version": 0,
          "attributes": {
            "account_group_ids": [
              "3a4e0a8d-4dab-4544-9a4d-f239e52c5146"
            ],
            "account_groups": [],
            "additional_attributes": [
              {
                "has_defender_permissions": true,
                "only_allow_ci_access": false,
                "only_allow_compute_access": false,
                "only_allow_read_access": true
              }
            ],
            "associated_users": [],
            "code_repository_ids": null,
            "description": "This is the role role_robert created by terraform",
            "id": "0b23f179-4881-4f37-b0f0-ad3aa6c56dd2",
            "last_modified_by": "bhlab-api-test",
            "last_modified_ts": 1674930198293,
            "name": "role_robert",
            "resource_list_ids": null,
            "restrict_dismissal_access": true,
            "role_id": "0b23f179-4881-4f37-b0f0-ad3aa6c56dd2",
            "role_type": "Account Group Read Only"
          },
          "sensitive_attributes": [],
          "private": "bnVsbA=="
        },
        {
          "index_key": "role_rohan",
          "schema_version": 0,
          "attributes": {
            "account_group_ids": [
              "17b437b5-3989-4d43-bf78-f832429cd335"
            ],
            "account_groups": [],
            "additional_attributes": [
              {
                "has_defender_permissions": true,
                "only_allow_ci_access": false,
                "only_allow_compute_access": false,
                "only_allow_read_access": true
              }
            ],
            "associated_users": [],
            "code_repository_ids": null,
            "description": "This is the role role_rohan created by terraform",
            "id": "7ee074cb-ba98-45fb-a0db-77220a4fcd94",
            "last_modified_by": "bhlab-api-test",
            "last_modified_ts": 1674930199488,
            "name": "role_rohan",
            "resource_list_ids": null,
            "restrict_dismissal_access": true,
            "role_id": "7ee074cb-ba98-45fb-a0db-77220a4fcd94",
            "role_type": "Account Group Read Only"
          },
          "sensitive_attributes": [],
          "private": "bnVsbA=="
        },
        {
          "index_key": "role_roxanne",
          "schema_version": 0,
          "attributes": {
            "account_group_ids": [
              "7d84fe40-0307-4738-ab4f-a516b7d4897f"
            ],
            "account_groups": [],
            "additional_attributes": [
              {
                "has_defender_permissions": true,
                "only_allow_ci_access": false,
                "only_allow_compute_access": false,
                "only_allow_read_access": true
              }
            ],
            "associated_users": [],
            "code_repository_ids": null,
            "description": "This is the role role_roxanne created by terraform",
            "id": "0ae4ef27-814e-49b6-a28c-f0638bbcbee4",
            "last_modified_by": "bhlab-api-test",
            "last_modified_ts": 1674930193263,
            "name": "role_roxanne",
            "resource_list_ids": null,
            "restrict_dismissal_access": true,
            "role_id": "0ae4ef27-814e-49b6-a28c-f0638bbcbee4",
            "role_type": "Account Group Read Only"
          },
          "sensitive_attributes": [],
          "private": "bnVsbA=="
        },
        {
          "index_key": "role_ruben",
          "schema_version": 0,
          "attributes": {
            "account_group_ids": [
              "47c5309a-de7a-49c9-8077-765c6c880f56"
            ],
            "account_groups": [],
            "additional_attributes": [
              {
                "has_defender_permissions": true,
                "only_allow_ci_access": false,
                "only_allow_compute_access": false,
                "only_allow_read_access": true
              }
            ],
            "associated_users": [],
            "code_repository_ids": null,
            "description": "This is the role role_ruben created by terraform",
            "id": "d53c7f0c-faa7-4dff-8eea-29083914ce7a",
            "last_modified_by": "bhlab-api-test",
            "last_modified_ts": 1674930198126,
            "name": "role_ruben",
            "resource_list_ids": null,
            "restrict_dismissal_access": true,
            "role_id": "d53c7f0c-faa7-4dff-8eea-29083914ce7a",
            "role_type": "Account Group Read Only"
          },
          "sensitive_attributes": [],
          "private": "bnVsbA=="
        },
        {
          "index_key": "role_saad",
          "schema_version": 0,
          "attributes": {
            "account_group_ids": [
              "603d3fe6-dd4b-4476-bfb1-048c7ff38bc6"
            ],
            "account_groups": [],
            "additional_attributes": [
              {
                "has_defender_permissions": true,
                "only_allow_ci_access": false,
                "only_allow_compute_access": false,
                "only_allow_read_access": true
              }
            ],
            "associated_users": [],
            "code_repository_ids": null,
            "description": "This is the role role_saad created by terraform",
            "id": "6aee34ed-1257-43a5-985c-f28d39122d48",
            "last_modified_by": "bhlab-api-test",
            "last_modified_ts": 1674930200305,
            "name": "role_saad",
            "resource_list_ids": null,
            "restrict_dismissal_access": true,
            "role_id": "6aee34ed-1257-43a5-985c-f28d39122d48",
            "role_type": "Account Group Read Only"
          },
          "sensitive_attributes": [],
          "private": "bnVsbA=="
        },
        {
          "index_key": "role_sadia",
          "schema_version": 0,
          "attributes": {
            "account_group_ids": [
              "857ec28c-687c-438d-94aa-f3098c6e8f0b"
            ],
            "account_groups": [],
            "additional_attributes": [
              {
                "has_defender_permissions": true,
                "only_allow_ci_access": false,
                "only_allow_compute_access": false,
                "only_allow_read_access": true
              }
            ],
            "associated_users": [],
            "code_repository_ids": null,
            "description": "This is the role role_sadia created by terraform",
            "id": "0ef66e84-0074-4271-a714-f8db36b0afb3",
            "last_modified_by": "bhlab-api-test",
            "last_modified_ts": 1674930195465,
            "name": "role_sadia",
            "resource_list_ids": null,
            "restrict_dismissal_access": true,
            "role_id": "0ef66e84-0074-4271-a714-f8db36b0afb3",
            "role_type": "Account Group Read Only"
          },
          "sensitive_attributes": [],
          "private": "bnVsbA=="
        },
        {
          "index_key": "role_samuel",
          "schema_version": 0,
          "attributes": {
            "account_group_ids": [
              "6854cc33-04a9-4412-b96d-1ac9a4f9e295"
            ],
            "account_groups": [],
            "additional_attributes": [
              {
                "has_defender_permissions": true,
                "only_allow_ci_access": false,
                "only_allow_compute_access": false,
                "only_allow_read_access": true
              }
            ],
            "associated_users": [],
            "code_repository_ids": null,
            "description": "This is the role role_samuel created by terraform",
            "id": "341f4af9-e4e3-4c7b-8cac-fb057eb18f76",
            "last_modified_by": "bhlab-api-test",
            "last_modified_ts": 1674930195708,
            "name": "role_samuel",
            "resource_list_ids": null,
            "restrict_dismissal_access": true,
            "role_id": "341f4af9-e4e3-4c7b-8cac-fb057eb18f76",
            "role_type": "Account Group Read Only"
          },
          "sensitive_attributes": [],
          "private": "bnVsbA=="
        },
        {
          "index_key": "role_shannon",
          "schema_version": 0,
          "attributes": {
            "account_group_ids": [
              "7a8738c2-b36e-4c14-863e-94272300fb1f"
            ],
            "account_groups": [],
            "additional_attributes": [
              {
                "has_defender_permissions": true,
                "only_allow_ci_access": false,
                "only_allow_compute_access": false,
                "only_allow_read_access": true
              }
            ],
            "associated_users": [],
            "code_repository_ids": null,
            "description": "This is the role role_shannon created by terraform",
            "id": "174c2403-ebb8-4f83-bf3d-2e85f89bfd41",
            "last_modified_by": "bhlab-api-test",
            "last_modified_ts": 1674930197360,
            "name": "role_shannon",
            "resource_list_ids": null,
            "restrict_dismissal_access": true,
            "role_id": "174c2403-ebb8-4f83-bf3d-2e85f89bfd41",
            "role_type": "Account Group Read Only"
          },
          "sensitive_attributes": [],
          "private": "bnVsbA=="
        },
        {
          "index_key": "role_sydney",
          "schema_version": 0,
          "attributes": {
            "account_group_ids": [
              "1939cd47-2d15-4c85-b2a2-1737730e61b8"
            ],
            "account_groups": [],
            "additional_attributes": [
              {
                "has_defender_permissions": true,
                "only_allow_ci_access": false,
                "only_allow_compute_access": false,
                "only_allow_read_access": true
              }
            ],
            "associated_users": [],
            "code_repository_ids": null,
            "description": "This is the role role_sydney created by terraform",
            "id": "4c513336-d7c4-4909-865a-c3768bc04f2a",
            "last_modified_by": "bhlab-api-test",
            "last_modified_ts": 1674930196649,
            "name": "role_sydney",
            "resource_list_ids": null,
            "restrict_dismissal_access": true,
            "role_id": "4c513336-d7c4-4909-865a-c3768bc04f2a",
            "role_type": "Account Group Read Only"
          },
          "sensitive_attributes": [],
          "private": "bnVsbA=="
        },
        {
          "index_key": "role_szymon",
          "schema_version": 0,
          "attributes": {
            "account_group_ids": [
              "1d9173f0-f299-4e65-b00e-e483a7ee79ce"
            ],
            "account_groups": [],
            "additional_attributes": [
              {
                "has_defender_permissions": true,
                "only_allow_ci_access": false,
                "only_allow_compute_access": false,
                "only_allow_read_access": true
              }
            ],
            "associated_users": [],
            "code_repository_ids": null,
            "description": "This is the role role_szymon created by terraform",
            "id": "7b6aa3ae-78a0-4305-9645-15b7e2ce9d08",
            "last_modified_by": "bhlab-api-test",
            "last_modified_ts": 1674930196951,
            "name": "role_szymon",
            "resource_list_ids": null,
            "restrict_dismissal_access": true,
            "role_id": "7b6aa3ae-78a0-4305-9645-15b7e2ce9d08",
            "role_type": "Account Group Read Only"
          },
          "sensitive_attributes": [],
          "private": "bnVsbA=="
        },
        {
          "index_key": "role_tasneem",
          "schema_version": 0,
          "attributes": {
            "account_group_ids": [
              "f5053cdb-f720-4704-8266-0dfd36bb07fb"
            ],
            "account_groups": [],
            "additional_attributes": [
              {
                "has_defender_permissions": true,
                "only_allow_ci_access": false,
                "only_allow_compute_access": false,
                "only_allow_read_access": true
              }
            ],
            "associated_users": [],
            "code_repository_ids": null,
            "description": "This is the role role_tasneem created by terraform",
            "id": "3070d929-6fe5-4516-9a64-412a5f305d46",
            "last_modified_by": "bhlab-api-test",
            "last_modified_ts": 1674930198407,
            "name": "role_tasneem",
            "resource_list_ids": null,
            "restrict_dismissal_access": true,
            "role_id": "3070d929-6fe5-4516-9a64-412a5f305d46",
            "role_type": "Account Group Read Only"
          },
          "sensitive_attributes": [],
          "private": "bnVsbA=="
        },
        {
          "index_key": "role_taya",
          "schema_version": 0,
          "attributes": {
            "account_group_ids": [
              "7d04870e-eec3-4d80-818b-aea4b49511b7"
            ],
            "account_groups": [],
            "additional_attributes": [
              {
                "has_defender_permissions": true,
                "only_allow_ci_access": false,
                "only_allow_compute_access": false,
                "only_allow_read_access": true
              }
            ],
            "associated_users": [],
            "code_repository_ids": null,
            "description": "This is the role role_taya created by terraform",
            "id": "f22b65f3-48ab-4aea-b5e2-a97cd0089d8e",
            "last_modified_by": "bhlab-api-test",
            "last_modified_ts": 1674930200096,
            "name": "role_taya",
            "resource_list_ids": null,
            "restrict_dismissal_access": true,
            "role_id": "f22b65f3-48ab-4aea-b5e2-a97cd0089d8e",
            "role_type": "Account Group Read Only"
          },
          "sensitive_attributes": [],
          "private": "bnVsbA=="
        },
        {
          "index_key": "role_tegan",
          "schema_version": 0,
          "attributes": {
            "account_group_ids": [
              "9358d235-6080-4f0e-966e-983b96aaa0a9"
            ],
            "account_groups": [],
            "additional_attributes": [
              {
                "has_defender_permissions": true,
                "only_allow_ci_access": false,
                "only_allow_compute_access": false,
                "only_allow_read_access": true
              }
            ],
            "associated_users": [],
            "code_repository_ids": null,
            "description": "This is the role role_tegan created by terraform",
            "id": "fc532b28-77fd-4632-a0c1-4ed0b34bc749",
            "last_modified_by": "bhlab-api-test",
            "last_modified_ts": 1674930198356,
            "name": "role_tegan",
            "resource_list_ids": null,
            "restrict_dismissal_access": true,
            "role_id": "fc532b28-77fd-4632-a0c1-4ed0b34bc749",
            "role_type": "Account Group Read Only"
          },
          "sensitive_attributes": [],
          "private": "bnVsbA=="
        },
        {
          "index_key": "role_theo",
          "schema_version": 0,
          "attributes": {
            "account_group_ids": [
              "0c774993-f946-4dd7-acd9-5387c597067e"
            ],
            "account_groups": [],
            "additional_attributes": [
              {
                "has_defender_permissions": true,
                "only_allow_ci_access": false,
                "only_allow_compute_access": false,
                "only_allow_read_access": true
              }
            ],
            "associated_users": [],
            "code_repository_ids": null,
            "description": "This is the role role_theo created by terraform",
            "id": "bfcd2616-9207-48b3-a039-f247b5d533e2",
            "last_modified_by": "bhlab-api-test",
            "last_modified_ts": 1674930195380,
            "name": "role_theo",
            "resource_list_ids": null,
            "restrict_dismissal_access": true,
            "role_id": "bfcd2616-9207-48b3-a039-f247b5d533e2",
            "role_type": "Account Group Read Only"
          },
          "sensitive_attributes": [],
          "private": "bnVsbA=="
        },
        {
          "index_key": "role_trey",
          "schema_version": 0,
          "attributes": {
            "account_group_ids": [
              "2c3ab0e3-27f5-41d0-b20c-0412ab506db5"
            ],
            "account_groups": [],
            "additional_attributes": [
              {
                "has_defender_permissions": true,
                "only_allow_ci_access": false,
                "only_allow_compute_access": false,
                "only_allow_read_access": true
              }
            ],
            "associated_users": [],
            "code_repository_ids": null,
            "description": "This is the role role_trey created by terraform",
            "id": "6aadbd9e-01ae-47aa-800f-81da58620542",
            "last_modified_by": "bhlab-api-test",
            "last_modified_ts": 1674930197102,
            "name": "role_trey",
            "resource_list_ids": null,
            "restrict_dismissal_access": true,
            "role_id": "6aadbd9e-01ae-47aa-800f-81da58620542",
            "role_type": "Account Group Read Only"
          },
          "sensitive_attributes": [],
          "private": "bnVsbA=="
        },
        {
          "index_key": "role_zakariya",
          "schema_version": 0,
          "attributes": {
            "account_group_ids": [
              "beeb0732-726d-4c3c-aab4-db04082a5d19"
            ],
            "account_groups": [],
            "additional_attributes": [
              {
                "has_defender_permissions": true,
                "only_allow_ci_access": false,
                "only_allow_compute_access": false,
                "only_allow_read_access": true
              }
            ],
            "associated_users": [],
            "code_repository_ids": null,
            "description": "This is the role role_zakariya created by terraform",
            "id": "354c1220-4d1e-4068-bb28-cff83464f374",
            "last_modified_by": "bhlab-api-test",
            "last_modified_ts": 1674930193938,
            "name": "role_zakariya",
            "resource_list_ids": null,
            "restrict_dismissal_access": true,
            "role_id": "354c1220-4d1e-4068-bb28-cff83464f374",
            "role_type": "Account Group Read Only"
          },
          "sensitive_attributes": [],
          "private": "bnVsbA=="
        }
      ]
    }
  ],
  "check_results": []
}
