{
  "version": 4,
  "terraform_version": "1.3.3",
  "serial": 51,
  "lineage": "66be64a5-28fe-d082-6d22-8d11fad991d0",
  "outputs": {},
  "resources": [
    {
      "mode": "managed",
      "type": "prismacloud_user_role",
      "name": "example",
      "provider": "provider[\"registry.terraform.io/paloaltonetworks/prismacloud\"]",
      "instances": [
        {
          "index_key": "role_abbas",
          "schema_version": 0,
          "attributes": {
            "account_group_ids": [
              "acc_gp_abbas"
            ],
            "account_groups": [],
            "additional_attributes": [
              {
                "has_defender_permissions": true,
                "only_allow_ci_access": false,
                "only_allow_compute_access": false,
                "only_allow_read_access": true
              }
            ],
            "associated_users": [],
            "code_repository_ids": null,
            "description": "This is the role role_abbas created by terraform",
            "id": "1c4664c1-c900-4dcc-b957-ac8972ce7fda",
            "last_modified_by": "bhlab-api-test",
            "last_modified_ts": 1674924852979,
            "name": "role_abbas",
            "resource_list_ids": null,
            "restrict_dismissal_access": true,
            "role_id": "1c4664c1-c900-4dcc-b957-ac8972ce7fda",
            "role_type": "Account Group Read Only"
          },
          "sensitive_attributes": [],
          "private": "bnVsbA=="
        },
        {
          "index_key": "role_alivia",
          "schema_version": 0,
          "attributes": {
            "account_group_ids": [
              "acc_gp_alivia"
            ],
            "account_groups": [],
            "additional_attributes": [
              {
                "has_defender_permissions": true,
                "only_allow_ci_access": false,
                "only_allow_compute_access": false,
                "only_allow_read_access": true
              }
            ],
            "associated_users": [],
            "code_repository_ids": null,
            "description": "This is the role role_alivia created by terraform",
            "id": "7ff35797-97ad-4e5e-a3c4-d8d1d8b39724",
            "last_modified_by": "bhlab-api-test",
            "last_modified_ts": 1674924846720,
            "name": "role_alivia",
            "resource_list_ids": null,
            "restrict_dismissal_access": true,
            "role_id": "7ff35797-97ad-4e5e-a3c4-d8d1d8b39724",
            "role_type": "Account Group Read Only"
          },
          "sensitive_attributes": [],
          "private": "bnVsbA=="
        },
        {
          "index_key": "role_alvin",
          "schema_version": 0,
          "attributes": {
            "account_group_ids": [
              "acc_gp_alvin"
            ],
            "account_groups": [],
            "additional_attributes": [
              {
                "has_defender_permissions": true,
                "only_allow_ci_access": false,
                "only_allow_compute_access": false,
                "only_allow_read_access": true
              }
            ],
            "associated_users": [],
            "code_repository_ids": null,
            "description": "This is the role role_alvin created by terraform",
            "id": "0fb93908-015b-477e-8075-d57315a9729c",
            "last_modified_by": "bhlab-api-test",
            "last_modified_ts": 1674924854525,
            "name": "role_alvin",
            "resource_list_ids": null,
            "restrict_dismissal_access": true,
            "role_id": "0fb93908-015b-477e-8075-d57315a9729c",
            "role_type": "Account Group Read Only"
          },
          "sensitive_attributes": [],
          "private": "bnVsbA=="
        },
        {
          "index_key": "role_ana",
          "schema_version": 0,
          "attributes": {
            "account_group_ids": [
              "acc_gp_ana"
            ],
            "account_groups": [],
            "additional_attributes": [
              {
                "has_defender_permissions": true,
                "only_allow_ci_access": false,
                "only_allow_compute_access": false,
                "only_allow_read_access": true
              }
            ],
            "associated_users": [],
            "code_repository_ids": null,
            "description": "This is the role role_ana created by terraform",
            "id": "5d5075a3-9cc0-47fb-afcb-028363d4248f",
            "last_modified_by": "bhlab-api-test",
            "last_modified_ts": 1674924848606,
            "name": "role_ana",
            "resource_list_ids": null,
            "restrict_dismissal_access": true,
            "role_id": "5d5075a3-9cc0-47fb-afcb-028363d4248f",
            "role_type": "Account Group Read Only"
          },
          "sensitive_attributes": [],
          "private": "bnVsbA=="
        },
        {
          "index_key": "role_arnold",
          "schema_version": 0,
          "attributes": {
            "account_group_ids": [
              "acc_gp_arnold"
            ],
            "account_groups": [],
            "additional_attributes": [
              {
                "has_defender_permissions": true,
                "only_allow_ci_access": false,
                "only_allow_compute_access": false,
                "only_allow_read_access": true
              }
            ],
            "associated_users": [],
            "code_repository_ids": null,
            "description": "This is the role role_arnold created by terraform",
            "id": "caaf3466-2b22-4943-a635-e108a678c1b2",
            "last_modified_by": "bhlab-api-test",
            "last_modified_ts": 1674924846803,
            "name": "role_arnold",
            "resource_list_ids": null,
            "restrict_dismissal_access": true,
            "role_id": "caaf3466-2b22-4943-a635-e108a678c1b2",
            "role_type": "Account Group Read Only"
          },
          "sensitive_attributes": [],
          "private": "bnVsbA=="
        },
        {
          "index_key": "role_ben",
          "schema_version": 0,
          "attributes": {
            "account_group_ids": [
              "acc_gp_ben"
            ],
            "account_groups": [],
            "additional_attributes": [
              {
                "has_defender_permissions": true,
                "only_allow_ci_access": false,
                "only_allow_compute_access": false,
                "only_allow_read_access": true
              }
            ],
            "associated_users": [],
            "code_repository_ids": null,
            "description": "This is the role role_ben created by terraform",
            "id": "668e5b34-d73e-402f-a323-952c74c75b7c",
            "last_modified_by": "bhlab-api-test",
            "last_modified_ts": 1674924850212,
            "name": "role_ben",
            "resource_list_ids": null,
            "restrict_dismissal_access": true,
            "role_id": "668e5b34-d73e-402f-a323-952c74c75b7c",
            "role_type": "Account Group Read Only"
          },
          "sensitive_attributes": [],
          "private": "bnVsbA=="
        },
        {
          "index_key": "role_billy",
          "schema_version": 0,
          "attributes": {
            "account_group_ids": [
              "acc_gp_billy"
            ],
            "account_groups": [],
            "additional_attributes": [
              {
                "has_defender_permissions": true,
                "only_allow_ci_access": false,
                "only_allow_compute_access": false,
                "only_allow_read_access": true
              }
            ],
            "associated_users": [],
            "code_repository_ids": null,
            "description": "This is the role role_billy created by terraform",
            "id": "f0ec650a-b1c9-4435-90c7-6d9d0db12028",
            "last_modified_by": "bhlab-api-test",
            "last_modified_ts": 1674924850305,
            "name": "role_billy",
            "resource_list_ids": null,
            "restrict_dismissal_access": true,
            "role_id": "f0ec650a-b1c9-4435-90c7-6d9d0db12028",
            "role_type": "Account Group Read Only"
          },
          "sensitive_attributes": [],
          "private": "bnVsbA=="
        },
        {
          "index_key": "role_cleo",
          "schema_version": 0,
          "attributes": {
            "account_group_ids": [
              "acc_gp_cleo"
            ],
            "account_groups": [],
            "additional_attributes": [
              {
                "has_defender_permissions": true,
                "only_allow_ci_access": false,
                "only_allow_compute_access": false,
                "only_allow_read_access": true
              }
            ],
            "associated_users": [],
            "code_repository_ids": null,
            "description": "This is the role role_cleo created by terraform",
            "id": "4af4f595-553b-4963-8178-d71b6613c71c",
            "last_modified_by": "bhlab-api-test",
            "last_modified_ts": 1674924850715,
            "name": "role_cleo",
            "resource_list_ids": null,
            "restrict_dismissal_access": true,
            "role_id": "4af4f595-553b-4963-8178-d71b6613c71c",
            "role_type": "Account Group Read Only"
          },
          "sensitive_attributes": [],
          "private": "bnVsbA=="
        },
        {
          "index_key": "role_dean",
          "schema_version": 0,
          "attributes": {
            "account_group_ids": [
              "acc_gp_dean"
            ],
            "account_groups": [],
            "additional_attributes": [
              {
                "has_defender_permissions": true,
                "only_allow_ci_access": false,
                "only_allow_compute_access": false,
                "only_allow_read_access": true
              }
            ],
            "associated_users": [],
            "code_repository_ids": null,
            "description": "This is the role role_dean created by terraform",
            "id": "248ca9cb-0b06-4045-b47f-7b58d5840372",
            "last_modified_by": "bhlab-api-test",
            "last_modified_ts": 1674924852724,
            "name": "role_dean",
            "resource_list_ids": null,
            "restrict_dismissal_access": true,
            "role_id": "248ca9cb-0b06-4045-b47f-7b58d5840372",
            "role_type": "Account Group Read Only"
          },
          "sensitive_attributes": [],
          "private": "bnVsbA=="
        },
        {
          "index_key": "role_elin",
          "schema_version": 0,
          "attributes": {
            "account_group_ids": [
              "acc_gp_elin"
            ],
            "account_groups": [],
            "additional_attributes": [
              {
                "has_defender_permissions": true,
                "only_allow_ci_access": false,
                "only_allow_compute_access": false,
                "only_allow_read_access": true
              }
            ],
            "associated_users": [],
            "code_repository_ids": null,
            "description": "This is the role role_elin created by terraform",
            "id": "78afe374-4b9e-4570-b72b-7266e5ea7eda",
            "last_modified_by": "bhlab-api-test",
            "last_modified_ts": 1674924854929,
            "name": "role_elin",
            "resource_list_ids": null,
            "restrict_dismissal_access": true,
            "role_id": "78afe374-4b9e-4570-b72b-7266e5ea7eda",
            "role_type": "Account Group Read Only"
          },
          "sensitive_attributes": [],
          "private": "bnVsbA=="
        },
        {
          "index_key": "role_elisha",
          "schema_version": 0,
          "attributes": {
            "account_group_ids": [
              "acc_gp_elisha"
            ],
            "account_groups": [],
            "additional_attributes": [
              {
                "has_defender_permissions": true,
                "only_allow_ci_access": false,
                "only_allow_compute_access": false,
                "only_allow_read_access": true
              }
            ],
            "associated_users": [],
            "code_repository_ids": null,
            "description": "This is the role role_elisha created by terraform",
            "id": "cbb01c01-1c4a-4b41-b634-d005ac0e8065",
            "last_modified_by": "bhlab-api-test",
            "last_modified_ts": 1674924850468,
            "name": "role_elisha",
            "resource_list_ids": null,
            "restrict_dismissal_access": true,
            "role_id": "cbb01c01-1c4a-4b41-b634-d005ac0e8065",
            "role_type": "Account Group Read Only"
          },
          "sensitive_attributes": [],
          "private": "bnVsbA=="
        },
        {
          "index_key": "role_ella_louise",
          "schema_version": 0,
          "attributes": {
            "account_group_ids": [
              "acc_gp_ella-louise"
            ],
            "account_groups": [],
            "additional_attributes": [
              {
                "has_defender_permissions": true,
                "only_allow_ci_access": false,
                "only_allow_compute_access": false,
                "only_allow_read_access": true
              }
            ],
            "associated_users": [],
            "code_repository_ids": null,
            "description": "This is the role role_ella_louise created by terraform",
            "id": "353bf8e5-451e-4313-8b3b-d9d03c6966c0",
            "last_modified_by": "bhlab-api-test",
            "last_modified_ts": 1674924848456,
            "name": "role_ella_louise",
            "resource_list_ids": null,
            "restrict_dismissal_access": true,
            "role_id": "353bf8e5-451e-4313-8b3b-d9d03c6966c0",
            "role_type": "Account Group Read Only"
          },
          "sensitive_attributes": [],
          "private": "bnVsbA=="
        },
        {
          "index_key": "role_emily",
          "schema_version": 0,
          "attributes": {
            "account_group_ids": [
              "acc_gp_emily"
            ],
            "account_groups": [],
            "additional_attributes": [
              {
                "has_defender_permissions": true,
                "only_allow_ci_access": false,
                "only_allow_compute_access": false,
                "only_allow_read_access": true
              }
            ],
            "associated_users": [],
            "code_repository_ids": null,
            "description": "This is the role role_emily created by terraform",
            "id": "72e8e389-aee6-4684-bd3f-6865aaff6084",
            "last_modified_by": "bhlab-api-test",
            "last_modified_ts": 1674924850480,
            "name": "role_emily",
            "resource_list_ids": null,
            "restrict_dismissal_access": true,
            "role_id": "72e8e389-aee6-4684-bd3f-6865aaff6084",
            "role_type": "Account Group Read Only"
          },
          "sensitive_attributes": [],
          "private": "bnVsbA=="
        },
        {
          "index_key": "role_flora",
          "schema_version": 0,
          "attributes": {
            "account_group_ids": [
              "acc_gp_flora"
            ],
            "account_groups": [],
            "additional_attributes": [
              {
                "has_defender_permissions": true,
                "only_allow_ci_access": false,
                "only_allow_compute_access": false,
                "only_allow_read_access": true
              }
            ],
            "associated_users": [],
            "code_repository_ids": null,
            "description": "This is the role role_flora created by terraform",
            "id": "6f102049-829a-4126-abe3-273cd3b2eb83",
            "last_modified_by": "bhlab-api-test",
            "last_modified_ts": 1674924846830,
            "name": "role_flora",
            "resource_list_ids": null,
            "restrict_dismissal_access": true,
            "role_id": "6f102049-829a-4126-abe3-273cd3b2eb83",
            "role_type": "Account Group Read Only"
          },
          "sensitive_attributes": [],
          "private": "bnVsbA=="
        },
        {
          "index_key": "role_gavin",
          "schema_version": 0,
          "attributes": {
            "account_group_ids": [
              "acc_gp_gavin"
            ],
            "account_groups": [],
            "additional_attributes": [
              {
                "has_defender_permissions": true,
                "only_allow_ci_access": false,
                "only_allow_compute_access": false,
                "only_allow_read_access": true
              }
            ],
            "associated_users": [],
            "code_repository_ids": null,
            "description": "This is the role role_gavin created by terraform",
            "id": "4a833566-793d-4720-878b-866211f66bf0",
            "last_modified_by": "bhlab-api-test",
            "last_modified_ts": 1674924852753,
            "name": "role_gavin",
            "resource_list_ids": null,
            "restrict_dismissal_access": true,
            "role_id": "4a833566-793d-4720-878b-866211f66bf0",
            "role_type": "Account Group Read Only"
          },
          "sensitive_attributes": [],
          "private": "bnVsbA=="
        },
        {
          "index_key": "role_gerard",
          "schema_version": 0,
          "attributes": {
            "account_group_ids": [
              "acc_gp_gerard"
            ],
            "account_groups": [],
            "additional_attributes": [
              {
                "has_defender_permissions": true,
                "only_allow_ci_access": false,
                "only_allow_compute_access": false,
                "only_allow_read_access": true
              }
            ],
            "associated_users": [],
            "code_repository_ids": null,
            "description": "This is the role role_gerard created by terraform",
            "id": "62258c44-3120-4c55-b911-d3219b7a6b79",
            "last_modified_by": "bhlab-api-test",
            "last_modified_ts": 1674924852456,
            "name": "role_gerard",
            "resource_list_ids": null,
            "restrict_dismissal_access": true,
            "role_id": "62258c44-3120-4c55-b911-d3219b7a6b79",
            "role_type": "Account Group Read Only"
          },
          "sensitive_attributes": [],
          "private": "bnVsbA=="
        },
        {
          "index_key": "role_gertrude",
          "schema_version": 0,
          "attributes": {
            "account_group_ids": [
              "acc_gp_gertrude"
            ],
            "account_groups": [],
            "additional_attributes": [
              {
                "has_defender_permissions": true,
                "only_allow_ci_access": false,
                "only_allow_compute_access": false,
                "only_allow_read_access": true
              }
            ],
            "associated_users": [],
            "code_repository_ids": null,
            "description": "This is the role role_gertrude created by terraform",
            "id": "0c2f6c63-0bba-4633-a27c-05315e345852",
            "last_modified_by": "bhlab-api-test",
            "last_modified_ts": 1674924852940,
            "name": "role_gertrude",
            "resource_list_ids": null,
            "restrict_dismissal_access": true,
            "role_id": "0c2f6c63-0bba-4633-a27c-05315e345852",
            "role_type": "Account Group Read Only"
          },
          "sensitive_attributes": [],
          "private": "bnVsbA=="
        },
        {
          "index_key": "role_hazel",
          "schema_version": 0,
          "attributes": {
            "account_group_ids": [
              "acc_gp_hazel"
            ],
            "account_groups": [],
            "additional_attributes": [
              {
                "has_defender_permissions": true,
                "only_allow_ci_access": false,
                "only_allow_compute_access": false,
                "only_allow_read_access": true
              }
            ],
            "associated_users": [],
            "code_repository_ids": null,
            "description": "This is the role role_hazel created by terraform",
            "id": "44f6d23f-62df-4f14-91e8-bc5b7dbb3018",
            "last_modified_by": "bhlab-api-test",
            "last_modified_ts": 1674924854514,
            "name": "role_hazel",
            "resource_list_ids": null,
            "restrict_dismissal_access": true,
            "role_id": "44f6d23f-62df-4f14-91e8-bc5b7dbb3018",
            "role_type": "Account Group Read Only"
          },
          "sensitive_attributes": [],
          "private": "bnVsbA=="
        },
        {
          "index_key": "role_ibrahim",
          "schema_version": 0,
          "attributes": {
            "account_group_ids": [
              "acc_gp_ibrahim"
            ],
            "account_groups": [],
            "additional_attributes": [
              {
                "has_defender_permissions": true,
                "only_allow_ci_access": false,
                "only_allow_compute_access": false,
                "only_allow_read_access": true
              }
            ],
            "associated_users": [],
            "code_repository_ids": null,
            "description": "This is the role role_ibrahim created by terraform",
            "id": "c7bf5949-890f-49d7-b672-2a54103d3e2e",
            "last_modified_by": "bhlab-api-test",
            "last_modified_ts": 1674924848292,
            "name": "role_ibrahim",
            "resource_list_ids": null,
            "restrict_dismissal_access": true,
            "role_id": "c7bf5949-890f-49d7-b672-2a54103d3e2e",
            "role_type": "Account Group Read Only"
          },
          "sensitive_attributes": [],
          "private": "bnVsbA=="
        },
        {
          "index_key": "role_isobel",
          "schema_version": 0,
          "attributes": {
            "account_group_ids": [
              "acc_gp_isobel"
            ],
            "account_groups": [],
            "additional_attributes": [
              {
                "has_defender_permissions": true,
                "only_allow_ci_access": false,
                "only_allow_compute_access": false,
                "only_allow_read_access": true
              }
            ],
            "associated_users": [],
            "code_repository_ids": null,
            "description": "This is the role role_isobel created by terraform",
            "id": "6f04d54e-f4c6-49f1-bf47-e8ac3913957f",
            "last_modified_by": "bhlab-api-test",
            "last_modified_ts": 1674924850212,
            "name": "role_isobel",
            "resource_list_ids": null,
            "restrict_dismissal_access": true,
            "role_id": "6f04d54e-f4c6-49f1-bf47-e8ac3913957f",
            "role_type": "Account Group Read Only"
          },
          "sensitive_attributes": [],
          "private": "bnVsbA=="
        },
        {
          "index_key": "role_jaydon",
          "schema_version": 0,
          "attributes": {
            "account_group_ids": [
              "acc_gp_jaydon"
            ],
            "account_groups": [],
            "additional_attributes": [
              {
                "has_defender_permissions": true,
                "only_allow_ci_access": false,
                "only_allow_compute_access": false,
                "only_allow_read_access": true
              }
            ],
            "associated_users": [],
            "code_repository_ids": null,
            "description": "This is the role role_jaydon created by terraform",
            "id": "42beec03-453a-4bc7-b47a-9af9b57e9218",
            "last_modified_by": "bhlab-api-test",
            "last_modified_ts": 1674924855021,
            "name": "role_jaydon",
            "resource_list_ids": null,
            "restrict_dismissal_access": true,
            "role_id": "42beec03-453a-4bc7-b47a-9af9b57e9218",
            "role_type": "Account Group Read Only"
          },
          "sensitive_attributes": [],
          "private": "bnVsbA=="
        },
        {
          "index_key": "role_jeremy",
          "schema_version": 0,
          "attributes": {
            "account_group_ids": [
              "acc_gp_jeremy"
            ],
            "account_groups": [],
            "additional_attributes": [
              {
                "has_defender_permissions": true,
                "only_allow_ci_access": false,
                "only_allow_compute_access": false,
                "only_allow_read_access": true
              }
            ],
            "associated_users": [],
            "code_repository_ids": null,
            "description": "This is the role role_jeremy created by terraform",
            "id": "b5c6abce-6621-40a5-a6dc-907e3cfdb867",
            "last_modified_by": "bhlab-api-test",
            "last_modified_ts": 1674924846842,
            "name": "role_jeremy",
            "resource_list_ids": null,
            "restrict_dismissal_access": true,
            "role_id": "b5c6abce-6621-40a5-a6dc-907e3cfdb867",
            "role_type": "Account Group Read Only"
          },
          "sensitive_attributes": [],
          "private": "bnVsbA=="
        },
        {
          "index_key": "role_juanita",
          "schema_version": 0,
          "attributes": {
            "account_group_ids": [
              "acc_gp_juanita"
            ],
            "account_groups": [],
            "additional_attributes": [
              {
                "has_defender_permissions": true,
                "only_allow_ci_access": false,
                "only_allow_compute_access": false,
                "only_allow_read_access": true
              }
            ],
            "associated_users": [],
            "code_repository_ids": null,
            "description": "This is the role role_juanita created by terraform",
            "id": "b6a9616f-97d4-43f2-8e7b-c50c12aa45f7",
            "last_modified_by": "bhlab-api-test",
            "last_modified_ts": 1674924848125,
            "name": "role_juanita",
            "resource_list_ids": null,
            "restrict_dismissal_access": true,
            "role_id": "b6a9616f-97d4-43f2-8e7b-c50c12aa45f7",
            "role_type": "Account Group Read Only"
          },
          "sensitive_attributes": [],
          "private": "bnVsbA=="
        },
        {
          "index_key": "role_kristen",
          "schema_version": 0,
          "attributes": {
            "account_group_ids": [
              "acc_gp_kristen"
            ],
            "account_groups": [],
            "additional_attributes": [
              {
                "has_defender_permissions": true,
                "only_allow_ci_access": false,
                "only_allow_compute_access": false,
                "only_allow_read_access": true
              }
            ],
            "associated_users": [],
            "code_repository_ids": null,
            "description": "This is the role role_kristen created by terraform",
            "id": "af76b4b5-c0ee-4969-a5ff-e65dbb5a8adb",
            "last_modified_by": "bhlab-api-test",
            "last_modified_ts": 1674924852455,
            "name": "role_kristen",
            "resource_list_ids": null,
            "restrict_dismissal_access": true,
            "role_id": "af76b4b5-c0ee-4969-a5ff-e65dbb5a8adb",
            "role_type": "Account Group Read Only"
          },
          "sensitive_attributes": [],
          "private": "bnVsbA=="
        },
        {
          "index_key": "role_levi",
          "schema_version": 0,
          "attributes": {
            "account_group_ids": [
              "acc_gp_levi"
            ],
            "account_groups": [],
            "additional_attributes": [
              {
                "has_defender_permissions": true,
                "only_allow_ci_access": false,
                "only_allow_compute_access": false,
                "only_allow_read_access": true
              }
            ],
            "associated_users": [],
            "code_repository_ids": null,
            "description": "This is the role role_levi created by terraform",
            "id": "80530d11-342f-472c-944d-e40bf0e1d6a2",
            "last_modified_by": "bhlab-api-test",
            "last_modified_ts": 1674924846833,
            "name": "role_levi",
            "resource_list_ids": null,
            "restrict_dismissal_access": true,
            "role_id": "80530d11-342f-472c-944d-e40bf0e1d6a2",
            "role_type": "Account Group Read Only"
          },
          "sensitive_attributes": [],
          "private": "bnVsbA=="
        },
        {
          "index_key": "role_maia",
          "schema_version": 0,
          "attributes": {
            "account_group_ids": [
              "acc_gp_maia"
            ],
            "account_groups": [],
            "additional_attributes": [
              {
                "has_defender_permissions": true,
                "only_allow_ci_access": false,
                "only_allow_compute_access": false,
                "only_allow_read_access": true
              }
            ],
            "associated_users": [],
            "code_repository_ids": null,
            "description": "This is the role role_maia created by terraform",
            "id": "5d4789b8-8d90-4964-b80a-cf2362eeae78",
            "last_modified_by": "bhlab-api-test",
            "last_modified_ts": 1674924854514,
            "name": "role_maia",
            "resource_list_ids": null,
            "restrict_dismissal_access": true,
            "role_id": "5d4789b8-8d90-4964-b80a-cf2362eeae78",
            "role_type": "Account Group Read Only"
          },
          "sensitive_attributes": [],
          "private": "bnVsbA=="
        },
        {
          "index_key": "role_marcel",
          "schema_version": 0,
          "attributes": {
            "account_group_ids": [
              "acc_gp_marcel"
            ],
            "account_groups": [],
            "additional_attributes": [
              {
                "has_defender_permissions": true,
                "only_allow_ci_access": false,
                "only_allow_compute_access": false,
                "only_allow_read_access": true
              }
            ],
            "associated_users": [],
            "code_repository_ids": null,
            "description": "This is the role role_marcel created by terraform",
            "id": "64f36a6c-5659-47bf-aeff-f04e7eb259a3",
            "last_modified_by": "bhlab-api-test",
            "last_modified_ts": 1674924846177,
            "name": "role_marcel",
            "resource_list_ids": null,
            "restrict_dismissal_access": true,
            "role_id": "64f36a6c-5659-47bf-aeff-f04e7eb259a3",
            "role_type": "Account Group Read Only"
          },
          "sensitive_attributes": [],
          "private": "bnVsbA=="
        },
        {
          "index_key": "role_marcus",
          "schema_version": 0,
          "attributes": {
            "account_group_ids": [
              "acc_gp_marcus"
            ],
            "account_groups": [],
            "additional_attributes": [
              {
                "has_defender_permissions": true,
                "only_allow_ci_access": false,
                "only_allow_compute_access": false,
                "only_allow_read_access": true
              }
            ],
            "associated_users": [],
            "code_repository_ids": null,
            "description": "This is the role role_marcus created by terraform",
            "id": "aa4af89d-8b67-4c6e-83b3-3ed6382907dd",
            "last_modified_by": "bhlab-api-test",
            "last_modified_ts": 1674924848528,
            "name": "role_marcus",
            "resource_list_ids": null,
            "restrict_dismissal_access": true,
            "role_id": "aa4af89d-8b67-4c6e-83b3-3ed6382907dd",
            "role_type": "Account Group Read Only"
          },
          "sensitive_attributes": [],
          "private": "bnVsbA=="
        },
        {
          "index_key": "role_milly",
          "schema_version": 0,
          "attributes": {
            "account_group_ids": [
              "acc_gp_milly"
            ],
            "account_groups": [],
            "additional_attributes": [
              {
                "has_defender_permissions": true,
                "only_allow_ci_access": false,
                "only_allow_compute_access": false,
                "only_allow_read_access": true
              }
            ],
            "associated_users": [],
            "code_repository_ids": null,
            "description": "This is the role role_milly created by terraform",
            "id": "811e791d-2ddd-4a77-a7c3-021e89c8cc4d",
            "last_modified_by": "bhlab-api-test",
            "last_modified_ts": 1674924855233,
            "name": "role_milly",
            "resource_list_ids": null,
            "restrict_dismissal_access": true,
            "role_id": "811e791d-2ddd-4a77-a7c3-021e89c8cc4d",
            "role_type": "Account Group Read Only"
          },
          "sensitive_attributes": [],
          "private": "bnVsbA=="
        },
        {
          "index_key": "role_muhammed",
          "schema_version": 0,
          "attributes": {
            "account_group_ids": [
              "acc_gp_muhammed"
            ],
            "account_groups": [],
            "additional_attributes": [
              {
                "has_defender_permissions": true,
                "only_allow_ci_access": false,
                "only_allow_compute_access": false,
                "only_allow_read_access": true
              }
            ],
            "associated_users": [],
            "code_repository_ids": null,
            "description": "This is the role role_muhammed created by terraform",
            "id": "4074ac52-d104-4a8a-961c-a71b1701fd8f",
            "last_modified_by": "bhlab-api-test",
            "last_modified_ts": 1674924848363,
            "name": "role_muhammed",
            "resource_list_ids": null,
            "restrict_dismissal_access": true,
            "role_id": "4074ac52-d104-4a8a-961c-a71b1701fd8f",
            "role_type": "Account Group Read Only"
          },
          "sensitive_attributes": [],
          "private": "bnVsbA=="
        },
        {
          "index_key": "role_nabil",
          "schema_version": 0,
          "attributes": {
            "account_group_ids": [
              "acc_gp_nabil"
            ],
            "account_groups": [],
            "additional_attributes": [
              {
                "has_defender_permissions": true,
                "only_allow_ci_access": false,
                "only_allow_compute_access": false,
                "only_allow_read_access": true
              }
            ],
            "associated_users": [],
            "code_repository_ids": null,
            "description": "This is the role role_nabil created by terraform",
            "id": "ca5ec383-4aea-451f-82dc-701edcf527cb",
            "last_modified_by": "bhlab-api-test",
            "last_modified_ts": 1674924852982,
            "name": "role_nabil",
            "resource_list_ids": null,
            "restrict_dismissal_access": true,
            "role_id": "ca5ec383-4aea-451f-82dc-701edcf527cb",
            "role_type": "Account Group Read Only"
          },
          "sensitive_attributes": [],
          "private": "bnVsbA=="
        },
        {
          "index_key": "role_norma",
          "schema_version": 0,
          "attributes": {
            "account_group_ids": [
              "acc_gp_norma"
            ],
            "account_groups": [],
            "additional_attributes": [
              {
                "has_defender_permissions": true,
                "only_allow_ci_access": false,
                "only_allow_compute_access": false,
                "only_allow_read_access": true
              }
            ],
            "associated_users": [],
            "code_repository_ids": null,
            "description": "This is the role role_norma created by terraform",
            "id": "28606821-328d-4c82-95a6-867091ae5792",
            "last_modified_by": "bhlab-api-test",
            "last_modified_ts": 1674924846824,
            "name": "role_norma",
            "resource_list_ids": null,
            "restrict_dismissal_access": true,
            "role_id": "28606821-328d-4c82-95a6-867091ae5792",
            "role_type": "Account Group Read Only"
          },
          "sensitive_attributes": [],
          "private": "bnVsbA=="
        },
        {
          "index_key": "role_otto",
          "schema_version": 0,
          "attributes": {
            "account_group_ids": [
              "acc_gp_otto"
            ],
            "account_groups": [],
            "additional_attributes": [
              {
                "has_defender_permissions": true,
                "only_allow_ci_access": false,
                "only_allow_compute_access": false,
                "only_allow_read_access": true
              }
            ],
            "associated_users": [],
            "code_repository_ids": null,
            "description": "This is the role role_otto created by terraform",
            "id": "178ded24-3143-4b51-b726-13f30288bc4c",
            "last_modified_by": "bhlab-api-test",
            "last_modified_ts": 1674924852992,
            "name": "role_otto",
            "resource_list_ids": null,
            "restrict_dismissal_access": true,
            "role_id": "178ded24-3143-4b51-b726-13f30288bc4c",
            "role_type": "Account Group Read Only"
          },
          "sensitive_attributes": [],
          "private": "bnVsbA=="
        },
        {
          "index_key": "role_pamela",
          "schema_version": 0,
          "attributes": {
            "account_group_ids": [
              "acc_gp_pamela"
            ],
            "account_groups": [],
            "additional_attributes": [
              {
                "has_defender_permissions": true,
                "only_allow_ci_access": false,
                "only_allow_compute_access": false,
                "only_allow_read_access": true
              }
            ],
            "associated_users": [],
            "code_repository_ids": null,
            "description": "This is the role role_pamela created by terraform",
            "id": "ed8b1ed9-9771-4481-b061-e4b53a316e84",
            "last_modified_by": "bhlab-api-test",
            "last_modified_ts": 1674924852727,
            "name": "role_pamela",
            "resource_list_ids": null,
            "restrict_dismissal_access": true,
            "role_id": "ed8b1ed9-9771-4481-b061-e4b53a316e84",
            "role_type": "Account Group Read Only"
          },
          "sensitive_attributes": [],
          "private": "bnVsbA=="
        },
        {
          "index_key": "role_robert",
          "schema_version": 0,
          "attributes": {
            "account_group_ids": [
              "acc_gp_robert"
            ],
            "account_groups": [],
            "additional_attributes": [
              {
                "has_defender_permissions": true,
                "only_allow_ci_access": false,
                "only_allow_compute_access": false,
                "only_allow_read_access": true
              }
            ],
            "associated_users": [],
            "code_repository_ids": null,
            "description": "This is the role role_robert created by terraform",
            "id": "a60fd1b2-8fca-4ae7-b277-0c3be7afdf04",
            "last_modified_by": "bhlab-api-test",
            "last_modified_ts": 1674924848452,
            "name": "role_robert",
            "resource_list_ids": null,
            "restrict_dismissal_access": true,
            "role_id": "a60fd1b2-8fca-4ae7-b277-0c3be7afdf04",
            "role_type": "Account Group Read Only"
          },
          "sensitive_attributes": [],
          "private": "bnVsbA=="
        },
        {
          "index_key": "role_rohan",
          "schema_version": 0,
          "attributes": {
            "account_group_ids": [
              "acc_gp_rohan"
            ],
            "account_groups": [],
            "additional_attributes": [
              {
                "has_defender_permissions": true,
                "only_allow_ci_access": false,
                "only_allow_compute_access": false,
                "only_allow_read_access": true
              }
            ],
            "associated_users": [],
            "code_repository_ids": null,
            "description": "This is the role role_rohan created by terraform",
            "id": "a515e9b1-6c5b-4a32-80c9-b4ad896dbf26",
            "last_modified_by": "bhlab-api-test",
            "last_modified_ts": 1674924855349,
            "name": "role_rohan",
            "resource_list_ids": null,
            "restrict_dismissal_access": true,
            "role_id": "a515e9b1-6c5b-4a32-80c9-b4ad896dbf26",
            "role_type": "Account Group Read Only"
          },
          "sensitive_attributes": [],
          "private": "bnVsbA=="
        },
        {
          "index_key": "role_roxanne",
          "schema_version": 0,
          "attributes": {
            "account_group_ids": [
              "acc_gp_roxanne"
            ],
            "account_groups": [],
            "additional_attributes": [
              {
                "has_defender_permissions": true,
                "only_allow_ci_access": false,
                "only_allow_compute_access": false,
                "only_allow_read_access": true
              }
            ],
            "associated_users": [],
            "code_repository_ids": null,
            "description": "This is the role role_roxanne created by terraform",
            "id": "f1ab6807-b4c1-4f3d-8854-6ae448e4ed1b",
            "last_modified_by": "bhlab-api-test",
            "last_modified_ts": 1674924852391,
            "name": "role_roxanne",
            "resource_list_ids": null,
            "restrict_dismissal_access": true,
            "role_id": "f1ab6807-b4c1-4f3d-8854-6ae448e4ed1b",
            "role_type": "Account Group Read Only"
          },
          "sensitive_attributes": [],
          "private": "bnVsbA=="
        },
        {
          "index_key": "role_ruben",
          "schema_version": 0,
          "attributes": {
            "account_group_ids": [
              "acc_gp_ruben"
            ],
            "account_groups": [],
            "additional_attributes": [
              {
                "has_defender_permissions": true,
                "only_allow_ci_access": false,
                "only_allow_compute_access": false,
                "only_allow_read_access": true
              }
            ],
            "associated_users": [],
            "code_repository_ids": null,
            "description": "This is the role role_ruben created by terraform",
            "id": "e39a276a-7040-4951-9fe4-621968c24895",
            "last_modified_by": "bhlab-api-test",
            "last_modified_ts": 1674924846805,
            "name": "role_ruben",
            "resource_list_ids": null,
            "restrict_dismissal_access": true,
            "role_id": "e39a276a-7040-4951-9fe4-621968c24895",
            "role_type": "Account Group Read Only"
          },
          "sensitive_attributes": [],
          "private": "bnVsbA=="
        },
        {
          "index_key": "role_saad",
          "schema_version": 0,
          "attributes": {
            "account_group_ids": [
              "acc_gp_saad"
            ],
            "account_groups": [],
            "additional_attributes": [
              {
                "has_defender_permissions": true,
                "only_allow_ci_access": false,
                "only_allow_compute_access": false,
                "only_allow_read_access": true
              }
            ],
            "associated_users": [],
            "code_repository_ids": null,
            "description": "This is the role role_saad created by terraform",
            "id": "6e44a21f-42bf-4012-9570-7df780ecb88c",
            "last_modified_by": "bhlab-api-test",
            "last_modified_ts": 1674924848449,
            "name": "role_saad",
            "resource_list_ids": null,
            "restrict_dismissal_access": true,
            "role_id": "6e44a21f-42bf-4012-9570-7df780ecb88c",
            "role_type": "Account Group Read Only"
          },
          "sensitive_attributes": [],
          "private": "bnVsbA=="
        },
        {
          "index_key": "role_sadia",
          "schema_version": 0,
          "attributes": {
            "account_group_ids": [
              "acc_gp_sadia"
            ],
            "account_groups": [],
            "additional_attributes": [
              {
                "has_defender_permissions": true,
                "only_allow_ci_access": false,
                "only_allow_compute_access": false,
                "only_allow_read_access": true
              }
            ],
            "associated_users": [],
            "code_repository_ids": null,
            "description": "This is the role role_sadia created by terraform",
            "id": "73f7aa8b-e199-419e-867d-ea7cc8ddde32",
            "last_modified_by": "bhlab-api-test",
            "last_modified_ts": 1674924848711,
            "name": "role_sadia",
            "resource_list_ids": null,
            "restrict_dismissal_access": true,
            "role_id": "73f7aa8b-e199-419e-867d-ea7cc8ddde32",
            "role_type": "Account Group Read Only"
          },
          "sensitive_attributes": [],
          "private": "bnVsbA=="
        },
        {
          "index_key": "role_samuel",
          "schema_version": 0,
          "attributes": {
            "account_group_ids": [
              "acc_gp_samuel"
            ],
            "account_groups": [],
            "additional_attributes": [
              {
                "has_defender_permissions": true,
                "only_allow_ci_access": false,
                "only_allow_compute_access": false,
                "only_allow_read_access": true
              }
            ],
            "associated_users": [],
            "code_repository_ids": null,
            "description": "This is the role role_samuel created by terraform",
            "id": "16a0c3f5-ea25-4675-90f4-abe18e047b71",
            "last_modified_by": "bhlab-api-test",
            "last_modified_ts": 1674924850476,
            "name": "role_samuel",
            "resource_list_ids": null,
            "restrict_dismissal_access": true,
            "role_id": "16a0c3f5-ea25-4675-90f4-abe18e047b71",
            "role_type": "Account Group Read Only"
          },
          "sensitive_attributes": [],
          "private": "bnVsbA=="
        },
        {
          "index_key": "role_shannon",
          "schema_version": 0,
          "attributes": {
            "account_group_ids": [
              "acc_gp_shannon"
            ],
            "account_groups": [],
            "additional_attributes": [
              {
                "has_defender_permissions": true,
                "only_allow_ci_access": false,
                "only_allow_compute_access": false,
                "only_allow_read_access": true
              }
            ],
            "associated_users": [],
            "code_repository_ids": null,
            "description": "This is the role role_shannon created by terraform",
            "id": "aaa80e06-ee46-4397-9be9-05f2c8fb7af9",
            "last_modified_by": "bhlab-api-test",
            "last_modified_ts": 1674924850708,
            "name": "role_shannon",
            "resource_list_ids": null,
            "restrict_dismissal_access": true,
            "role_id": "aaa80e06-ee46-4397-9be9-05f2c8fb7af9",
            "role_type": "Account Group Read Only"
          },
          "sensitive_attributes": [],
          "private": "bnVsbA=="
        },
        {
          "index_key": "role_sydney",
          "schema_version": 0,
          "attributes": {
            "account_group_ids": [
              "acc_gp_sydney"
            ],
            "account_groups": [],
            "additional_attributes": [
              {
                "has_defender_permissions": true,
                "only_allow_ci_access": false,
                "only_allow_compute_access": false,
                "only_allow_read_access": true
              }
            ],
            "associated_users": [],
            "code_repository_ids": null,
            "description": "This is the role role_sydney created by terraform",
            "id": "a4099e71-2f0c-4862-8275-505c4899b3ce",
            "last_modified_by": "bhlab-api-test",
            "last_modified_ts": 1674924854941,
            "name": "role_sydney",
            "resource_list_ids": null,
            "restrict_dismissal_access": true,
            "role_id": "a4099e71-2f0c-4862-8275-505c4899b3ce",
            "role_type": "Account Group Read Only"
          },
          "sensitive_attributes": [],
          "private": "bnVsbA=="
        },
        {
          "index_key": "role_szymon",
          "schema_version": 0,
          "attributes": {
            "account_group_ids": [
              "acc_gp_szymon"
            ],
            "account_groups": [],
            "additional_attributes": [
              {
                "has_defender_permissions": true,
                "only_allow_ci_access": false,
                "only_allow_compute_access": false,
                "only_allow_read_access": true
              }
            ],
            "associated_users": [],
            "code_repository_ids": null,
            "description": "This is the role role_szymon created by terraform",
            "id": "8523cc48-abeb-4188-834c-e491250f1e65",
            "last_modified_by": "bhlab-api-test",
            "last_modified_ts": 1674924848290,
            "name": "role_szymon",
            "resource_list_ids": null,
            "restrict_dismissal_access": true,
            "role_id": "8523cc48-abeb-4188-834c-e491250f1e65",
            "role_type": "Account Group Read Only"
          },
          "sensitive_attributes": [],
          "private": "bnVsbA=="
        },
        {
          "index_key": "role_tasneem",
          "schema_version": 0,
          "attributes": {
            "account_group_ids": [
              "acc_gp_tasneem"
            ],
            "account_groups": [],
            "additional_attributes": [
              {
                "has_defender_permissions": true,
                "only_allow_ci_access": false,
                "only_allow_compute_access": false,
                "only_allow_read_access": true
              }
            ],
            "associated_users": [],
            "code_repository_ids": null,
            "description": "This is the role role_tasneem created by terraform",
            "id": "7f46d790-7998-4ccd-9bc9-8a003539c920",
            "last_modified_by": "bhlab-api-test",
            "last_modified_ts": 1674924846456,
            "name": "role_tasneem",
            "resource_list_ids": null,
            "restrict_dismissal_access": true,
            "role_id": "7f46d790-7998-4ccd-9bc9-8a003539c920",
            "role_type": "Account Group Read Only"
          },
          "sensitive_attributes": [],
          "private": "bnVsbA=="
        },
        {
          "index_key": "role_taya",
          "schema_version": 0,
          "attributes": {
            "account_group_ids": [
              "acc_gp_taya"
            ],
            "account_groups": [],
            "additional_attributes": [
              {
                "has_defender_permissions": true,
                "only_allow_ci_access": false,
                "only_allow_compute_access": false,
                "only_allow_read_access": true
              }
            ],
            "associated_users": [],
            "code_repository_ids": null,
            "description": "This is the role role_taya created by terraform",
            "id": "a2916c10-f565-4e2e-a2b1-8de13493c8cf",
            "last_modified_by": "bhlab-api-test",
            "last_modified_ts": 1674924850722,
            "name": "role_taya",
            "resource_list_ids": null,
            "restrict_dismissal_access": true,
            "role_id": "a2916c10-f565-4e2e-a2b1-8de13493c8cf",
            "role_type": "Account Group Read Only"
          },
          "sensitive_attributes": [],
          "private": "bnVsbA=="
        },
        {
          "index_key": "role_tegan",
          "schema_version": 0,
          "attributes": {
            "account_group_ids": [
              "acc_gp_tegan"
            ],
            "account_groups": [],
            "additional_attributes": [
              {
                "has_defender_permissions": true,
                "only_allow_ci_access": false,
                "only_allow_compute_access": false,
                "only_allow_read_access": true
              }
            ],
            "associated_users": [],
            "code_repository_ids": null,
            "description": "This is the role role_tegan created by terraform",
            "id": "a51a36bb-2192-4066-80dd-8fe372d132d0",
            "last_modified_by": "bhlab-api-test",
            "last_modified_ts": 1674924854532,
            "name": "role_tegan",
            "resource_list_ids": null,
            "restrict_dismissal_access": true,
            "role_id": "a51a36bb-2192-4066-80dd-8fe372d132d0",
            "role_type": "Account Group Read Only"
          },
          "sensitive_attributes": [],
          "private": "bnVsbA=="
        },
        {
          "index_key": "role_theo",
          "schema_version": 0,
          "attributes": {
            "account_group_ids": [
              "acc_gp_theo"
            ],
            "account_groups": [],
            "additional_attributes": [
              {
                "has_defender_permissions": true,
                "only_allow_ci_access": false,
                "only_allow_compute_access": false,
                "only_allow_read_access": true
              }
            ],
            "associated_users": [],
            "code_repository_ids": null,
            "description": "This is the role role_theo created by terraform",
            "id": "e350f15d-ab38-41c3-9468-714bcb3ad204",
            "last_modified_by": "bhlab-api-test",
            "last_modified_ts": 1674924850469,
            "name": "role_theo",
            "resource_list_ids": null,
            "restrict_dismissal_access": true,
            "role_id": "e350f15d-ab38-41c3-9468-714bcb3ad204",
            "role_type": "Account Group Read Only"
          },
          "sensitive_attributes": [],
          "private": "bnVsbA=="
        },
        {
          "index_key": "role_trey",
          "schema_version": 0,
          "attributes": {
            "account_group_ids": [
              "acc_gp_trey"
            ],
            "account_groups": [],
            "additional_attributes": [
              {
                "has_defender_permissions": true,
                "only_allow_ci_access": false,
                "only_allow_compute_access": false,
                "only_allow_read_access": true
              }
            ],
            "associated_users": [],
            "code_repository_ids": null,
            "description": "This is the role role_trey created by terraform",
            "id": "6f3e7c63-d5f3-44b1-bc29-7cca277792ee",
            "last_modified_by": "bhlab-api-test",
            "last_modified_ts": 1674924846838,
            "name": "role_trey",
            "resource_list_ids": null,
            "restrict_dismissal_access": true,
            "role_id": "6f3e7c63-d5f3-44b1-bc29-7cca277792ee",
            "role_type": "Account Group Read Only"
          },
          "sensitive_attributes": [],
          "private": "bnVsbA=="
        },
        {
          "index_key": "role_zakariya",
          "schema_version": 0,
          "attributes": {
            "account_group_ids": [
              "acc_gp_zakariya"
            ],
            "account_groups": [],
            "additional_attributes": [
              {
                "has_defender_permissions": true,
                "only_allow_ci_access": false,
                "only_allow_compute_access": false,
                "only_allow_read_access": true
              }
            ],
            "associated_users": [],
            "code_repository_ids": null,
            "description": "This is the role role_zakariya created by terraform",
            "id": "7c485093-9e8b-4779-b2e1-49a599ffad2b",
            "last_modified_by": "bhlab-api-test",
            "last_modified_ts": 1674924854515,
            "name": "role_zakariya",
            "resource_list_ids": null,
            "restrict_dismissal_access": true,
            "role_id": "7c485093-9e8b-4779-b2e1-49a599ffad2b",
            "role_type": "Account Group Read Only"
          },
          "sensitive_attributes": [],
          "private": "bnVsbA=="
        }
      ]
    }
  ],
  "check_results": []
}
